// !$*UTF8*$!
{
	archiveVersion = 1;
	classes = {
	};
	objectVersion = 55;
	objects = {

/* Begin PBXBuildFile section */
		00C9CA024CB2A1BCCC235DA0 /* ChatRoom.swift in Sources */ = {isa = PBXBuildFile; fileRef = 4FA27A5F49B8D7DE249CA00F /* ChatRoom.swift */; };
		06F08F881A1277AA23A05F6E /* AcceptTermsItem.swift in Sources */ = {isa = PBXBuildFile; fileRef = E04E986A0D2D879480954AA2 /* AcceptTermsItem.swift */; };
		0A220352A9FABFC92AFF5401 /* VerifyPhoneVerificationCode.swift in Sources */ = {isa = PBXBuildFile; fileRef = 1D16FBA0769FBAE050F72FF2 /* VerifyPhoneVerificationCode.swift */; };
		121EBDF4B627A777E367482A /* Rating.swift in Sources */ = {isa = PBXBuildFile; fileRef = 599275DA5C4E2131C6A0499E /* Rating.swift */; };
		14EF08C96F9434D244EC70CC /* LessonServiceCreateData.swift in Sources */ = {isa = PBXBuildFile; fileRef = 77B262CC40A0F00CB846DF86 /* LessonServiceCreateData.swift */; };
		1516056DE14BEB430A3B72B7 /* CheckDuplicateUsername.swift in Sources */ = {isa = PBXBuildFile; fileRef = E52091451616B2E014E6551E /* CheckDuplicateUsername.swift */; };
		17B55AB44031989687506370 /* CollegeRepository.swift in Sources */ = {isa = PBXBuildFile; fileRef = 04081BC3A62CB58A55803AD0 /* CollegeRepository.swift */; };
		18BC6371B2F234B95DB7CA04 /* RegionalLocalGovernment.swift in Sources */ = {isa = PBXBuildFile; fileRef = 20A31FD235213D57ED4AAE0B /* RegionalLocalGovernment.swift */; };
		19E067059957929FC1AC2D62 /* Core.framework in Dependencies */ = {isa = PBXBuildFile; fileRef = D0950BE22FC63C7D2DCE33C5 /* Core.framework */; };
		1B88EC07DA98EB47673EA872 /* ChatRoomCreateData.swift in Sources */ = {isa = PBXBuildFile; fileRef = 3BA8DA0A4BCA0205D9A57FEF /* ChatRoomCreateData.swift */; };
		23B20407022B9BC7CFE61F7F /* ChatRepository.swift in Sources */ = {isa = PBXBuildFile; fileRef = 70441A12C8C5F00B28652971 /* ChatRepository.swift */; };
		23E1558F66AC9A4EDCD56A31 /* UmpaNotificationRepository.swift in Sources */ = {isa = PBXBuildFile; fileRef = 0E52624A58C571BB7CA43778 /* UmpaNotificationRepository.swift */; };
		24CA6CCE698202F7F43DF729 /* ScoreCreationServiceCreateData.swift in Sources */ = {isa = PBXBuildFile; fileRef = 14F372A5869AA40063A945D5 /* ScoreCreationServiceCreateData.swift */; };
		28837414AD645AB5D26D1F03 /* IssueReporting.framework in Frameworks */ = {isa = PBXBuildFile; fileRef = 9B5A2EA4EBE3576382120CE7 /* IssueReporting.framework */; };
		2C57254E1A403E74BD711EC7 /* UserRepository.swift in Sources */ = {isa = PBXBuildFile; fileRef = A42E9F4FB1B542E114EC74AF /* UserRepository.swift */; };
		2C85EFD617F819356E3B14FF /* MusicCreationService.swift in Sources */ = {isa = PBXBuildFile; fileRef = 00B4B3E91D141599258F982B /* MusicCreationService.swift */; };
		2D5CD8DFA51F7D92BF4456BB /* MusicCreationServiceCreateData.swift in Sources */ = {isa = PBXBuildFile; fileRef = 219B1E4963A35F708AD3A167 /* MusicCreationServiceCreateData.swift */; };
		31C7C2DB1D42872367ED92D8 /* SocialIdData.swift in Sources */ = {isa = PBXBuildFile; fileRef = 80B0F4B2D19D755862F969CC /* SocialIdData.swift */; };
		3203D672B33CAA3B695A2D7D /* Student.swift in Sources */ = {isa = PBXBuildFile; fileRef = 4FFDE0ADD8615DC7140AD1AB /* Student.swift */; };
		324A735227BB4B53E384036F /* Mockable.framework in Dependencies */ = {isa = PBXBuildFile; fileRef = F35CAE3325EC9597FF361983 /* Mockable.framework */; };
		364BA6C358366D9609BA29A1 /* PhoneNumberTests.swift in Sources */ = {isa = PBXBuildFile; fileRef = 4C835F14CC08E9A0F88FE354 /* PhoneNumberTests.swift */; };
		36EE9A04AA4EC72400DC95F9 /* BasicLocalGovernment.swift in Sources */ = {isa = PBXBuildFile; fileRef = 1AF02FF9E92BE912A5FC4839 /* BasicLocalGovernment.swift */; };
		39C9D45E7348B1E5C772C20D /* RegionRepository.swift in Sources */ = {isa = PBXBuildFile; fileRef = 1783A2E35C8BF9118149C955 /* RegionRepository.swift */; };
		3B291A381D94B4DDEAE0E7EE /* RevisionPolicy.swift in Sources */ = {isa = PBXBuildFile; fileRef = 5AA9E5D1B92122C283124701 /* RevisionPolicy.swift */; };
		3ED48BDDA7E50AD71A4BD960 /* Mockable.framework in Frameworks */ = {isa = PBXBuildFile; fileRef = F35CAE3325EC9597FF361983 /* Mockable.framework */; };
		40382B8E916E87B74A24DEBF /* Time.swift in Sources */ = {isa = PBXBuildFile; fileRef = 633A18049C614A2889EFF30A /* Time.swift */; };
		40909715576B137317D43827 /* TimeByWeekday.swift in Sources */ = {isa = PBXBuildFile; fileRef = 8D3AF33EF785C7F74763A703 /* TimeByWeekday.swift */; };
		4214F5C284C9605BD72707CD /* ReviewCreateData.swift in Sources */ = {isa = PBXBuildFile; fileRef = 209EFCDE9DDE07FBC91D613A /* ReviewCreateData.swift */; };
		43C5640570308F4D249AAE21 /* WeekDay.swift in Sources */ = {isa = PBXBuildFile; fileRef = A83CAD2285C9A01E221AEF9A /* WeekDay.swift */; };
		44103229DCD554096EEB8063 /* ScheduleType.swift in Sources */ = {isa = PBXBuildFile; fileRef = C7155189C53615D476CC0855 /* ScheduleType.swift */; };
		457EAE38E85C92BD2BEE458F /* TeacherCreateData.swift in Sources */ = {isa = PBXBuildFile; fileRef = E1ACF0FB798037A2AC5C69E5 /* TeacherCreateData.swift */; };
		45EACDD527D391D80B9334D1 /* UmpaNotification.swift in Sources */ = {isa = PBXBuildFile; fileRef = 8F30E9EA3294BCEE18794117 /* UmpaNotification.swift */; };
		4DB627D7DB78F2B194B04C77 /* ServiceRepository.swift in Sources */ = {isa = PBXBuildFile; fileRef = 34691D89C1E3363CE50BFC93 /* ServiceRepository.swift */; };
		4FFA86BC704CB3C46086A13B /* Experience.swift in Sources */ = {isa = PBXBuildFile; fileRef = 18C3C6A2DB06AD7293DDAEC7 /* Experience.swift */; };
		53FC48DC61C6927097779C1B /* MajorRepository.swift in Sources */ = {isa = PBXBuildFile; fileRef = 8959FC29A4AF271A8535AB0E /* MajorRepository.swift */; };
		5460956DAB630C81D764C834 /* AppRepository.swift in Sources */ = {isa = PBXBuildFile; fileRef = 31FA5C773F801835C52339B4 /* AppRepository.swift */; };
		6288C4764CB811AEF1DF3641 /* LessonService.swift in Sources */ = {isa = PBXBuildFile; fileRef = AEEBB6D991E7B228DBAAC1DB /* LessonService.swift */; };
		6291664B783D99492B04069E /* CheckAccountLinkedSocialId.swift in Sources */ = {isa = PBXBuildFile; fileRef = 306812997BF91F5350910D15 /* CheckAccountLinkedSocialId.swift */; };
		65D158EB11C68550A838F985 /* TrialPolicy.swift in Sources */ = {isa = PBXBuildFile; fileRef = C86D444B6856AC565CB19222 /* TrialPolicy.swift */; };
		6676698EDE798021DFDC8020 /* SendPhoneVerificationCode.swift in Sources */ = {isa = PBXBuildFile; fileRef = B2BC6F4BD30A38D4DC6BDB7D /* SendPhoneVerificationCode.swift */; };
		6AF4D97E70ED816E2CB0661A /* Date.swift in Sources */ = {isa = PBXBuildFile; fileRef = 28ADE75A2FC1A48A334EC9A3 /* Date.swift */; };
		727E64C66871414FC8B3B961 /* UsernameValidatorTests.swift in Sources */ = {isa = PBXBuildFile; fileRef = C218F050061EBCDDEFCF47CF /* UsernameValidatorTests.swift */; };
		76A639134D683231830BEDC8 /* AccompanimentInstrument.swift in Sources */ = {isa = PBXBuildFile; fileRef = E9EE67C75C4B4A1C7C20099F /* AccompanimentInstrument.swift */; };
		780E1630E752CF1BB56C37CF /* Service.swift in Sources */ = {isa = PBXBuildFile; fileRef = 75861B80C6CBB0B1A98385CA /* Service.swift */; };
		7959844864A05817BCB6B094 /* ServiceType.swift in Sources */ = {isa = PBXBuildFile; fileRef = F630B67EAF5833A3CA75E9EC /* ServiceType.swift */; };
		7D5CBB2B78C0B1CCEB8251F8 /* AnyUser.swift in Sources */ = {isa = PBXBuildFile; fileRef = EFAA9AE38D4C347945D4DAE9 /* AnyUser.swift */; };
		860F8622B765EBBCB8912ED1 /* LessonStyle.swift in Sources */ = {isa = PBXBuildFile; fileRef = 773173E637929A365D77B989 /* LessonStyle.swift */; };
		9136C6F806FAA7733DA7E1BB /* Core.framework in Frameworks */ = {isa = PBXBuildFile; fileRef = D0950BE22FC63C7D2DCE33C5 /* Core.framework */; };
		962F079F2981F03396A23CEE /* SocialLoginType.swift in Sources */ = {isa = PBXBuildFile; fileRef = 47509507739CD8A604CB2F59 /* SocialLoginType.swift */; };
		98B3F3AF890DF74919C9D3C2 /* JwtRepository.swift in Sources */ = {isa = PBXBuildFile; fileRef = FA5EA944B4476DA804A71731 /* JwtRepository.swift */; };
		99FD1390BE009B4C83AE037C /* Turnaround.swift in Sources */ = {isa = PBXBuildFile; fileRef = 399EEF380EFC4B7D49A485C6 /* Turnaround.swift */; };
		9F893FC1724D620777AB256F /* PhoneNumber.swift in Sources */ = {isa = PBXBuildFile; fileRef = 36D83F1F4C02E16D8696C19B /* PhoneNumber.swift */; };
		A3BD369884F04A2CA2D3DA0C /* TestHelpers.swift in Sources */ = {isa = PBXBuildFile; fileRef = 053567C45A5BA35D216E2B70 /* TestHelpers.swift */; };
		A8A24E882254D0E21450CA59 /* SetAccessToken.swift in Sources */ = {isa = PBXBuildFile; fileRef = 75B24919C004E094709E0FD9 /* SetAccessToken.swift */; };
		AB0060D2F385837038D008B8 /* LessonSubjectRepository.swift in Sources */ = {isa = PBXBuildFile; fileRef = 50E99AA1A20A9FA1D3FFDF7F /* LessonSubjectRepository.swift */; };
		AB51CA797DC4142696CA6CCA /* User.swift in Sources */ = {isa = PBXBuildFile; fileRef = 54A5BD9F057FEDDB5F805B25 /* User.swift */; };
		B13262BABAD010E2BF069F32 /* StudentCreateData.swift in Sources */ = {isa = PBXBuildFile; fileRef = A18EF3BF69B83E036F67285D /* StudentCreateData.swift */; };
		B275B29D2865D752005DC442 /* Teacher.swift in Sources */ = {isa = PBXBuildFile; fileRef = 61DF956FCE18DA3AF4B667C3 /* Teacher.swift */; };
		B6745C770CE312F471543685 /* AccompanistService.swift in Sources */ = {isa = PBXBuildFile; fileRef = 4695E2D2C9E4ED178B9FEB03 /* AccompanistService.swift */; };
		B85CFA2B5EF5B216A6325642 /* MockData.swift in Sources */ = {isa = PBXBuildFile; fileRef = DA632E6D4F4E06A0DBB46A27 /* MockData.swift */; };
		B932047B123CA7DF272F2192 /* AccompanimentInstrumentRepository.swift in Sources */ = {isa = PBXBuildFile; fileRef = 00601F63AD958BFC1A6D61EC /* AccompanimentInstrumentRepository.swift */; };
		B9B432BADE28FAB53024A764 /* LessonServiceFilter.swift in Sources */ = {isa = PBXBuildFile; fileRef = 1A84BA01DD1A7C0538432486 /* LessonServiceFilter.swift */; };
		BADDAF3B7F0372E8DE375ED0 /* ReviewRepository.swift in Sources */ = {isa = PBXBuildFile; fileRef = 196F1529D75739DF65C0A0B3 /* ReviewRepository.swift */; };
		C595C6ACE5C52F9017517412 /* JWT.swift in Sources */ = {isa = PBXBuildFile; fileRef = C1EB148FE7A389B832B564BE /* JWT.swift */; };
		C5B29F90555D9644A7B9133A /* Review.swift in Sources */ = {isa = PBXBuildFile; fileRef = 64ADFB16BFCBD14BA2FBCA85 /* Review.swift */; };
		C879EC53D455F08470853F18 /* Major.swift in Sources */ = {isa = PBXBuildFile; fileRef = 2EC77F9F47B20059B29A3E4E /* Major.swift */; };
		CCA85E6E304BE197BF1519BD /* Region.swift in Sources */ = {isa = PBXBuildFile; fileRef = 9FBD3CA7B2B99B5BD0673C74 /* Region.swift */; };
		DD6BA8C044F2C5B56DCBA30E /* ScoreCreationService.swift in Sources */ = {isa = PBXBuildFile; fileRef = A7F91301CF9DB9784553716A /* ScoreCreationService.swift */; };
		E9786ACA1FB4DE13953C1E06 /* Badge.swift in Sources */ = {isa = PBXBuildFile; fileRef = A51706769E0D424BD5DD3B53 /* Badge.swift */; };
		EB2752B58D74E8B1C5C13BA5 /* AnyService.swift in Sources */ = {isa = PBXBuildFile; fileRef = 3315F2827A7810895892279F /* AnyService.swift */; };
		EE6F4778429A04A412C598B2 /* College.swift in Sources */ = {isa = PBXBuildFile; fileRef = F12D837CDFE50C047B19B796 /* College.swift */; };
		EED00F84E1F89F76B2B0528A /* GetAccessToken.swift in Sources */ = {isa = PBXBuildFile; fileRef = 51AA05306B03829D75D8E59F /* GetAccessToken.swift */; };
		EEE87A702C5CE18BC53E0005 /* PhoneVerificationCode.swift in Sources */ = {isa = PBXBuildFile; fileRef = D501A219B61119EA3CFFA618 /* PhoneVerificationCode.swift */; };
		F1D8D9753EF0E9407C94CABA /* Domain.framework in Frameworks */ = {isa = PBXBuildFile; fileRef = FD49F277B86481D3D105FAC8 /* Domain.framework */; };
		F1E8863442668133442F31D2 /* Validator.swift in Sources */ = {isa = PBXBuildFile; fileRef = EEC96BF1AC0546BDDB8AE5F2 /* Validator.swift */; };
		F205FF0D6B82806EF73D3462 /* AccompanistServiceCreateData.swift in Sources */ = {isa = PBXBuildFile; fileRef = 4591E12FD6E7EF6CC7D92797 /* AccompanistServiceCreateData.swift */; };
		F21F09E477F10FDDE1C93E0A /* LessonSubject.swift in Sources */ = {isa = PBXBuildFile; fileRef = F6C36F41D27FC839DBCC8108 /* LessonSubject.swift */; };
		FA00A14BC97488351753E4AE /* SignUp.swift in Sources */ = {isa = PBXBuildFile; fileRef = BF7A27E8C26AE432BD2CAC5A /* SignUp.swift */; };
/* End PBXBuildFile section */

/* Begin PBXContainerItemProxy section */
		D1D1961A686AB0A822467945 /* PBXContainerItemProxy */ = {
			isa = PBXContainerItemProxy;
			containerPortal = 79933DB656BD84A91701C121 /* Project object */;
			proxyType = 1;
			remoteGlobalIDString = C538ACB2975E6B55AFA02B19;
			remoteInfo = Domain;
		};
/* End PBXContainerItemProxy section */

/* Begin PBXCopyFilesBuildPhase section */
		1779A4FE8AA46343CD51F8EF /* Dependencies */ = {
			isa = PBXCopyFilesBuildPhase;
			buildActionMask = 8;
			dstSubfolderSpec = 16;
			files = (
				19E067059957929FC1AC2D62 /* Core.framework in Dependencies */,
				324A735227BB4B53E384036F /* Mockable.framework in Dependencies */,
			);
			name = Dependencies;
			runOnlyForDeploymentPostprocessing = 1;
		};
		832330FF749C42EFA2DFD167 /* Embed Frameworks */ = {
			isa = PBXCopyFilesBuildPhase;
			buildActionMask = 2147483647;
			dstPath = "";
			dstSubfolderSpec = 10;
			files = (
			);
			name = "Embed Frameworks";
			runOnlyForDeploymentPostprocessing = 0;
		};
		DBA686A82FFC1AB19CC1C76B /* Embed Frameworks */ = {
			isa = PBXCopyFilesBuildPhase;
			buildActionMask = 2147483647;
			dstPath = "";
			dstSubfolderSpec = 10;
			files = (
			);
			name = "Embed Frameworks";
			runOnlyForDeploymentPostprocessing = 0;
		};
/* End PBXCopyFilesBuildPhase section */

/* Begin PBXFileReference section */
		00601F63AD958BFC1A6D61EC /* AccompanimentInstrumentRepository.swift */ = {isa = PBXFileReference; lastKnownFileType = sourcecode.swift; path = AccompanimentInstrumentRepository.swift; sourceTree = "<group>"; };
		00B4B3E91D141599258F982B /* MusicCreationService.swift */ = {isa = PBXFileReference; lastKnownFileType = sourcecode.swift; path = MusicCreationService.swift; sourceTree = "<group>"; };
		04081BC3A62CB58A55803AD0 /* CollegeRepository.swift */ = {isa = PBXFileReference; lastKnownFileType = sourcecode.swift; path = CollegeRepository.swift; sourceTree = "<group>"; };
		053567C45A5BA35D216E2B70 /* TestHelpers.swift */ = {isa = PBXFileReference; lastKnownFileType = sourcecode.swift; path = TestHelpers.swift; sourceTree = "<group>"; };
		0E52624A58C571BB7CA43778 /* UmpaNotificationRepository.swift */ = {isa = PBXFileReference; lastKnownFileType = sourcecode.swift; path = UmpaNotificationRepository.swift; sourceTree = "<group>"; };
		14F372A5869AA40063A945D5 /* ScoreCreationServiceCreateData.swift */ = {isa = PBXFileReference; lastKnownFileType = sourcecode.swift; path = ScoreCreationServiceCreateData.swift; sourceTree = "<group>"; };
		1783A2E35C8BF9118149C955 /* RegionRepository.swift */ = {isa = PBXFileReference; lastKnownFileType = sourcecode.swift; path = RegionRepository.swift; sourceTree = "<group>"; };
		18C3C6A2DB06AD7293DDAEC7 /* Experience.swift */ = {isa = PBXFileReference; lastKnownFileType = sourcecode.swift; path = Experience.swift; sourceTree = "<group>"; };
		196F1529D75739DF65C0A0B3 /* ReviewRepository.swift */ = {isa = PBXFileReference; lastKnownFileType = sourcecode.swift; path = ReviewRepository.swift; sourceTree = "<group>"; };
		1A84BA01DD1A7C0538432486 /* LessonServiceFilter.swift */ = {isa = PBXFileReference; lastKnownFileType = sourcecode.swift; path = LessonServiceFilter.swift; sourceTree = "<group>"; };
		1AF02FF9E92BE912A5FC4839 /* BasicLocalGovernment.swift */ = {isa = PBXFileReference; lastKnownFileType = sourcecode.swift; path = BasicLocalGovernment.swift; sourceTree = "<group>"; };
		1D16FBA0769FBAE050F72FF2 /* VerifyPhoneVerificationCode.swift */ = {isa = PBXFileReference; lastKnownFileType = sourcecode.swift; path = VerifyPhoneVerificationCode.swift; sourceTree = "<group>"; };
		209EFCDE9DDE07FBC91D613A /* ReviewCreateData.swift */ = {isa = PBXFileReference; lastKnownFileType = sourcecode.swift; path = ReviewCreateData.swift; sourceTree = "<group>"; };
		20A31FD235213D57ED4AAE0B /* RegionalLocalGovernment.swift */ = {isa = PBXFileReference; lastKnownFileType = sourcecode.swift; path = RegionalLocalGovernment.swift; sourceTree = "<group>"; };
		219B1E4963A35F708AD3A167 /* MusicCreationServiceCreateData.swift */ = {isa = PBXFileReference; lastKnownFileType = sourcecode.swift; path = MusicCreationServiceCreateData.swift; sourceTree = "<group>"; };
		28ADE75A2FC1A48A334EC9A3 /* Date.swift */ = {isa = PBXFileReference; lastKnownFileType = sourcecode.swift; path = Date.swift; sourceTree = "<group>"; };
		2EC77F9F47B20059B29A3E4E /* Major.swift */ = {isa = PBXFileReference; lastKnownFileType = sourcecode.swift; path = Major.swift; sourceTree = "<group>"; };
		306812997BF91F5350910D15 /* CheckAccountLinkedSocialId.swift */ = {isa = PBXFileReference; lastKnownFileType = sourcecode.swift; path = CheckAccountLinkedSocialId.swift; sourceTree = "<group>"; };
		31FA5C773F801835C52339B4 /* AppRepository.swift */ = {isa = PBXFileReference; lastKnownFileType = sourcecode.swift; path = AppRepository.swift; sourceTree = "<group>"; };
		3315F2827A7810895892279F /* AnyService.swift */ = {isa = PBXFileReference; lastKnownFileType = sourcecode.swift; path = AnyService.swift; sourceTree = "<group>"; };
		34691D89C1E3363CE50BFC93 /* ServiceRepository.swift */ = {isa = PBXFileReference; lastKnownFileType = sourcecode.swift; path = ServiceRepository.swift; sourceTree = "<group>"; };
		36D83F1F4C02E16D8696C19B /* PhoneNumber.swift */ = {isa = PBXFileReference; lastKnownFileType = sourcecode.swift; path = PhoneNumber.swift; sourceTree = "<group>"; };
		399EEF380EFC4B7D49A485C6 /* Turnaround.swift */ = {isa = PBXFileReference; lastKnownFileType = sourcecode.swift; path = Turnaround.swift; sourceTree = "<group>"; };
		3BA8DA0A4BCA0205D9A57FEF /* ChatRoomCreateData.swift */ = {isa = PBXFileReference; lastKnownFileType = sourcecode.swift; path = ChatRoomCreateData.swift; sourceTree = "<group>"; };
		4591E12FD6E7EF6CC7D92797 /* AccompanistServiceCreateData.swift */ = {isa = PBXFileReference; lastKnownFileType = sourcecode.swift; path = AccompanistServiceCreateData.swift; sourceTree = "<group>"; };
		4695E2D2C9E4ED178B9FEB03 /* AccompanistService.swift */ = {isa = PBXFileReference; lastKnownFileType = sourcecode.swift; path = AccompanistService.swift; sourceTree = "<group>"; };
		47509507739CD8A604CB2F59 /* SocialLoginType.swift */ = {isa = PBXFileReference; lastKnownFileType = sourcecode.swift; path = SocialLoginType.swift; sourceTree = "<group>"; };
		4C835F14CC08E9A0F88FE354 /* PhoneNumberTests.swift */ = {isa = PBXFileReference; lastKnownFileType = sourcecode.swift; path = PhoneNumberTests.swift; sourceTree = "<group>"; };
		4FA27A5F49B8D7DE249CA00F /* ChatRoom.swift */ = {isa = PBXFileReference; lastKnownFileType = sourcecode.swift; path = ChatRoom.swift; sourceTree = "<group>"; };
		4FFDE0ADD8615DC7140AD1AB /* Student.swift */ = {isa = PBXFileReference; lastKnownFileType = sourcecode.swift; path = Student.swift; sourceTree = "<group>"; };
		50E99AA1A20A9FA1D3FFDF7F /* LessonSubjectRepository.swift */ = {isa = PBXFileReference; lastKnownFileType = sourcecode.swift; path = LessonSubjectRepository.swift; sourceTree = "<group>"; };
		51AA05306B03829D75D8E59F /* GetAccessToken.swift */ = {isa = PBXFileReference; lastKnownFileType = sourcecode.swift; path = GetAccessToken.swift; sourceTree = "<group>"; };
		54A5BD9F057FEDDB5F805B25 /* User.swift */ = {isa = PBXFileReference; lastKnownFileType = sourcecode.swift; path = User.swift; sourceTree = "<group>"; };
		599275DA5C4E2131C6A0499E /* Rating.swift */ = {isa = PBXFileReference; lastKnownFileType = sourcecode.swift; path = Rating.swift; sourceTree = "<group>"; };
		5AA9E5D1B92122C283124701 /* RevisionPolicy.swift */ = {isa = PBXFileReference; lastKnownFileType = sourcecode.swift; path = RevisionPolicy.swift; sourceTree = "<group>"; };
		61DF956FCE18DA3AF4B667C3 /* Teacher.swift */ = {isa = PBXFileReference; lastKnownFileType = sourcecode.swift; path = Teacher.swift; sourceTree = "<group>"; };
		633A18049C614A2889EFF30A /* Time.swift */ = {isa = PBXFileReference; lastKnownFileType = sourcecode.swift; path = Time.swift; sourceTree = "<group>"; };
		64ADFB16BFCBD14BA2FBCA85 /* Review.swift */ = {isa = PBXFileReference; lastKnownFileType = sourcecode.swift; path = Review.swift; sourceTree = "<group>"; };
		70441A12C8C5F00B28652971 /* ChatRepository.swift */ = {isa = PBXFileReference; lastKnownFileType = sourcecode.swift; path = ChatRepository.swift; sourceTree = "<group>"; };
		75861B80C6CBB0B1A98385CA /* Service.swift */ = {isa = PBXFileReference; lastKnownFileType = sourcecode.swift; path = Service.swift; sourceTree = "<group>"; };
		75B24919C004E094709E0FD9 /* SetAccessToken.swift */ = {isa = PBXFileReference; lastKnownFileType = sourcecode.swift; path = SetAccessToken.swift; sourceTree = "<group>"; };
		773173E637929A365D77B989 /* LessonStyle.swift */ = {isa = PBXFileReference; lastKnownFileType = sourcecode.swift; path = LessonStyle.swift; sourceTree = "<group>"; };
		77B262CC40A0F00CB846DF86 /* LessonServiceCreateData.swift */ = {isa = PBXFileReference; lastKnownFileType = sourcecode.swift; path = LessonServiceCreateData.swift; sourceTree = "<group>"; };
		80B0F4B2D19D755862F969CC /* SocialIdData.swift */ = {isa = PBXFileReference; lastKnownFileType = sourcecode.swift; path = SocialIdData.swift; sourceTree = "<group>"; };
		8959FC29A4AF271A8535AB0E /* MajorRepository.swift */ = {isa = PBXFileReference; lastKnownFileType = sourcecode.swift; path = MajorRepository.swift; sourceTree = "<group>"; };
		8D3AF33EF785C7F74763A703 /* TimeByWeekday.swift */ = {isa = PBXFileReference; lastKnownFileType = sourcecode.swift; path = TimeByWeekday.swift; sourceTree = "<group>"; };
		8F30E9EA3294BCEE18794117 /* UmpaNotification.swift */ = {isa = PBXFileReference; lastKnownFileType = sourcecode.swift; path = UmpaNotification.swift; sourceTree = "<group>"; };
		9B5A2EA4EBE3576382120CE7 /* IssueReporting.framework */ = {isa = PBXFileReference; explicitFileType = wrapper.framework; includeInIndex = 0; path = IssueReporting.framework; sourceTree = BUILT_PRODUCTS_DIR; };
		9FBD3CA7B2B99B5BD0673C74 /* Region.swift */ = {isa = PBXFileReference; lastKnownFileType = sourcecode.swift; path = Region.swift; sourceTree = "<group>"; };
		A18EF3BF69B83E036F67285D /* StudentCreateData.swift */ = {isa = PBXFileReference; lastKnownFileType = sourcecode.swift; path = StudentCreateData.swift; sourceTree = "<group>"; };
		A42E9F4FB1B542E114EC74AF /* UserRepository.swift */ = {isa = PBXFileReference; lastKnownFileType = sourcecode.swift; path = UserRepository.swift; sourceTree = "<group>"; };
		A51706769E0D424BD5DD3B53 /* Badge.swift */ = {isa = PBXFileReference; lastKnownFileType = sourcecode.swift; path = Badge.swift; sourceTree = "<group>"; };
		A7F91301CF9DB9784553716A /* ScoreCreationService.swift */ = {isa = PBXFileReference; lastKnownFileType = sourcecode.swift; path = ScoreCreationService.swift; sourceTree = "<group>"; };
		A83CAD2285C9A01E221AEF9A /* WeekDay.swift */ = {isa = PBXFileReference; lastKnownFileType = sourcecode.swift; path = WeekDay.swift; sourceTree = "<group>"; };
		AEEBB6D991E7B228DBAAC1DB /* LessonService.swift */ = {isa = PBXFileReference; lastKnownFileType = sourcecode.swift; path = LessonService.swift; sourceTree = "<group>"; };
		B2BC6F4BD30A38D4DC6BDB7D /* SendPhoneVerificationCode.swift */ = {isa = PBXFileReference; lastKnownFileType = sourcecode.swift; path = SendPhoneVerificationCode.swift; sourceTree = "<group>"; };
		BD15A37E85BAE3A36B2CE72C /* Domain-Info.plist */ = {isa = PBXFileReference; lastKnownFileType = text.plist; path = "Domain-Info.plist"; sourceTree = "<group>"; };
		BF7A27E8C26AE432BD2CAC5A /* SignUp.swift */ = {isa = PBXFileReference; lastKnownFileType = sourcecode.swift; path = SignUp.swift; sourceTree = "<group>"; };
		C1EB148FE7A389B832B564BE /* JWT.swift */ = {isa = PBXFileReference; lastKnownFileType = sourcecode.swift; path = JWT.swift; sourceTree = "<group>"; };
		C218F050061EBCDDEFCF47CF /* UsernameValidatorTests.swift */ = {isa = PBXFileReference; lastKnownFileType = sourcecode.swift; path = UsernameValidatorTests.swift; sourceTree = "<group>"; };
		C7155189C53615D476CC0855 /* ScheduleType.swift */ = {isa = PBXFileReference; lastKnownFileType = sourcecode.swift; path = ScheduleType.swift; sourceTree = "<group>"; };
		C86D444B6856AC565CB19222 /* TrialPolicy.swift */ = {isa = PBXFileReference; lastKnownFileType = sourcecode.swift; path = TrialPolicy.swift; sourceTree = "<group>"; };
		D0950BE22FC63C7D2DCE33C5 /* Core.framework */ = {isa = PBXFileReference; explicitFileType = wrapper.framework; includeInIndex = 0; path = Core.framework; sourceTree = BUILT_PRODUCTS_DIR; };
		D501A219B61119EA3CFFA618 /* PhoneVerificationCode.swift */ = {isa = PBXFileReference; lastKnownFileType = sourcecode.swift; path = PhoneVerificationCode.swift; sourceTree = "<group>"; };
		DA632E6D4F4E06A0DBB46A27 /* MockData.swift */ = {isa = PBXFileReference; lastKnownFileType = sourcecode.swift; path = MockData.swift; sourceTree = "<group>"; };
		E04E986A0D2D879480954AA2 /* AcceptTermsItem.swift */ = {isa = PBXFileReference; lastKnownFileType = sourcecode.swift; path = AcceptTermsItem.swift; sourceTree = "<group>"; };
		E1ACF0FB798037A2AC5C69E5 /* TeacherCreateData.swift */ = {isa = PBXFileReference; lastKnownFileType = sourcecode.swift; path = TeacherCreateData.swift; sourceTree = "<group>"; };
		E33EA763A185F6CE40E28338 /* DomainUnitTests-Info.plist */ = {isa = PBXFileReference; lastKnownFileType = text.plist; path = "DomainUnitTests-Info.plist"; sourceTree = "<group>"; };
		E52091451616B2E014E6551E /* CheckDuplicateUsername.swift */ = {isa = PBXFileReference; lastKnownFileType = sourcecode.swift; path = CheckDuplicateUsername.swift; sourceTree = "<group>"; };
		E9EE67C75C4B4A1C7C20099F /* AccompanimentInstrument.swift */ = {isa = PBXFileReference; lastKnownFileType = sourcecode.swift; path = AccompanimentInstrument.swift; sourceTree = "<group>"; };
		EEC96BF1AC0546BDDB8AE5F2 /* Validator.swift */ = {isa = PBXFileReference; lastKnownFileType = sourcecode.swift; path = Validator.swift; sourceTree = "<group>"; };
		EFAA9AE38D4C347945D4DAE9 /* AnyUser.swift */ = {isa = PBXFileReference; lastKnownFileType = sourcecode.swift; path = AnyUser.swift; sourceTree = "<group>"; };
		F12D837CDFE50C047B19B796 /* College.swift */ = {isa = PBXFileReference; lastKnownFileType = sourcecode.swift; path = College.swift; sourceTree = "<group>"; };
		F35CAE3325EC9597FF361983 /* Mockable.framework */ = {isa = PBXFileReference; explicitFileType = wrapper.framework; includeInIndex = 0; path = Mockable.framework; sourceTree = BUILT_PRODUCTS_DIR; };
		F630B67EAF5833A3CA75E9EC /* ServiceType.swift */ = {isa = PBXFileReference; lastKnownFileType = sourcecode.swift; path = ServiceType.swift; sourceTree = "<group>"; };
		F6C36F41D27FC839DBCC8108 /* LessonSubject.swift */ = {isa = PBXFileReference; lastKnownFileType = sourcecode.swift; path = LessonSubject.swift; sourceTree = "<group>"; };
		F83F50B1C02AECDB4D628288 /* DomainUnitTests.xctest */ = {isa = PBXFileReference; explicitFileType = wrapper.cfbundle; includeInIndex = 0; path = DomainUnitTests.xctest; sourceTree = BUILT_PRODUCTS_DIR; };
		FA5EA944B4476DA804A71731 /* JwtRepository.swift */ = {isa = PBXFileReference; lastKnownFileType = sourcecode.swift; path = JwtRepository.swift; sourceTree = "<group>"; };
		FD49F277B86481D3D105FAC8 /* Domain.framework */ = {isa = PBXFileReference; explicitFileType = wrapper.framework; includeInIndex = 0; path = Domain.framework; sourceTree = BUILT_PRODUCTS_DIR; };
/* End PBXFileReference section */

/* Begin PBXFrameworksBuildPhase section */
		2069052369677C3E97D5C897 /* Frameworks */ = {
			isa = PBXFrameworksBuildPhase;
			buildActionMask = 2147483647;
			files = (
			);
			runOnlyForDeploymentPostprocessing = 0;
		};
		BA41F2C4AE1EF6609EB20E15 /* Frameworks */ = {
			isa = PBXFrameworksBuildPhase;
			buildActionMask = 2147483647;
			files = (
				9136C6F806FAA7733DA7E1BB /* Core.framework in Frameworks */,
				F1D8D9753EF0E9407C94CABA /* Domain.framework in Frameworks */,
				28837414AD645AB5D26D1F03 /* IssueReporting.framework in Frameworks */,
				3ED48BDDA7E50AD71A4BD960 /* Mockable.framework in Frameworks */,
			);
			runOnlyForDeploymentPostprocessing = 0;
		};
/* End PBXFrameworksBuildPhase section */

/* Begin PBXGroup section */
		0312E8562ED7D7FDA7627F90 /* UseCases */ = {
			isa = PBXGroup;
			children = (
				306812997BF91F5350910D15 /* CheckAccountLinkedSocialId.swift */,
				E52091451616B2E014E6551E /* CheckDuplicateUsername.swift */,
				51AA05306B03829D75D8E59F /* GetAccessToken.swift */,
				B2BC6F4BD30A38D4DC6BDB7D /* SendPhoneVerificationCode.swift */,
				75B24919C004E094709E0FD9 /* SetAccessToken.swift */,
				BF7A27E8C26AE432BD2CAC5A /* SignUp.swift */,
				1D16FBA0769FBAE050F72FF2 /* VerifyPhoneVerificationCode.swift */,
			);
			path = UseCases;
			sourceTree = "<group>";
		};
		0341B6BC3BB2B1CDE266CAF5 /* Derived */ = {
			isa = PBXGroup;
			children = (
				BFC9D7B14C1B3B0AB857D8F2 /* InfoPlists */,
			);
			path = Derived;
			sourceTree = "<group>";
		};
		0B1700D34A18C4BD477664A3 /* Entities */ = {
			isa = PBXGroup;
			children = (
				5411993EEC1DE3F2D0F23597 /* Service */,
				DFAFA0001AF3685E4FB7E546 /* User */,
				4FA27A5F49B8D7DE249CA00F /* ChatRoom.swift */,
				64ADFB16BFCBD14BA2FBCA85 /* Review.swift */,
				8F30E9EA3294BCEE18794117 /* UmpaNotification.swift */,
			);
			path = Entities;
			sourceTree = "<group>";
		};
		15AD303C9DADC9015533C6E8 /* ValueObjects */ = {
			isa = PBXGroup;
			children = (
				E04E986A0D2D879480954AA2 /* AcceptTermsItem.swift */,
				E9EE67C75C4B4A1C7C20099F /* AccompanimentInstrument.swift */,
				A51706769E0D424BD5DD3B53 /* Badge.swift */,
				1AF02FF9E92BE912A5FC4839 /* BasicLocalGovernment.swift */,
				F12D837CDFE50C047B19B796 /* College.swift */,
				28ADE75A2FC1A48A334EC9A3 /* Date.swift */,
				18C3C6A2DB06AD7293DDAEC7 /* Experience.swift */,
				C1EB148FE7A389B832B564BE /* JWT.swift */,
				1A84BA01DD1A7C0538432486 /* LessonServiceFilter.swift */,
				773173E637929A365D77B989 /* LessonStyle.swift */,
				F6C36F41D27FC839DBCC8108 /* LessonSubject.swift */,
				2EC77F9F47B20059B29A3E4E /* Major.swift */,
				36D83F1F4C02E16D8696C19B /* PhoneNumber.swift */,
				D501A219B61119EA3CFFA618 /* PhoneVerificationCode.swift */,
				599275DA5C4E2131C6A0499E /* Rating.swift */,
				9FBD3CA7B2B99B5BD0673C74 /* Region.swift */,
				20A31FD235213D57ED4AAE0B /* RegionalLocalGovernment.swift */,
				5AA9E5D1B92122C283124701 /* RevisionPolicy.swift */,
				C7155189C53615D476CC0855 /* ScheduleType.swift */,
				F630B67EAF5833A3CA75E9EC /* ServiceType.swift */,
				80B0F4B2D19D755862F969CC /* SocialIdData.swift */,
				47509507739CD8A604CB2F59 /* SocialLoginType.swift */,
				633A18049C614A2889EFF30A /* Time.swift */,
				8D3AF33EF785C7F74763A703 /* TimeByWeekday.swift */,
				C86D444B6856AC565CB19222 /* TrialPolicy.swift */,
				399EEF380EFC4B7D49A485C6 /* Turnaround.swift */,
				A83CAD2285C9A01E221AEF9A /* WeekDay.swift */,
			);
			path = ValueObjects;
			sourceTree = "<group>";
		};
		23FB790DBB2E2B4343512188 /* Products */ = {
			isa = PBXGroup;
			children = (
				D0950BE22FC63C7D2DCE33C5 /* Core.framework */,
				FD49F277B86481D3D105FAC8 /* Domain.framework */,
				F83F50B1C02AECDB4D628288 /* DomainUnitTests.xctest */,
				9B5A2EA4EBE3576382120CE7 /* IssueReporting.framework */,
				F35CAE3325EC9597FF361983 /* Mockable.framework */,
			);
			name = Products;
			sourceTree = "<group>";
		};
		28B694539E22431DAF52B883 /* Sources */ = {
			isa = PBXGroup;
			children = (
				EE9CB48AEAD9904E690FB799 /* Dev */,
				CF4E8210A1D8B7A147B27DF7 /* Model */,
				7A428C2905DBE3D70DC3A34C /* Repositories */,
				0312E8562ED7D7FDA7627F90 /* UseCases */,
			);
			path = Sources;
			sourceTree = "<group>";
		};
		31AD0DDEDFC02FF4D89A76D4 = {
			isa = PBXGroup;
			children = (
				8BFA263778496DF044218BBB /* Project */,
				23FB790DBB2E2B4343512188 /* Products */,
			);
			sourceTree = "<group>";
		};
		3ED05FD219CB46B81DDB8B39 /* DTO */ = {
			isa = PBXGroup;
			children = (
				4591E12FD6E7EF6CC7D92797 /* AccompanistServiceCreateData.swift */,
				3BA8DA0A4BCA0205D9A57FEF /* ChatRoomCreateData.swift */,
				77B262CC40A0F00CB846DF86 /* LessonServiceCreateData.swift */,
				219B1E4963A35F708AD3A167 /* MusicCreationServiceCreateData.swift */,
				209EFCDE9DDE07FBC91D613A /* ReviewCreateData.swift */,
				14F372A5869AA40063A945D5 /* ScoreCreationServiceCreateData.swift */,
				A18EF3BF69B83E036F67285D /* StudentCreateData.swift */,
				E1ACF0FB798037A2AC5C69E5 /* TeacherCreateData.swift */,
			);
			path = DTO;
			sourceTree = "<group>";
		};
		527CF9870D33ACAA81320601 /* Common */ = {
			isa = PBXGroup;
			children = (
				EEC96BF1AC0546BDDB8AE5F2 /* Validator.swift */,
			);
			path = Common;
			sourceTree = "<group>";
		};
		5411993EEC1DE3F2D0F23597 /* Service */ = {
			isa = PBXGroup;
			children = (
				4695E2D2C9E4ED178B9FEB03 /* AccompanistService.swift */,
				3315F2827A7810895892279F /* AnyService.swift */,
				AEEBB6D991E7B228DBAAC1DB /* LessonService.swift */,
				00B4B3E91D141599258F982B /* MusicCreationService.swift */,
				A7F91301CF9DB9784553716A /* ScoreCreationService.swift */,
				75861B80C6CBB0B1A98385CA /* Service.swift */,
			);
			path = Service;
			sourceTree = "<group>";
		};
		7A428C2905DBE3D70DC3A34C /* Repositories */ = {
			isa = PBXGroup;
			children = (
				00601F63AD958BFC1A6D61EC /* AccompanimentInstrumentRepository.swift */,
				31FA5C773F801835C52339B4 /* AppRepository.swift */,
				70441A12C8C5F00B28652971 /* ChatRepository.swift */,
				04081BC3A62CB58A55803AD0 /* CollegeRepository.swift */,
				FA5EA944B4476DA804A71731 /* JwtRepository.swift */,
				50E99AA1A20A9FA1D3FFDF7F /* LessonSubjectRepository.swift */,
				8959FC29A4AF271A8535AB0E /* MajorRepository.swift */,
				1783A2E35C8BF9118149C955 /* RegionRepository.swift */,
				196F1529D75739DF65C0A0B3 /* ReviewRepository.swift */,
				34691D89C1E3363CE50BFC93 /* ServiceRepository.swift */,
				0E52624A58C571BB7CA43778 /* UmpaNotificationRepository.swift */,
				A42E9F4FB1B542E114EC74AF /* UserRepository.swift */,
			);
			path = Repositories;
			sourceTree = "<group>";
		};
		80F9B11F810562AE87828A4E /* Tests */ = {
			isa = PBXGroup;
			children = (
				E5BB94345C799300173DD562 /* UnitTests */,
				053567C45A5BA35D216E2B70 /* TestHelpers.swift */,
			);
			path = Tests;
			sourceTree = "<group>";
		};
		8BFA263778496DF044218BBB /* Project */ = {
			isa = PBXGroup;
			children = (
				0341B6BC3BB2B1CDE266CAF5 /* Derived */,
				28B694539E22431DAF52B883 /* Sources */,
				80F9B11F810562AE87828A4E /* Tests */,
			);
			name = Project;
			sourceTree = "<group>";
		};
		BFC9D7B14C1B3B0AB857D8F2 /* InfoPlists */ = {
			isa = PBXGroup;
			children = (
				BD15A37E85BAE3A36B2CE72C /* Domain-Info.plist */,
				E33EA763A185F6CE40E28338 /* DomainUnitTests-Info.plist */,
			);
			path = InfoPlists;
			sourceTree = "<group>";
		};
		CF4E8210A1D8B7A147B27DF7 /* Model */ = {
			isa = PBXGroup;
			children = (
				527CF9870D33ACAA81320601 /* Common */,
				3ED05FD219CB46B81DDB8B39 /* DTO */,
				0B1700D34A18C4BD477664A3 /* Entities */,
				15AD303C9DADC9015533C6E8 /* ValueObjects */,
			);
			path = Model;
			sourceTree = "<group>";
		};
		DFAFA0001AF3685E4FB7E546 /* User */ = {
			isa = PBXGroup;
			children = (
				EFAA9AE38D4C347945D4DAE9 /* AnyUser.swift */,
				4FFDE0ADD8615DC7140AD1AB /* Student.swift */,
				61DF956FCE18DA3AF4B667C3 /* Teacher.swift */,
				54A5BD9F057FEDDB5F805B25 /* User.swift */,
			);
			path = User;
			sourceTree = "<group>";
		};
		E5BB94345C799300173DD562 /* UnitTests */ = {
			isa = PBXGroup;
			children = (
				4C835F14CC08E9A0F88FE354 /* PhoneNumberTests.swift */,
				C218F050061EBCDDEFCF47CF /* UsernameValidatorTests.swift */,
			);
			path = UnitTests;
			sourceTree = "<group>";
		};
		EE9CB48AEAD9904E690FB799 /* Dev */ = {
			isa = PBXGroup;
			children = (
				DA632E6D4F4E06A0DBB46A27 /* MockData.swift */,
			);
			path = Dev;
			sourceTree = "<group>";
		};
/* End PBXGroup section */

/* Begin PBXNativeTarget section */
		71DFEB1C2C1B5D3C5A282F35 /* DomainUnitTests */ = {
			isa = PBXNativeTarget;
			buildConfigurationList = 381B9AD5126F74E9A7F0A640 /* Build configuration list for PBXNativeTarget "DomainUnitTests" */;
			buildPhases = (
				C5F6CF5EB31860939CE72A37 /* Sources */,
				28309DBDBF74BA7AF012DDE8 /* Resources */,
				832330FF749C42EFA2DFD167 /* Embed Frameworks */,
				BA41F2C4AE1EF6609EB20E15 /* Frameworks */,
			);
			buildRules = (
			);
			dependencies = (
				B38B3994E58C3BB8BFEF0096 /* PBXTargetDependency */,
			);
			name = DomainUnitTests;
			productName = DomainUnitTests;
			productReference = F83F50B1C02AECDB4D628288 /* DomainUnitTests.xctest */;
			productType = "com.apple.product-type.bundle.unit-test";
		};
		C538ACB2975E6B55AFA02B19 /* Domain */ = {
			isa = PBXNativeTarget;
			buildConfigurationList = DCD0ADB89B8BC26D5C8A4F4D /* Build configuration list for PBXNativeTarget "Domain" */;
			buildPhases = (
				1D850859E8B32250D61F93CE /* Sources */,
				2A71FE6FD8EF88EBB2284866 /* Resources */,
				DBA686A82FFC1AB19CC1C76B /* Embed Frameworks */,
				2069052369677C3E97D5C897 /* Frameworks */,
				1779A4FE8AA46343CD51F8EF /* Dependencies */,
			);
			buildRules = (
			);
			dependencies = (
			);
			name = Domain;
			productName = Domain;
			productReference = FD49F277B86481D3D105FAC8 /* Domain.framework */;
			productType = "com.apple.product-type.framework";
		};
/* End PBXNativeTarget section */

/* Begin PBXProject section */
		79933DB656BD84A91701C121 /* Project object */ = {
			isa = PBXProject;
			attributes = {
				BuildIndependentTargetsInParallel = YES;
				TargetAttributes = {
				};
			};
			buildConfigurationList = 5B17347D429F14C389327C78 /* Build configuration list for PBXProject "Domain" */;
			compatibilityVersion = "Xcode 14.0";
			developmentRegion = en;
			hasScannedForEncodings = 0;
			knownRegions = (
				Base,
				en,
			);
			mainGroup = 31AD0DDEDFC02FF4D89A76D4;
			productRefGroup = 23FB790DBB2E2B4343512188 /* Products */;
			projectDirPath = "";
			projectRoot = "";
			targets = (
				C538ACB2975E6B55AFA02B19 /* Domain */,
				71DFEB1C2C1B5D3C5A282F35 /* DomainUnitTests */,
			);
		};
/* End PBXProject section */

/* Begin PBXResourcesBuildPhase section */
		28309DBDBF74BA7AF012DDE8 /* Resources */ = {
			isa = PBXResourcesBuildPhase;
			buildActionMask = 2147483647;
			files = (
			);
			runOnlyForDeploymentPostprocessing = 0;
		};
		2A71FE6FD8EF88EBB2284866 /* Resources */ = {
			isa = PBXResourcesBuildPhase;
			buildActionMask = 2147483647;
			files = (
			);
			runOnlyForDeploymentPostprocessing = 0;
		};
/* End PBXResourcesBuildPhase section */

/* Begin PBXSourcesBuildPhase section */
		1D850859E8B32250D61F93CE /* Sources */ = {
			isa = PBXSourcesBuildPhase;
			buildActionMask = 2147483647;
			files = (
				B85CFA2B5EF5B216A6325642 /* MockData.swift in Sources */,
				F1E8863442668133442F31D2 /* Validator.swift in Sources */,
				F205FF0D6B82806EF73D3462 /* AccompanistServiceCreateData.swift in Sources */,
				1B88EC07DA98EB47673EA872 /* ChatRoomCreateData.swift in Sources */,
				14EF08C96F9434D244EC70CC /* LessonServiceCreateData.swift in Sources */,
				2D5CD8DFA51F7D92BF4456BB /* MusicCreationServiceCreateData.swift in Sources */,
				4214F5C284C9605BD72707CD /* ReviewCreateData.swift in Sources */,
				24CA6CCE698202F7F43DF729 /* ScoreCreationServiceCreateData.swift in Sources */,
				B13262BABAD010E2BF069F32 /* StudentCreateData.swift in Sources */,
				457EAE38E85C92BD2BEE458F /* TeacherCreateData.swift in Sources */,
				00C9CA024CB2A1BCCC235DA0 /* ChatRoom.swift in Sources */,
				C5B29F90555D9644A7B9133A /* Review.swift in Sources */,
				B6745C770CE312F471543685 /* AccompanistService.swift in Sources */,
				EB2752B58D74E8B1C5C13BA5 /* AnyService.swift in Sources */,
				6288C4764CB811AEF1DF3641 /* LessonService.swift in Sources */,
				2C85EFD617F819356E3B14FF /* MusicCreationService.swift in Sources */,
				DD6BA8C044F2C5B56DCBA30E /* ScoreCreationService.swift in Sources */,
				780E1630E752CF1BB56C37CF /* Service.swift in Sources */,
				45EACDD527D391D80B9334D1 /* UmpaNotification.swift in Sources */,
				7D5CBB2B78C0B1CCEB8251F8 /* AnyUser.swift in Sources */,
				3203D672B33CAA3B695A2D7D /* Student.swift in Sources */,
				B275B29D2865D752005DC442 /* Teacher.swift in Sources */,
				AB51CA797DC4142696CA6CCA /* User.swift in Sources */,
				06F08F881A1277AA23A05F6E /* AcceptTermsItem.swift in Sources */,
				76A639134D683231830BEDC8 /* AccompanimentInstrument.swift in Sources */,
				E9786ACA1FB4DE13953C1E06 /* Badge.swift in Sources */,
				36EE9A04AA4EC72400DC95F9 /* BasicLocalGovernment.swift in Sources */,
				EE6F4778429A04A412C598B2 /* College.swift in Sources */,
				6AF4D97E70ED816E2CB0661A /* Date.swift in Sources */,
				4FFA86BC704CB3C46086A13B /* Experience.swift in Sources */,
				C595C6ACE5C52F9017517412 /* JWT.swift in Sources */,
				B9B432BADE28FAB53024A764 /* LessonServiceFilter.swift in Sources */,
				860F8622B765EBBCB8912ED1 /* LessonStyle.swift in Sources */,
				F21F09E477F10FDDE1C93E0A /* LessonSubject.swift in Sources */,
				C879EC53D455F08470853F18 /* Major.swift in Sources */,
				9F893FC1724D620777AB256F /* PhoneNumber.swift in Sources */,
				EEE87A702C5CE18BC53E0005 /* PhoneVerificationCode.swift in Sources */,
				121EBDF4B627A777E367482A /* Rating.swift in Sources */,
				CCA85E6E304BE197BF1519BD /* Region.swift in Sources */,
				18BC6371B2F234B95DB7CA04 /* RegionalLocalGovernment.swift in Sources */,
				3B291A381D94B4DDEAE0E7EE /* RevisionPolicy.swift in Sources */,
				44103229DCD554096EEB8063 /* ScheduleType.swift in Sources */,
				7959844864A05817BCB6B094 /* ServiceType.swift in Sources */,
				31C7C2DB1D42872367ED92D8 /* SocialIdData.swift in Sources */,
				962F079F2981F03396A23CEE /* SocialLoginType.swift in Sources */,
				40382B8E916E87B74A24DEBF /* Time.swift in Sources */,
				40909715576B137317D43827 /* TimeByWeekday.swift in Sources */,
				65D158EB11C68550A838F985 /* TrialPolicy.swift in Sources */,
				99FD1390BE009B4C83AE037C /* Turnaround.swift in Sources */,
				43C5640570308F4D249AAE21 /* WeekDay.swift in Sources */,
				B932047B123CA7DF272F2192 /* AccompanimentInstrumentRepository.swift in Sources */,
				5460956DAB630C81D764C834 /* AppRepository.swift in Sources */,
				23B20407022B9BC7CFE61F7F /* ChatRepository.swift in Sources */,
				17B55AB44031989687506370 /* CollegeRepository.swift in Sources */,
				98B3F3AF890DF74919C9D3C2 /* JwtRepository.swift in Sources */,
				AB0060D2F385837038D008B8 /* LessonSubjectRepository.swift in Sources */,
				53FC48DC61C6927097779C1B /* MajorRepository.swift in Sources */,
				39C9D45E7348B1E5C772C20D /* RegionRepository.swift in Sources */,
				BADDAF3B7F0372E8DE375ED0 /* ReviewRepository.swift in Sources */,
				4DB627D7DB78F2B194B04C77 /* ServiceRepository.swift in Sources */,
				23E1558F66AC9A4EDCD56A31 /* UmpaNotificationRepository.swift in Sources */,
				2C57254E1A403E74BD711EC7 /* UserRepository.swift in Sources */,
				6291664B783D99492B04069E /* CheckAccountLinkedSocialId.swift in Sources */,
				1516056DE14BEB430A3B72B7 /* CheckDuplicateUsername.swift in Sources */,
				EED00F84E1F89F76B2B0528A /* GetAccessToken.swift in Sources */,
				6676698EDE798021DFDC8020 /* SendPhoneVerificationCode.swift in Sources */,
				A8A24E882254D0E21450CA59 /* SetAccessToken.swift in Sources */,
				FA00A14BC97488351753E4AE /* SignUp.swift in Sources */,
				0A220352A9FABFC92AFF5401 /* VerifyPhoneVerificationCode.swift in Sources */,
			);
			runOnlyForDeploymentPostprocessing = 0;
		};
		C5F6CF5EB31860939CE72A37 /* Sources */ = {
			isa = PBXSourcesBuildPhase;
			buildActionMask = 2147483647;
			files = (
				A3BD369884F04A2CA2D3DA0C /* TestHelpers.swift in Sources */,
				364BA6C358366D9609BA29A1 /* PhoneNumberTests.swift in Sources */,
				727E64C66871414FC8B3B961 /* UsernameValidatorTests.swift in Sources */,
			);
			runOnlyForDeploymentPostprocessing = 0;
		};
/* End PBXSourcesBuildPhase section */

/* Begin PBXTargetDependency section */
		B38B3994E58C3BB8BFEF0096 /* PBXTargetDependency */ = {
			isa = PBXTargetDependency;
			name = Domain;
			target = C538ACB2975E6B55AFA02B19 /* Domain */;
			targetProxy = D1D1961A686AB0A822467945 /* PBXContainerItemProxy */;
		};
/* End PBXTargetDependency section */

/* Begin XCBuildConfiguration section */
		0FDAC5671990EADEFF6C2CAE /* Release */ = {
			isa = XCBuildConfiguration;
			buildSettings = {
				CODE_SIGN_IDENTITY = "iPhone Developer";
				HEADER_SEARCH_PATHS = (
					"$(inherited)",
					"$(inherited)",
					"$(SRCROOT)/../../Tuist/.build/checkouts/swift-syntax/Sources/_SwiftSyntaxCShims/include",
				);
				INFOPLIST_FILE = "Derived/InfoPlists/DomainUnitTests-Info.plist";
				IPHONEOS_DEPLOYMENT_TARGET = 17.0;
				LD_RUNPATH_SEARCH_PATHS = (
					"$(inherited)",
					"@executable_path/Frameworks",
					"@loader_path/Frameworks",
				);
				OTHER_CFLAGS = (
					"$(inherited)",
					"-fmodule-map-file=$(SRCROOT)/../../Tuist/.build/checkouts/swift-syntax/Sources/_SwiftSyntaxCShims/include/module.modulemap",
				);
				OTHER_SWIFT_FLAGS = (
					"$(inherited)",
					"-Xcc",
					"-fmodule-map-file=$(SRCROOT)/../../Tuist/.build/checkouts/swift-syntax/Sources/_SwiftSyntaxCShims/include/module.modulemap",
					"-load-plugin-executable",
					"$BUILD_DIR/Debug$EFFECTIVE_PLATFORM_NAME/MockableMacro#MockableMacro",
				);
				PRODUCT_BUNDLE_IDENTIFIER = com.pob.Domain.UnitTests;
				PRODUCT_NAME = DomainUnitTests;
				SDKROOT = iphoneos;
				SUPPORTS_MACCATALYST = NO;
				SUPPORTS_MAC_DESIGNED_FOR_IPHONE_IPAD = YES;
				SUPPORTS_XR_DESIGNED_FOR_IPHONE_IPAD = NO;
				SWIFT_COMPILATION_MODE = wholemodule;
				SWIFT_OPTIMIZATION_LEVEL = "-Owholemodule";
				SWIFT_VERSION = 5.0;
				TARGETED_DEVICE_FAMILY = "1,2";
			};
			name = Release;
		};
		448631EFED87CA98D62ED11A /* Release */ = {
			isa = XCBuildConfiguration;
			buildSettings = {
				ALWAYS_SEARCH_USER_PATHS = NO;
				CLANG_ANALYZER_LOCALIZABILITY_NONLOCALIZED = YES;
				CLANG_ANALYZER_NONNULL = YES;
				CLANG_ANALYZER_NUMBER_OBJECT_CONVERSION = YES_AGGRESSIVE;
				CLANG_CXX_LANGUAGE_STANDARD = "gnu++14";
				CLANG_CXX_LIBRARY = "libc++";
				CLANG_ENABLE_MODULES = YES;
				CLANG_ENABLE_OBJC_ARC = YES;
				CLANG_ENABLE_OBJC_WEAK = YES;
				CLANG_WARN_BLOCK_CAPTURE_AUTORELEASING = YES;
				CLANG_WARN_BOOL_CONVERSION = YES;
				CLANG_WARN_COMMA = YES;
				CLANG_WARN_CONSTANT_CONVERSION = YES;
				CLANG_WARN_DEPRECATED_OBJC_IMPLEMENTATIONS = YES;
				CLANG_WARN_DIRECT_OBJC_ISA_USAGE = YES_ERROR;
				CLANG_WARN_DOCUMENTATION_COMMENTS = YES;
				CLANG_WARN_EMPTY_BODY = YES;
				CLANG_WARN_ENUM_CONVERSION = YES;
				CLANG_WARN_INFINITE_RECURSION = YES;
				CLANG_WARN_INT_CONVERSION = YES;
				CLANG_WARN_NON_LITERAL_NULL_CONVERSION = YES;
				CLANG_WARN_OBJC_IMPLICIT_RETAIN_SELF = YES;
				CLANG_WARN_OBJC_LITERAL_CONVERSION = YES;
				CLANG_WARN_OBJC_ROOT_CLASS = YES_ERROR;
				CLANG_WARN_QUOTED_INCLUDE_IN_FRAMEWORK_HEADER = YES;
				CLANG_WARN_RANGE_LOOP_ANALYSIS = YES;
				CLANG_WARN_STRICT_PROTOTYPES = YES;
				CLANG_WARN_SUSPICIOUS_MOVE = YES;
				CLANG_WARN_UNGUARDED_AVAILABILITY = YES_AGGRESSIVE;
				CLANG_WARN_UNREACHABLE_CODE = YES;
				CLANG_WARN__DUPLICATE_METHOD_MATCH = YES;
				COPY_PHASE_STRIP = NO;
				DEAD_CODE_STRIPPING = YES;
				DEBUG_INFORMATION_FORMAT = "dwarf-with-dsym";
				ENABLE_NS_ASSERTIONS = NO;
				ENABLE_STRICT_OBJC_MSGSEND = YES;
				GCC_C_LANGUAGE_STANDARD = gnu11;
				GCC_NO_COMMON_BLOCKS = YES;
				GCC_WARN_64_TO_32_BIT_CONVERSION = YES;
				GCC_WARN_ABOUT_RETURN_TYPE = YES_ERROR;
				GCC_WARN_UNDECLARED_SELECTOR = YES;
				GCC_WARN_UNINITIALIZED_AUTOS = YES_AGGRESSIVE;
				GCC_WARN_UNUSED_FUNCTION = YES;
				GCC_WARN_UNUSED_VARIABLE = YES;
				MTL_ENABLE_DEBUG_INFO = NO;
				PRODUCT_NAME = "$(TARGET_NAME)";
				VALIDATE_PRODUCT = YES;
			};
			name = Release;
		};
		788B9ECC13323D8C9FD48CF9 /* Debug */ = {
			isa = XCBuildConfiguration;
			buildSettings = {
				CODE_SIGN_IDENTITY = "iPhone Developer";
				HEADER_SEARCH_PATHS = (
					"$(inherited)",
					"$(inherited)",
					"$(SRCROOT)/../../Tuist/.build/checkouts/swift-syntax/Sources/_SwiftSyntaxCShims/include",
				);
				INFOPLIST_FILE = "Derived/InfoPlists/DomainUnitTests-Info.plist";
				IPHONEOS_DEPLOYMENT_TARGET = 17.0;
				LD_RUNPATH_SEARCH_PATHS = (
					"$(inherited)",
					"@executable_path/Frameworks",
					"@loader_path/Frameworks",
				);
				OTHER_CFLAGS = (
					"$(inherited)",
					"-fmodule-map-file=$(SRCROOT)/../../Tuist/.build/checkouts/swift-syntax/Sources/_SwiftSyntaxCShims/include/module.modulemap",
				);
				OTHER_SWIFT_FLAGS = (
					"$(inherited)",
					"-Xcc",
					"-fmodule-map-file=$(SRCROOT)/../../Tuist/.build/checkouts/swift-syntax/Sources/_SwiftSyntaxCShims/include/module.modulemap",
					"-load-plugin-executable",
					"$BUILD_DIR/Debug$EFFECTIVE_PLATFORM_NAME/MockableMacro#MockableMacro",
				);
				PRODUCT_BUNDLE_IDENTIFIER = com.pob.Domain.UnitTests;
				PRODUCT_NAME = DomainUnitTests;
				SDKROOT = iphoneos;
				SUPPORTS_MACCATALYST = NO;
				SUPPORTS_MAC_DESIGNED_FOR_IPHONE_IPAD = YES;
				SUPPORTS_XR_DESIGNED_FOR_IPHONE_IPAD = NO;
				SWIFT_ACTIVE_COMPILATION_CONDITIONS = (
					"$(inherited)",
					DEBUG,
				);
				SWIFT_COMPILATION_MODE = singlefile;
				SWIFT_OPTIMIZATION_LEVEL = "-Onone";
				SWIFT_VERSION = 5.0;
				TARGETED_DEVICE_FAMILY = "1,2";
			};
			name = Debug;
		};
		947F7F6603FD687A7F0E061D /* Release */ = {
			isa = XCBuildConfiguration;
			buildSettings = {
				CODE_SIGN_IDENTITY = "";
				CURRENT_PROJECT_VERSION = 1;
				DEFINES_MODULE = YES;
				DYLIB_COMPATIBILITY_VERSION = 1;
				DYLIB_CURRENT_VERSION = 1;
				DYLIB_INSTALL_NAME_BASE = "@rpath";
				HEADER_SEARCH_PATHS = (
					"$(inherited)",
					"$(inherited)",
					"$(SRCROOT)/../../Tuist/.build/checkouts/swift-syntax/Sources/_SwiftSyntaxCShims/include",
				);
				INFOPLIST_FILE = "Derived/InfoPlists/Domain-Info.plist";
				INSTALL_PATH = "$(LOCAL_LIBRARY_DIR)/Frameworks";
				IPHONEOS_DEPLOYMENT_TARGET = 17.0;
				LD_RUNPATH_SEARCH_PATHS = (
					"$(inherited)",
					"@executable_path/Frameworks",
					"@loader_path/Frameworks",
				);
				MACH_O_TYPE = staticlib;
				OTHER_CFLAGS = (
					"$(inherited)",
					"-fmodule-map-file=$(SRCROOT)/../../Tuist/.build/checkouts/swift-syntax/Sources/_SwiftSyntaxCShims/include/module.modulemap",
				);
				OTHER_SWIFT_FLAGS = (
					"$(inherited)",
					"-Xcc",
					"-fmodule-map-file=$(SRCROOT)/../../Tuist/.build/checkouts/swift-syntax/Sources/_SwiftSyntaxCShims/include/module.modulemap",
					"-load-plugin-executable",
					"$BUILD_DIR/Debug$EFFECTIVE_PLATFORM_NAME/MockableMacro#MockableMacro",
				);
				PRODUCT_BUNDLE_IDENTIFIER = com.pob.Domain;
				PRODUCT_NAME = Domain;
				SDKROOT = iphoneos;
				SKIP_INSTALL = YES;
				SUPPORTS_MACCATALYST = NO;
				SUPPORTS_MAC_DESIGNED_FOR_IPHONE_IPAD = NO;
				SUPPORTS_XR_DESIGNED_FOR_IPHONE_IPAD = NO;
				SWIFT_COMPILATION_MODE = wholemodule;
				SWIFT_OPTIMIZATION_LEVEL = "-Owholemodule";
				SWIFT_VERSION = 5.0;
				TARGETED_DEVICE_FAMILY = 1;
				VERSIONING_SYSTEM = "apple-generic";
				VERSION_INFO_PREFIX = "";
			};
			name = Release;
		};
		C0D833DB9CADBD82A1F89576 /* Debug */ = {
			isa = XCBuildConfiguration;
			buildSettings = {
				ALWAYS_SEARCH_USER_PATHS = NO;
				CLANG_ANALYZER_LOCALIZABILITY_NONLOCALIZED = YES;
				CLANG_ANALYZER_NONNULL = YES;
				CLANG_ANALYZER_NUMBER_OBJECT_CONVERSION = YES_AGGRESSIVE;
				CLANG_CXX_LANGUAGE_STANDARD = "gnu++14";
				CLANG_CXX_LIBRARY = "libc++";
				CLANG_ENABLE_MODULES = YES;
				CLANG_ENABLE_OBJC_ARC = YES;
				CLANG_ENABLE_OBJC_WEAK = YES;
				CLANG_WARN_BLOCK_CAPTURE_AUTORELEASING = YES;
				CLANG_WARN_BOOL_CONVERSION = YES;
				CLANG_WARN_COMMA = YES;
				CLANG_WARN_CONSTANT_CONVERSION = YES;
				CLANG_WARN_DEPRECATED_OBJC_IMPLEMENTATIONS = YES;
				CLANG_WARN_DIRECT_OBJC_ISA_USAGE = YES_ERROR;
				CLANG_WARN_DOCUMENTATION_COMMENTS = YES;
				CLANG_WARN_EMPTY_BODY = YES;
				CLANG_WARN_ENUM_CONVERSION = YES;
				CLANG_WARN_INFINITE_RECURSION = YES;
				CLANG_WARN_INT_CONVERSION = YES;
				CLANG_WARN_NON_LITERAL_NULL_CONVERSION = YES;
				CLANG_WARN_OBJC_IMPLICIT_RETAIN_SELF = YES;
				CLANG_WARN_OBJC_LITERAL_CONVERSION = YES;
				CLANG_WARN_OBJC_ROOT_CLASS = YES_ERROR;
				CLANG_WARN_QUOTED_INCLUDE_IN_FRAMEWORK_HEADER = YES;
				CLANG_WARN_RANGE_LOOP_ANALYSIS = YES;
				CLANG_WARN_STRICT_PROTOTYPES = YES;
				CLANG_WARN_SUSPICIOUS_MOVE = YES;
				CLANG_WARN_UNGUARDED_AVAILABILITY = YES_AGGRESSIVE;
				CLANG_WARN_UNREACHABLE_CODE = YES;
				CLANG_WARN__DUPLICATE_METHOD_MATCH = YES;
				COPY_PHASE_STRIP = NO;
				DEAD_CODE_STRIPPING = YES;
				DEBUG_INFORMATION_FORMAT = dwarf;
				ENABLE_STRICT_OBJC_MSGSEND = YES;
				ENABLE_TESTABILITY = YES;
				GCC_C_LANGUAGE_STANDARD = gnu11;
				GCC_DYNAMIC_NO_PIC = NO;
				GCC_NO_COMMON_BLOCKS = YES;
				GCC_OPTIMIZATION_LEVEL = 0;
				GCC_PREPROCESSOR_DEFINITIONS = (
					"DEBUG=1",
					"$(inherited)",
				);
				GCC_WARN_64_TO_32_BIT_CONVERSION = YES;
				GCC_WARN_ABOUT_RETURN_TYPE = YES_ERROR;
				GCC_WARN_UNDECLARED_SELECTOR = YES;
				GCC_WARN_UNINITIALIZED_AUTOS = YES_AGGRESSIVE;
				GCC_WARN_UNUSED_FUNCTION = YES;
				GCC_WARN_UNUSED_VARIABLE = YES;
				MTL_ENABLE_DEBUG_INFO = YES;
				ONLY_ACTIVE_ARCH = YES;
				PRODUCT_NAME = "$(TARGET_NAME)";
				SWIFT_ACTIVE_COMPILATION_CONDITIONS = "$(inherited) MOCKING";
			};
			name = Debug;
		};
		C4DEAB57F5DDC2C20794FB8E /* Debug */ = {
			isa = XCBuildConfiguration;
			buildSettings = {
				CODE_SIGN_IDENTITY = "";
				CURRENT_PROJECT_VERSION = 1;
				DEFINES_MODULE = YES;
				DYLIB_COMPATIBILITY_VERSION = 1;
				DYLIB_CURRENT_VERSION = 1;
				DYLIB_INSTALL_NAME_BASE = "@rpath";
				HEADER_SEARCH_PATHS = (
					"$(inherited)",
					"$(inherited)",
					"$(SRCROOT)/../../Tuist/.build/checkouts/swift-syntax/Sources/_SwiftSyntaxCShims/include",
				);
				INFOPLIST_FILE = "Derived/InfoPlists/Domain-Info.plist";
				INSTALL_PATH = "$(LOCAL_LIBRARY_DIR)/Frameworks";
				IPHONEOS_DEPLOYMENT_TARGET = 17.0;
				LD_RUNPATH_SEARCH_PATHS = (
					"$(inherited)",
					"@executable_path/Frameworks",
					"@loader_path/Frameworks",
				);
				MACH_O_TYPE = staticlib;
				OTHER_CFLAGS = (
					"$(inherited)",
					"-fmodule-map-file=$(SRCROOT)/../../Tuist/.build/checkouts/swift-syntax/Sources/_SwiftSyntaxCShims/include/module.modulemap",
				);
				OTHER_SWIFT_FLAGS = (
					"$(inherited)",
					"-Xcc",
					"-fmodule-map-file=$(SRCROOT)/../../Tuist/.build/checkouts/swift-syntax/Sources/_SwiftSyntaxCShims/include/module.modulemap",
					"-load-plugin-executable",
					"$BUILD_DIR/Debug$EFFECTIVE_PLATFORM_NAME/MockableMacro#MockableMacro",
				);
				PRODUCT_BUNDLE_IDENTIFIER = com.pob.Domain;
				PRODUCT_NAME = Domain;
				SDKROOT = iphoneos;
				SKIP_INSTALL = YES;
				SUPPORTS_MACCATALYST = NO;
				SUPPORTS_MAC_DESIGNED_FOR_IPHONE_IPAD = NO;
				SUPPORTS_XR_DESIGNED_FOR_IPHONE_IPAD = NO;
				SWIFT_ACTIVE_COMPILATION_CONDITIONS = (
					"$(inherited)",
					DEBUG,
				);
				SWIFT_COMPILATION_MODE = singlefile;
				SWIFT_OPTIMIZATION_LEVEL = "-Onone";
				SWIFT_VERSION = 5.0;
				TARGETED_DEVICE_FAMILY = 1;
				VERSIONING_SYSTEM = "apple-generic";
				VERSION_INFO_PREFIX = "";
			};
			name = Debug;
		};
/* End XCBuildConfiguration section */

/* Begin XCConfigurationList section */
		381B9AD5126F74E9A7F0A640 /* Build configuration list for PBXNativeTarget "DomainUnitTests" */ = {
			isa = XCConfigurationList;
			buildConfigurations = (
				788B9ECC13323D8C9FD48CF9 /* Debug */,
				0FDAC5671990EADEFF6C2CAE /* Release */,
			);
			defaultConfigurationIsVisible = 0;
			defaultConfigurationName = Release;
		};
		5B17347D429F14C389327C78 /* Build configuration list for PBXProject "Domain" */ = {
			isa = XCConfigurationList;
			buildConfigurations = (
				C0D833DB9CADBD82A1F89576 /* Debug */,
				448631EFED87CA98D62ED11A /* Release */,
			);
			defaultConfigurationIsVisible = 0;
			defaultConfigurationName = Release;
		};
		DCD0ADB89B8BC26D5C8A4F4D /* Build configuration list for PBXNativeTarget "Domain" */ = {
			isa = XCConfigurationList;
			buildConfigurations = (
				C4DEAB57F5DDC2C20794FB8E /* Debug */,
				947F7F6603FD687A7F0E061D /* Release */,
			);
			defaultConfigurationIsVisible = 0;
			defaultConfigurationName = Release;
		};
/* End XCConfigurationList section */
	};
	rootObject = 79933DB656BD84A91701C121 /* Project object */;
}
