// !$*UTF8*$!
{
	archiveVersion = 1;
	classes = {
	};
	objectVersion = 77;
	objects = {

/* Begin PBXBuildFile section */
		DA017DAB2DB149D90015DD8F /* NidThirdPartyLogin in Frameworks */ = {isa = PBXBuildFile; productRef = DA017DAA2DB149D90015DD8F /* NidThirdPartyLogin */; };
		DA1E76942DAF78FE001FDAB3 /* Mockable in Frameworks */ = {isa = PBXBuildFile; productRef = DA1E76932DAF78FE001FDAB3 /* Mockable */; };
		DA1E76962DAF792A001FDAB3 /* Mockable in Frameworks */ = {isa = PBXBuildFile; productRef = DA1E76952DAF792A001FDAB3 /* Mockable */; };
		DA1E76982DAF794E001FDAB3 /* Mockable in Frameworks */ = {isa = PBXBuildFile; productRef = DA1E76972DAF794E001FDAB3 /* Mockable */; };
		DA7E35272D8D5B01001DD6AA /* DataAccess.framework in Embed Frameworks */ = {isa = PBXBuildFile; fileRef = DA7E35202D8D5B01001DD6AA /* DataAccess.framework */; settings = {ATTRIBUTES = (CodeSignOnCopy, RemoveHeadersOnCopy, ); }; };
		DA7E352F2D8D5B5D001DD6AA /* DataAccess.framework in Frameworks */ = {isa = PBXBuildFile; fileRef = DA7E35202D8D5B01001DD6AA /* DataAccess.framework */; };
		DA9E60C32D902959009319A0 /* Factory in Frameworks */ = {isa = PBXBuildFile; productRef = DA9E60C22D902959009319A0 /* Factory */; };
		DAA0639F2DB3AABF006F8B68 /* KakaoSDK in Frameworks */ = {isa = PBXBuildFile; productRef = DAA0639E2DB3AABF006F8B68 /* KakaoSDK */; };
		DAA063A12DB3AABF006F8B68 /* KakaoSDKAuth in Frameworks */ = {isa = PBXBuildFile; productRef = DAA063A02DB3AABF006F8B68 /* KakaoSDKAuth */; };
		DAA063A32DB3AABF006F8B68 /* KakaoSDKUser in Frameworks */ = {isa = PBXBuildFile; productRef = DAA063A22DB3AABF006F8B68 /* KakaoSDKUser */; };
		DAA6525B2DB3D18200B218E6 /* Factory in Frameworks */ = {isa = PBXBuildFile; productRef = DAA6525A2DB3D18200B218E6 /* Factory */; };
		DAA652602DB3D36300B218E6 /* Factory in Frameworks */ = {isa = PBXBuildFile; productRef = DAA6525F2DB3D36300B218E6 /* Factory */; };
		DAA6527E2DB3F16000B218E6 /* GoogleSignIn in Frameworks */ = {isa = PBXBuildFile; productRef = DAA6527D2DB3F16000B218E6 /* GoogleSignIn */; };
		DAA652802DB3F16000B218E6 /* GoogleSignInSwift in Frameworks */ = {isa = PBXBuildFile; productRef = DAA6527F2DB3F16000B218E6 /* GoogleSignInSwift */; };
		DAB5DFE82DBA46E70075D9BC /* SFSafeSymbols in Frameworks */ = {isa = PBXBuildFile; productRef = DAB5DFE72DBA46E70075D9BC /* SFSafeSymbols */; };
		DAB64B632D89CA5A00319429 /* Components.framework in Frameworks */ = {isa = PBXBuildFile; fileRef = DAB64B5D2D89CA5A00319429 /* Components.framework */; };
		DAB64B642D89CA5A00319429 /* Components.framework in Embed Frameworks */ = {isa = PBXBuildFile; fileRef = DAB64B5D2D89CA5A00319429 /* Components.framework */; settings = {ATTRIBUTES = (CodeSignOnCopy, RemoveHeadersOnCopy, ); }; };
		DAB64B7A2D89CBB400319429 /* Core.framework in Frameworks */ = {isa = PBXBuildFile; fileRef = DAB64B742D89CBB400319429 /* Core.framework */; };
		DAB64B7B2D89CBB400319429 /* Core.framework in Embed Frameworks */ = {isa = PBXBuildFile; fileRef = DAB64B742D89CBB400319429 /* Core.framework */; settings = {ATTRIBUTES = (CodeSignOnCopy, RemoveHeadersOnCopy, ); }; };
		DAB7199C2DA6363800F32BE2 /* Domain.framework in Frameworks */ = {isa = PBXBuildFile; fileRef = DAB719962DA6363800F32BE2 /* Domain.framework */; };
		DAB7199D2DA6363800F32BE2 /* Domain.framework in Embed Frameworks */ = {isa = PBXBuildFile; fileRef = DAB719962DA6363800F32BE2 /* Domain.framework */; settings = {ATTRIBUTES = (CodeSignOnCopy, RemoveHeadersOnCopy, ); }; };
		DAB719B52DA6374400F32BE2 /* Domain.framework in Frameworks */ = {isa = PBXBuildFile; fileRef = DAB719962DA6363800F32BE2 /* Domain.framework */; };
		DAB719B62DA6374400F32BE2 /* Domain.framework in Embed Frameworks */ = {isa = PBXBuildFile; fileRef = DAB719962DA6363800F32BE2 /* Domain.framework */; settings = {ATTRIBUTES = (CodeSignOnCopy, RemoveHeadersOnCopy, ); }; };
		DAB719B82DA6374500F32BE2 /* Core.framework in Frameworks */ = {isa = PBXBuildFile; fileRef = DAB64B742D89CBB400319429 /* Core.framework */; platformFilter = ios; };
		DAB719B92DA6374500F32BE2 /* Core.framework in Embed Frameworks */ = {isa = PBXBuildFile; fileRef = DAB64B742D89CBB400319429 /* Core.framework */; platformFilter = ios; settings = {ATTRIBUTES = (CodeSignOnCopy, RemoveHeadersOnCopy, ); }; };
		DAB719BA2DA6374700F32BE2 /* Core.framework in Frameworks */ = {isa = PBXBuildFile; fileRef = DAB64B742D89CBB400319429 /* Core.framework */; platformFilter = ios; };
		DAB719BB2DA6374700F32BE2 /* Core.framework in Embed Frameworks */ = {isa = PBXBuildFile; fileRef = DAB64B742D89CBB400319429 /* Core.framework */; platformFilter = ios; settings = {ATTRIBUTES = (CodeSignOnCopy, RemoveHeadersOnCopy, ); }; };
/* End PBXBuildFile section */

/* Begin PBXContainerItemProxy section */
		0C9CD4372D31062D003F4455 /* PBXContainerItemProxy */ = {
			isa = PBXContainerItemProxy;
			containerPortal = 0C9CD4142D31062B003F4455 /* Project object */;
			proxyType = 1;
			remoteGlobalIDString = 0C9CD41B2D31062B003F4455;
			remoteInfo = Umpa;
		};
		DA1E71672DAA3A50001FDAB3 /* PBXContainerItemProxy */ = {
			isa = PBXContainerItemProxy;
			containerPortal = 0C9CD4142D31062B003F4455 /* Project object */;
			proxyType = 1;
			remoteGlobalIDString = 0C9CD41B2D31062B003F4455;
			remoteInfo = Umpa;
		};
		DA7E35302D8D5B5D001DD6AA /* PBXContainerItemProxy */ = {
			isa = PBXContainerItemProxy;
			containerPortal = 0C9CD4142D31062B003F4455 /* Project object */;
			proxyType = 1;
			remoteGlobalIDString = DA7E351F2D8D5B01001DD6AA;
			remoteInfo = Networking;
		};
		DAB64B612D89CA5A00319429 /* PBXContainerItemProxy */ = {
			isa = PBXContainerItemProxy;
			containerPortal = 0C9CD4142D31062B003F4455 /* Project object */;
			proxyType = 1;
			remoteGlobalIDString = DAB64B5C2D89CA5A00319429;
			remoteInfo = UmpaComponent;
		};
		DAB64B782D89CBB400319429 /* PBXContainerItemProxy */ = {
			isa = PBXContainerItemProxy;
			containerPortal = 0C9CD4142D31062B003F4455 /* Project object */;
			proxyType = 1;
			remoteGlobalIDString = DAB64B732D89CBB400319429;
			remoteInfo = Utility;
		};
		DAB7199A2DA6363800F32BE2 /* PBXContainerItemProxy */ = {
			isa = PBXContainerItemProxy;
			containerPortal = 0C9CD4142D31062B003F4455 /* Project object */;
			proxyType = 1;
			remoteGlobalIDString = DAB719952DA6363800F32BE2;
			remoteInfo = Domain;
		};
		DAB719A52DA636EC00F32BE2 /* PBXContainerItemProxy */ = {
			isa = PBXContainerItemProxy;
			containerPortal = 0C9CD4142D31062B003F4455 /* Project object */;
			proxyType = 1;
			remoteGlobalIDString = DAB64B732D89CBB400319429;
			remoteInfo = Utility;
		};
		DAB719AA2DA6370700F32BE2 /* PBXContainerItemProxy */ = {
			isa = PBXContainerItemProxy;
			containerPortal = 0C9CD4142D31062B003F4455 /* Project object */;
			proxyType = 1;
			remoteGlobalIDString = DAB64B732D89CBB400319429;
			remoteInfo = Utility;
		};
		DAB719AF2DA6371700F32BE2 /* PBXContainerItemProxy */ = {
			isa = PBXContainerItemProxy;
			containerPortal = 0C9CD4142D31062B003F4455 /* Project object */;
			proxyType = 1;
			remoteGlobalIDString = DAB719952DA6363800F32BE2;
			remoteInfo = Domain;
		};
/* End PBXContainerItemProxy section */

/* Begin PBXCopyFilesBuildPhase section */
		DAB64B692D89CA5A00319429 /* Embed Frameworks */ = {
			isa = PBXCopyFilesBuildPhase;
			buildActionMask = 2147483647;
			dstPath = "";
			dstSubfolderSpec = 10;
			files = (
				DAB7199D2DA6363800F32BE2 /* Domain.framework in Embed Frameworks */,
				DAB64B642D89CA5A00319429 /* Components.framework in Embed Frameworks */,
				DAB64B7B2D89CBB400319429 /* Core.framework in Embed Frameworks */,
				DA7E35272D8D5B01001DD6AA /* DataAccess.framework in Embed Frameworks */,
			);
			name = "Embed Frameworks";
			runOnlyForDeploymentPostprocessing = 0;
		};
		DAB719B72DA6374400F32BE2 /* Embed Frameworks */ = {
			isa = PBXCopyFilesBuildPhase;
			buildActionMask = 2147483647;
			dstPath = "";
			dstSubfolderSpec = 10;
			files = (
				DAB719B62DA6374400F32BE2 /* Domain.framework in Embed Frameworks */,
				DAB719B92DA6374500F32BE2 /* Core.framework in Embed Frameworks */,
			);
			name = "Embed Frameworks";
			runOnlyForDeploymentPostprocessing = 0;
		};
		DAB719BC2DA6374700F32BE2 /* Embed Frameworks */ = {
			isa = PBXCopyFilesBuildPhase;
			buildActionMask = 2147483647;
			dstPath = "";
			dstSubfolderSpec = 10;
			files = (
				DAB719BB2DA6374700F32BE2 /* Core.framework in Embed Frameworks */,
			);
			name = "Embed Frameworks";
			runOnlyForDeploymentPostprocessing = 0;
		};
/* End PBXCopyFilesBuildPhase section */

/* Begin PBXFileReference section */
		0C9CD41C2D31062B003F4455 /* Umpa.app */ = {isa = PBXFileReference; explicitFileType = wrapper.application; includeInIndex = 0; path = Umpa.app; sourceTree = BUILT_PRODUCTS_DIR; };
		0C9CD42C2D31062D003F4455 /* UmpaUnitTests.xctest */ = {isa = PBXFileReference; explicitFileType = wrapper.cfbundle; includeInIndex = 0; path = UmpaUnitTests.xctest; sourceTree = BUILT_PRODUCTS_DIR; };
		0C9CD4362D31062D003F4455 /* UmpaUITests.xctest */ = {isa = PBXFileReference; explicitFileType = wrapper.cfbundle; includeInIndex = 0; path = UmpaUITests.xctest; sourceTree = BUILT_PRODUCTS_DIR; };
		DA7E35202D8D5B01001DD6AA /* DataAccess.framework */ = {isa = PBXFileReference; explicitFileType = wrapper.framework; includeInIndex = 0; path = DataAccess.framework; sourceTree = BUILT_PRODUCTS_DIR; };
		DAB64B5D2D89CA5A00319429 /* Components.framework */ = {isa = PBXFileReference; explicitFileType = wrapper.framework; includeInIndex = 0; path = Components.framework; sourceTree = BUILT_PRODUCTS_DIR; };
		DAB64B742D89CBB400319429 /* Core.framework */ = {isa = PBXFileReference; explicitFileType = wrapper.framework; includeInIndex = 0; path = Core.framework; sourceTree = BUILT_PRODUCTS_DIR; };
		DAB719962DA6363800F32BE2 /* Domain.framework */ = {isa = PBXFileReference; explicitFileType = wrapper.framework; includeInIndex = 0; path = Domain.framework; sourceTree = BUILT_PRODUCTS_DIR; };
/* End PBXFileReference section */

/* Begin PBXFileSystemSynchronizedBuildFileExceptionSet section */
		DA017DD42DB20F5C0015DD8F /* Exceptions for "Umpa" folder in "DataAccess" target */ = {
			isa = PBXFileSystemSynchronizedBuildFileExceptionSet;
			membershipExceptions = (
				"Resources/Licenses/Naver ID Login SDK for iOS Swift/LICENSE.txt",
				"Resources/Licenses/Naver ID Login SDK for iOS Swift/NOTICE.txt",
			);
			target = DA7E351F2D8D5B01001DD6AA /* DataAccess */;
		};
		DA320E972D86734200FD7637 /* Exceptions for "Umpa" folder in "Umpa" target */ = {
			isa = PBXFileSystemSynchronizedBuildFileExceptionSet;
			membershipExceptions = (
				Info.plist,
				"Preview Content/Preview Assets.xcassets",
				"Resources/Licenses/Naver ID Login SDK for iOS Swift/LICENSE.txt",
				"Resources/Licenses/Naver ID Login SDK for iOS Swift/NOTICE.txt",
			);
			target = 0C9CD41B2D31062B003F4455 /* Umpa */;
		};
		DA376F922DA806FC002FE110 /* Exceptions for "Tests" folder in "UmpaUnitTests" target */ = {
			isa = PBXFileSystemSynchronizedBuildFileExceptionSet;
			membershipExceptions = (
				TestHelpers.swift,
				UnitTests/DomainTests/PhoneNumberTests.swift,
				UnitTests/DomainTests/UsernameValidatorTests.swift,
				UnitTests/InfraTests/NetworkKitTests.swift,
				UnitTests/InfraTests/UserDefaultsStorageTests.swift,
				UnitTests/InteractorTests/ChatInteractorTests.swift,
				UnitTests/InteractorTests/ServiceListInteractorTests.swift,
			);
			target = 0C9CD42B2D31062D003F4455 /* UmpaUnitTests */;
		};
		DA376F932DA806FC002FE110 /* Exceptions for "Tests" folder in "UmpaUITests" target */ = {
			isa = PBXFileSystemSynchronizedBuildFileExceptionSet;
			membershipExceptions = (
				UmpaUITests/UmpaUITests.swift,
				UmpaUITests/UmpaUITestsLaunchTests.swift,
			);
			target = 0C9CD4352D31062D003F4455 /* UmpaUITests */;
		};
		DA7E352B2D8D5B01001DD6AA /* Exceptions for "DataAccess" folder in "DataAccess" target */ = {
			isa = PBXFileSystemSynchronizedBuildFileExceptionSet;
			publicHeaders = (
				DataAccess.h,
			);
			target = DA7E351F2D8D5B01001DD6AA /* DataAccess */;
		};
		DAB64B682D89CA5A00319429 /* Exceptions for "Components" folder in "Components" target */ = {
			isa = PBXFileSystemSynchronizedBuildFileExceptionSet;
			publicHeaders = (
				Components.h,
			);
			target = DAB64B5C2D89CA5A00319429 /* Components */;
		};
		DAB64B7F2D89CBB400319429 /* Exceptions for "Core" folder in "Core" target */ = {
			isa = PBXFileSystemSynchronizedBuildFileExceptionSet;
			publicHeaders = (
				Core.h,
			);
			target = DAB64B732D89CBB400319429 /* Core */;
		};
		DAB719A22DA6363800F32BE2 /* Exceptions for "Domain" folder in "Domain" target */ = {
			isa = PBXFileSystemSynchronizedBuildFileExceptionSet;
			publicHeaders = (
				Domain.h,
			);
			target = DAB719952DA6363800F32BE2 /* Domain */;
		};
/* End PBXFileSystemSynchronizedBuildFileExceptionSet section */

/* Begin PBXFileSystemSynchronizedRootGroup section */
		0C9CD41E2D31062B003F4455 /* Umpa */ = {
			isa = PBXFileSystemSynchronizedRootGroup;
			exceptions = (
				DA320E972D86734200FD7637 /* Exceptions for "Umpa" folder in "Umpa" target */,
				DA017DD42DB20F5C0015DD8F /* Exceptions for "Umpa" folder in "DataAccess" target */,
			);
			path = Umpa;
			sourceTree = "<group>";
		};
		DA376F892DA806F4002FE110 /* Tests */ = {
			isa = PBXFileSystemSynchronizedRootGroup;
			exceptions = (
				DA376F922DA806FC002FE110 /* Exceptions for "Tests" folder in "UmpaUnitTests" target */,
				DA376F932DA806FC002FE110 /* Exceptions for "Tests" folder in "UmpaUITests" target */,
			);
			path = Tests;
			sourceTree = "<group>";
		};
		DA7E35212D8D5B01001DD6AA /* DataAccess */ = {
			isa = PBXFileSystemSynchronizedRootGroup;
			exceptions = (
				DA7E352B2D8D5B01001DD6AA /* Exceptions for "DataAccess" folder in "DataAccess" target */,
			);
			path = DataAccess;
			sourceTree = "<group>";
		};
		DAB64B5E2D89CA5A00319429 /* Components */ = {
			isa = PBXFileSystemSynchronizedRootGroup;
			exceptions = (
				DAB64B682D89CA5A00319429 /* Exceptions for "Components" folder in "Components" target */,
			);
			path = Components;
			sourceTree = "<group>";
		};
		DAB64B752D89CBB400319429 /* Core */ = {
			isa = PBXFileSystemSynchronizedRootGroup;
			exceptions = (
				DAB64B7F2D89CBB400319429 /* Exceptions for "Core" folder in "Core" target */,
			);
			path = Core;
			sourceTree = "<group>";
		};
		DAB719972DA6363800F32BE2 /* Domain */ = {
			isa = PBXFileSystemSynchronizedRootGroup;
			exceptions = (
				DAB719A22DA6363800F32BE2 /* Exceptions for "Domain" folder in "Domain" target */,
			);
			path = Domain;
			sourceTree = "<group>";
		};
/* End PBXFileSystemSynchronizedRootGroup section */

/* Begin PBXFrameworksBuildPhase section */
		0C9CD4192D31062B003F4455 /* Frameworks */ = {
			isa = PBXFrameworksBuildPhase;
			buildActionMask = 2147483647;
			files = (
				DAB7199C2DA6363800F32BE2 /* Domain.framework in Frameworks */,
				DAA0639F2DB3AABF006F8B68 /* KakaoSDK in Frameworks */,
				DAA6527E2DB3F16000B218E6 /* GoogleSignIn in Frameworks */,
				DAA652802DB3F16000B218E6 /* GoogleSignInSwift in Frameworks */,
				DA7E352F2D8D5B5D001DD6AA /* DataAccess.framework in Frameworks */,
				DA1E76982DAF794E001FDAB3 /* Mockable in Frameworks */,
				DAB5DFE82DBA46E70075D9BC /* SFSafeSymbols in Frameworks */,
				DA017DAB2DB149D90015DD8F /* NidThirdPartyLogin in Frameworks */,
				DA9E60C32D902959009319A0 /* Factory in Frameworks */,
				DAB64B632D89CA5A00319429 /* Components.framework in Frameworks */,
				DAB64B7A2D89CBB400319429 /* Core.framework in Frameworks */,
				DAA063A32DB3AABF006F8B68 /* KakaoSDKUser in Frameworks */,
				DAA063A12DB3AABF006F8B68 /* KakaoSDKAuth in Frameworks */,
			);
			runOnlyForDeploymentPostprocessing = 0;
		};
		0C9CD4292D31062D003F4455 /* Frameworks */ = {
			isa = PBXFrameworksBuildPhase;
			buildActionMask = 2147483647;
			files = (
				DA1E76962DAF792A001FDAB3 /* Mockable in Frameworks */,
			);
			runOnlyForDeploymentPostprocessing = 0;
		};
		0C9CD4332D31062D003F4455 /* Frameworks */ = {
			isa = PBXFrameworksBuildPhase;
			buildActionMask = 2147483647;
			files = (
			);
			runOnlyForDeploymentPostprocessing = 0;
		};
		DA7E351D2D8D5B01001DD6AA /* Frameworks */ = {
			isa = PBXFrameworksBuildPhase;
			buildActionMask = 2147483647;
			files = (
				DAA6525B2DB3D18200B218E6 /* Factory in Frameworks */,
				DAB719B52DA6374400F32BE2 /* Domain.framework in Frameworks */,
				DAB719B82DA6374500F32BE2 /* Core.framework in Frameworks */,
			);
			runOnlyForDeploymentPostprocessing = 0;
		};
		DAB64B5A2D89CA5A00319429 /* Frameworks */ = {
			isa = PBXFrameworksBuildPhase;
			buildActionMask = 2147483647;
			files = (
			);
			runOnlyForDeploymentPostprocessing = 0;
		};
		DAB64B712D89CBB400319429 /* Frameworks */ = {
			isa = PBXFrameworksBuildPhase;
			buildActionMask = 2147483647;
			files = (
			);
			runOnlyForDeploymentPostprocessing = 0;
		};
		DAB719932DA6363800F32BE2 /* Frameworks */ = {
			isa = PBXFrameworksBuildPhase;
			buildActionMask = 2147483647;
			files = (
				DAA652602DB3D36300B218E6 /* Factory in Frameworks */,
				DA1E76942DAF78FE001FDAB3 /* Mockable in Frameworks */,
				DAB719BA2DA6374700F32BE2 /* Core.framework in Frameworks */,
			);
			runOnlyForDeploymentPostprocessing = 0;
		};
/* End PBXFrameworksBuildPhase section */

/* Begin PBXGroup section */
		0C9CD4132D31062B003F4455 = {
			isa = PBXGroup;
			children = (
				DAB64B5E2D89CA5A00319429 /* Components */,
				DAB64B752D89CBB400319429 /* Core */,
				DAB719972DA6363800F32BE2 /* Domain */,
				DA7E35212D8D5B01001DD6AA /* DataAccess */,
				0C9CD41E2D31062B003F4455 /* Umpa */,
				DA376F892DA806F4002FE110 /* Tests */,
				DAB64B802D89CBBE00319429 /* Frameworks */,
				0C9CD41D2D31062B003F4455 /* Products */,
			);
			sourceTree = "<group>";
		};
		0C9CD41D2D31062B003F4455 /* Products */ = {
			isa = PBXGroup;
			children = (
				0C9CD41C2D31062B003F4455 /* Umpa.app */,
				0C9CD42C2D31062D003F4455 /* UmpaUnitTests.xctest */,
				0C9CD4362D31062D003F4455 /* UmpaUITests.xctest */,
				DAB64B5D2D89CA5A00319429 /* Components.framework */,
				DAB64B742D89CBB400319429 /* Core.framework */,
				DA7E35202D8D5B01001DD6AA /* DataAccess.framework */,
				DAB719962DA6363800F32BE2 /* Domain.framework */,
			);
			name = Products;
			sourceTree = "<group>";
		};
		DAB64B802D89CBBE00319429 /* Frameworks */ = {
			isa = PBXGroup;
			children = (
			);
			name = Frameworks;
			sourceTree = "<group>";
		};
/* End PBXGroup section */

/* Begin PBXHeadersBuildPhase section */
		DA7E351B2D8D5B01001DD6AA /* Headers */ = {
			isa = PBXHeadersBuildPhase;
			buildActionMask = 2147483647;
			files = (
			);
			runOnlyForDeploymentPostprocessing = 0;
		};
		DAB64B582D89CA5A00319429 /* Headers */ = {
			isa = PBXHeadersBuildPhase;
			buildActionMask = 2147483647;
			files = (
			);
			runOnlyForDeploymentPostprocessing = 0;
		};
		DAB64B6F2D89CBB400319429 /* Headers */ = {
			isa = PBXHeadersBuildPhase;
			buildActionMask = 2147483647;
			files = (
			);
			runOnlyForDeploymentPostprocessing = 0;
		};
		DAB719912DA6363800F32BE2 /* Headers */ = {
			isa = PBXHeadersBuildPhase;
			buildActionMask = 2147483647;
			files = (
			);
			runOnlyForDeploymentPostprocessing = 0;
		};
/* End PBXHeadersBuildPhase section */

/* Begin PBXNativeTarget section */
		0C9CD41B2D31062B003F4455 /* Umpa */ = {
			isa = PBXNativeTarget;
			buildConfigurationList = 0C9CD4402D31062D003F4455 /* Build configuration list for PBXNativeTarget "Umpa" */;
			buildPhases = (
				0C9CD4182D31062B003F4455 /* Sources */,
				0C9CD4192D31062B003F4455 /* Frameworks */,
				0C9CD41A2D31062B003F4455 /* Resources */,
				DAB64B692D89CA5A00319429 /* Embed Frameworks */,
			);
			buildRules = (
			);
			dependencies = (
				DAB64B622D89CA5A00319429 /* PBXTargetDependency */,
				DAB64B792D89CBB400319429 /* PBXTargetDependency */,
				DA7E35312D8D5B5D001DD6AA /* PBXTargetDependency */,
				DAB7199B2DA6363800F32BE2 /* PBXTargetDependency */,
			);
			fileSystemSynchronizedGroups = (
				0C9CD41E2D31062B003F4455 /* Umpa */,
			);
			name = Umpa;
			packageProductDependencies = (
				DA9E60C22D902959009319A0 /* Factory */,
				DA1E76972DAF794E001FDAB3 /* Mockable */,
				DA017DAA2DB149D90015DD8F /* NidThirdPartyLogin */,
				DAA0639E2DB3AABF006F8B68 /* KakaoSDK */,
				DAA063A02DB3AABF006F8B68 /* KakaoSDKAuth */,
				DAA063A22DB3AABF006F8B68 /* KakaoSDKUser */,
				DAA6527D2DB3F16000B218E6 /* GoogleSignIn */,
				DAA6527F2DB3F16000B218E6 /* GoogleSignInSwift */,
				DAB5DFE72DBA46E70075D9BC /* SFSafeSymbols */,
			);
			productName = Umpa;
			productReference = 0C9CD41C2D31062B003F4455 /* Umpa.app */;
			productType = "com.apple.product-type.application";
		};
		0C9CD42B2D31062D003F4455 /* UmpaUnitTests */ = {
			isa = PBXNativeTarget;
			buildConfigurationList = 0C9CD4432D31062D003F4455 /* Build configuration list for PBXNativeTarget "UmpaUnitTests" */;
			buildPhases = (
				0C9CD4282D31062D003F4455 /* Sources */,
				0C9CD4292D31062D003F4455 /* Frameworks */,
				0C9CD42A2D31062D003F4455 /* Resources */,
			);
			buildRules = (
			);
			dependencies = (
				DA1E71682DAA3A50001FDAB3 /* PBXTargetDependency */,
			);
			name = UmpaUnitTests;
			packageProductDependencies = (
				DA1E76952DAF792A001FDAB3 /* Mockable */,
			);
			productName = UmpaTests;
			productReference = 0C9CD42C2D31062D003F4455 /* UmpaUnitTests.xctest */;
			productType = "com.apple.product-type.bundle.unit-test";
		};
		0C9CD4352D31062D003F4455 /* UmpaUITests */ = {
			isa = PBXNativeTarget;
			buildConfigurationList = 0C9CD4462D31062D003F4455 /* Build configuration list for PBXNativeTarget "UmpaUITests" */;
			buildPhases = (
				0C9CD4322D31062D003F4455 /* Sources */,
				0C9CD4332D31062D003F4455 /* Frameworks */,
				0C9CD4342D31062D003F4455 /* Resources */,
			);
			buildRules = (
			);
			dependencies = (
				0C9CD4382D31062D003F4455 /* PBXTargetDependency */,
			);
			name = UmpaUITests;
			packageProductDependencies = (
			);
			productName = UmpaUITests;
			productReference = 0C9CD4362D31062D003F4455 /* UmpaUITests.xctest */;
			productType = "com.apple.product-type.bundle.ui-testing";
		};
		DA7E351F2D8D5B01001DD6AA /* DataAccess */ = {
			isa = PBXNativeTarget;
			buildConfigurationList = DA7E35282D8D5B01001DD6AA /* Build configuration list for PBXNativeTarget "DataAccess" */;
			buildPhases = (
				DA7E351B2D8D5B01001DD6AA /* Headers */,
				DA7E351C2D8D5B01001DD6AA /* Sources */,
				DA7E351D2D8D5B01001DD6AA /* Frameworks */,
				DA7E351E2D8D5B01001DD6AA /* Resources */,
				DAB719B72DA6374400F32BE2 /* Embed Frameworks */,
			);
			buildRules = (
			);
			dependencies = (
				DAB719A62DA636EC00F32BE2 /* PBXTargetDependency */,
				DAB719B02DA6371700F32BE2 /* PBXTargetDependency */,
			);
			fileSystemSynchronizedGroups = (
				DA7E35212D8D5B01001DD6AA /* DataAccess */,
			);
			name = DataAccess;
			packageProductDependencies = (
				DAA6525A2DB3D18200B218E6 /* Factory */,
			);
			productName = Networking;
			productReference = DA7E35202D8D5B01001DD6AA /* DataAccess.framework */;
			productType = "com.apple.product-type.framework";
		};
		DAB64B5C2D89CA5A00319429 /* Components */ = {
			isa = PBXNativeTarget;
			buildConfigurationList = DAB64B652D89CA5A00319429 /* Build configuration list for PBXNativeTarget "Components" */;
			buildPhases = (
				DAB64B582D89CA5A00319429 /* Headers */,
				DAB64B592D89CA5A00319429 /* Sources */,
				DAB64B5A2D89CA5A00319429 /* Frameworks */,
				DAB64B5B2D89CA5A00319429 /* Resources */,
			);
			buildRules = (
			);
			dependencies = (
			);
			fileSystemSynchronizedGroups = (
				DAB64B5E2D89CA5A00319429 /* Components */,
			);
			name = Components;
			packageProductDependencies = (
			);
			productName = UmpaComponent;
			productReference = DAB64B5D2D89CA5A00319429 /* Components.framework */;
			productType = "com.apple.product-type.framework";
		};
		DAB64B732D89CBB400319429 /* Core */ = {
			isa = PBXNativeTarget;
			buildConfigurationList = DAB64B7C2D89CBB400319429 /* Build configuration list for PBXNativeTarget "Core" */;
			buildPhases = (
				DAB64B6F2D89CBB400319429 /* Headers */,
				DAB64B702D89CBB400319429 /* Sources */,
				DAB64B712D89CBB400319429 /* Frameworks */,
				DAB64B722D89CBB400319429 /* Resources */,
			);
			buildRules = (
			);
			dependencies = (
			);
			fileSystemSynchronizedGroups = (
				DAB64B752D89CBB400319429 /* Core */,
			);
			name = Core;
			packageProductDependencies = (
			);
			productName = Utility;
			productReference = DAB64B742D89CBB400319429 /* Core.framework */;
			productType = "com.apple.product-type.framework";
		};
		DAB719952DA6363800F32BE2 /* Domain */ = {
			isa = PBXNativeTarget;
			buildConfigurationList = DAB7199E2DA6363800F32BE2 /* Build configuration list for PBXNativeTarget "Domain" */;
			buildPhases = (
				DAB719912DA6363800F32BE2 /* Headers */,
				DAB719922DA6363800F32BE2 /* Sources */,
				DAB719932DA6363800F32BE2 /* Frameworks */,
				DAB719942DA6363800F32BE2 /* Resources */,
				DAB719BC2DA6374700F32BE2 /* Embed Frameworks */,
			);
			buildRules = (
			);
			dependencies = (
				DAB719AB2DA6370700F32BE2 /* PBXTargetDependency */,
			);
			fileSystemSynchronizedGroups = (
				DAB719972DA6363800F32BE2 /* Domain */,
			);
			name = Domain;
			packageProductDependencies = (
				DA1E76932DAF78FE001FDAB3 /* Mockable */,
				DAA6525F2DB3D36300B218E6 /* Factory */,
			);
			productName = Domain;
			productReference = DAB719962DA6363800F32BE2 /* Domain.framework */;
			productType = "com.apple.product-type.framework";
		};
/* End PBXNativeTarget section */

/* Begin PBXProject section */
		0C9CD4142D31062B003F4455 /* Project object */ = {
			isa = PBXProject;
			attributes = {
				BuildIndependentTargetsInParallel = 1;
				LastSwiftUpdateCheck = 1630;
				LastUpgradeCheck = 1630;
				TargetAttributes = {
					0C9CD41B2D31062B003F4455 = {
						CreatedOnToolsVersion = 16.2;
					};
					0C9CD42B2D31062D003F4455 = {
						CreatedOnToolsVersion = 16.2;
						TestTargetID = 0C9CD41B2D31062B003F4455;
					};
					0C9CD4352D31062D003F4455 = {
						CreatedOnToolsVersion = 16.2;
						TestTargetID = 0C9CD41B2D31062B003F4455;
					};
					DA7E351F2D8D5B01001DD6AA = {
						CreatedOnToolsVersion = 16.2;
					};
					DAB64B5C2D89CA5A00319429 = {
						CreatedOnToolsVersion = 16.2;
					};
					DAB64B732D89CBB400319429 = {
						CreatedOnToolsVersion = 16.2;
					};
					DAB719952DA6363800F32BE2 = {
						CreatedOnToolsVersion = 16.2;
					};
				};
			};
			buildConfigurationList = 0C9CD4172D31062B003F4455 /* Build configuration list for PBXProject "Umpa" */;
			developmentRegion = en;
			hasScannedForEncodings = 0;
			knownRegions = (
				en,
				Base,
			);
			mainGroup = 0C9CD4132D31062B003F4455;
			minimizedProjectReferenceProxies = 1;
			packageReferences = (
				DA9E60C12D902959009319A0 /* XCRemoteSwiftPackageReference "Factory" */,
				DA1E76922DAF78FE001FDAB3 /* XCRemoteSwiftPackageReference "Mockable" */,
				DA017DA92DB149D90015DD8F /* XCRemoteSwiftPackageReference "naveridlogin-sdk-ios-swift" */,
				DAA0639D2DB3AABF006F8B68 /* XCRemoteSwiftPackageReference "kakao-ios-sdk" */,
				DAA6527C2DB3F16000B218E6 /* XCRemoteSwiftPackageReference "GoogleSignIn-iOS" */,
				DAB5DFE62DBA46E70075D9BC /* XCRemoteSwiftPackageReference "SFSafeSymbols" */,
			);
			preferredProjectObjectVersion = 77;
			productRefGroup = 0C9CD41D2D31062B003F4455 /* Products */;
			projectDirPath = "";
			projectRoot = "";
			targets = (
				0C9CD41B2D31062B003F4455 /* Umpa */,
				0C9CD42B2D31062D003F4455 /* UmpaUnitTests */,
				0C9CD4352D31062D003F4455 /* UmpaUITests */,
				DAB64B5C2D89CA5A00319429 /* Components */,
				DAB64B732D89CBB400319429 /* Core */,
				DA7E351F2D8D5B01001DD6AA /* DataAccess */,
				DAB719952DA6363800F32BE2 /* Domain */,
			);
		};
/* End PBXProject section */

/* Begin PBXResourcesBuildPhase section */
		0C9CD41A2D31062B003F4455 /* Resources */ = {
			isa = PBXResourcesBuildPhase;
			buildActionMask = 2147483647;
			files = (
			);
			runOnlyForDeploymentPostprocessing = 0;
		};
		0C9CD42A2D31062D003F4455 /* Resources */ = {
			isa = PBXResourcesBuildPhase;
			buildActionMask = 2147483647;
			files = (
			);
			runOnlyForDeploymentPostprocessing = 0;
		};
		0C9CD4342D31062D003F4455 /* Resources */ = {
			isa = PBXResourcesBuildPhase;
			buildActionMask = 2147483647;
			files = (
			);
			runOnlyForDeploymentPostprocessing = 0;
		};
		DA7E351E2D8D5B01001DD6AA /* Resources */ = {
			isa = PBXResourcesBuildPhase;
			buildActionMask = 2147483647;
			files = (
			);
			runOnlyForDeploymentPostprocessing = 0;
		};
		DAB64B5B2D89CA5A00319429 /* Resources */ = {
			isa = PBXResourcesBuildPhase;
			buildActionMask = 2147483647;
			files = (
			);
			runOnlyForDeploymentPostprocessing = 0;
		};
		DAB64B722D89CBB400319429 /* Resources */ = {
			isa = PBXResourcesBuildPhase;
			buildActionMask = 2147483647;
			files = (
			);
			runOnlyForDeploymentPostprocessing = 0;
		};
		DAB719942DA6363800F32BE2 /* Resources */ = {
			isa = PBXResourcesBuildPhase;
			buildActionMask = 2147483647;
			files = (
			);
			runOnlyForDeploymentPostprocessing = 0;
		};
/* End PBXResourcesBuildPhase section */

/* Begin PBXSourcesBuildPhase section */
		0C9CD4182D31062B003F4455 /* Sources */ = {
			isa = PBXSourcesBuildPhase;
			buildActionMask = 2147483647;
			files = (
			);
			runOnlyForDeploymentPostprocessing = 0;
		};
		0C9CD4282D31062D003F4455 /* Sources */ = {
			isa = PBXSourcesBuildPhase;
			buildActionMask = 2147483647;
			files = (
			);
			runOnlyForDeploymentPostprocessing = 0;
		};
		0C9CD4322D31062D003F4455 /* Sources */ = {
			isa = PBXSourcesBuildPhase;
			buildActionMask = 2147483647;
			files = (
			);
			runOnlyForDeploymentPostprocessing = 0;
		};
		DA7E351C2D8D5B01001DD6AA /* Sources */ = {
			isa = PBXSourcesBuildPhase;
			buildActionMask = 2147483647;
			files = (
			);
			runOnlyForDeploymentPostprocessing = 0;
		};
		DAB64B592D89CA5A00319429 /* Sources */ = {
			isa = PBXSourcesBuildPhase;
			buildActionMask = 2147483647;
			files = (
			);
			runOnlyForDeploymentPostprocessing = 0;
		};
		DAB64B702D89CBB400319429 /* Sources */ = {
			isa = PBXSourcesBuildPhase;
			buildActionMask = 2147483647;
			files = (
			);
			runOnlyForDeploymentPostprocessing = 0;
		};
		DAB719922DA6363800F32BE2 /* Sources */ = {
			isa = PBXSourcesBuildPhase;
			buildActionMask = 2147483647;
			files = (
			);
			runOnlyForDeploymentPostprocessing = 0;
		};
/* End PBXSourcesBuildPhase section */

/* Begin PBXTargetDependency section */
		0C9CD4382D31062D003F4455 /* PBXTargetDependency */ = {
			isa = PBXTargetDependency;
			target = 0C9CD41B2D31062B003F4455 /* Umpa */;
			targetProxy = 0C9CD4372D31062D003F4455 /* PBXContainerItemProxy */;
		};
		DA1E71682DAA3A50001FDAB3 /* PBXTargetDependency */ = {
			isa = PBXTargetDependency;
			target = 0C9CD41B2D31062B003F4455 /* Umpa */;
			targetProxy = DA1E71672DAA3A50001FDAB3 /* PBXContainerItemProxy */;
		};
		DA7E35312D8D5B5D001DD6AA /* PBXTargetDependency */ = {
			isa = PBXTargetDependency;
			target = DA7E351F2D8D5B01001DD6AA /* DataAccess */;
			targetProxy = DA7E35302D8D5B5D001DD6AA /* PBXContainerItemProxy */;
		};
		DAB64B622D89CA5A00319429 /* PBXTargetDependency */ = {
			isa = PBXTargetDependency;
			target = DAB64B5C2D89CA5A00319429 /* Components */;
			targetProxy = DAB64B612D89CA5A00319429 /* PBXContainerItemProxy */;
		};
		DAB64B792D89CBB400319429 /* PBXTargetDependency */ = {
			isa = PBXTargetDependency;
			target = DAB64B732D89CBB400319429 /* Core */;
			targetProxy = DAB64B782D89CBB400319429 /* PBXContainerItemProxy */;
		};
		DAB7199B2DA6363800F32BE2 /* PBXTargetDependency */ = {
			isa = PBXTargetDependency;
			target = DAB719952DA6363800F32BE2 /* Domain */;
			targetProxy = DAB7199A2DA6363800F32BE2 /* PBXContainerItemProxy */;
		};
		DAB719A62DA636EC00F32BE2 /* PBXTargetDependency */ = {
			isa = PBXTargetDependency;
			platformFilter = ios;
			target = DAB64B732D89CBB400319429 /* Core */;
			targetProxy = DAB719A52DA636EC00F32BE2 /* PBXContainerItemProxy */;
		};
		DAB719AB2DA6370700F32BE2 /* PBXTargetDependency */ = {
			isa = PBXTargetDependency;
			platformFilter = ios;
			target = DAB64B732D89CBB400319429 /* Core */;
			targetProxy = DAB719AA2DA6370700F32BE2 /* PBXContainerItemProxy */;
		};
		DAB719B02DA6371700F32BE2 /* PBXTargetDependency */ = {
			isa = PBXTargetDependency;
			target = DAB719952DA6363800F32BE2 /* Domain */;
			targetProxy = DAB719AF2DA6371700F32BE2 /* PBXContainerItemProxy */;
		};
/* End PBXTargetDependency section */

/* Begin XCBuildConfiguration section */
		0C9CD43E2D31062D003F4455 /* Debug */ = {
			isa = XCBuildConfiguration;
			baseConfigurationReferenceAnchor = 0C9CD41E2D31062B003F4455 /* Umpa */;
			baseConfigurationReferenceRelativePath = Config/Debug.xcconfig;
			buildSettings = {
				ALWAYS_SEARCH_USER_PATHS = NO;
				ASSETCATALOG_COMPILER_GENERATE_SWIFT_ASSET_SYMBOL_EXTENSIONS = YES;
				CLANG_ANALYZER_NONNULL = YES;
				CLANG_ANALYZER_NUMBER_OBJECT_CONVERSION = YES_AGGRESSIVE;
				CLANG_CXX_LANGUAGE_STANDARD = "gnu++20";
				CLANG_ENABLE_MODULES = YES;
				CLANG_ENABLE_OBJC_ARC = YES;
				CLANG_ENABLE_OBJC_WEAK = YES;
				CLANG_WARN_BLOCK_CAPTURE_AUTORELEASING = YES;
				CLANG_WARN_BOOL_CONVERSION = YES;
				CLANG_WARN_COMMA = YES;
				CLANG_WARN_CONSTANT_CONVERSION = YES;
				CLANG_WARN_DEPRECATED_OBJC_IMPLEMENTATIONS = YES;
				CLANG_WARN_DIRECT_OBJC_ISA_USAGE = YES_ERROR;
				CLANG_WARN_DOCUMENTATION_COMMENTS = YES;
				CLANG_WARN_EMPTY_BODY = YES;
				CLANG_WARN_ENUM_CONVERSION = YES;
				CLANG_WARN_INFINITE_RECURSION = YES;
				CLANG_WARN_INT_CONVERSION = YES;
				CLANG_WARN_NON_LITERAL_NULL_CONVERSION = YES;
				CLANG_WARN_OBJC_IMPLICIT_RETAIN_SELF = YES;
				CLANG_WARN_OBJC_LITERAL_CONVERSION = YES;
				CLANG_WARN_OBJC_ROOT_CLASS = YES_ERROR;
				CLANG_WARN_QUOTED_INCLUDE_IN_FRAMEWORK_HEADER = YES;
				CLANG_WARN_RANGE_LOOP_ANALYSIS = YES;
				CLANG_WARN_STRICT_PROTOTYPES = YES;
				CLANG_WARN_SUSPICIOUS_MOVE = YES;
				CLANG_WARN_UNGUARDED_AVAILABILITY = YES_AGGRESSIVE;
				CLANG_WARN_UNREACHABLE_CODE = YES;
				CLANG_WARN__DUPLICATE_METHOD_MATCH = YES;
				COPY_PHASE_STRIP = NO;
				DEBUG_INFORMATION_FORMAT = dwarf;
				ENABLE_MODULE_VERIFIER = NO;
				ENABLE_STRICT_OBJC_MSGSEND = YES;
				ENABLE_TESTABILITY = YES;
				ENABLE_USER_SCRIPT_SANDBOXING = NO;
				GCC_C_LANGUAGE_STANDARD = gnu17;
				GCC_DYNAMIC_NO_PIC = NO;
				GCC_NO_COMMON_BLOCKS = YES;
				GCC_OPTIMIZATION_LEVEL = 0;
				GCC_PREPROCESSOR_DEFINITIONS = (
					"DEBUG=1",
					"$(inherited)",
				);
				GCC_WARN_64_TO_32_BIT_CONVERSION = YES;
				GCC_WARN_ABOUT_RETURN_TYPE = YES_ERROR;
				GCC_WARN_UNDECLARED_SELECTOR = YES;
				GCC_WARN_UNINITIALIZED_AUTOS = YES_AGGRESSIVE;
				GCC_WARN_UNUSED_FUNCTION = YES;
				GCC_WARN_UNUSED_VARIABLE = YES;
				IPHONEOS_DEPLOYMENT_TARGET = 18.2;
				LOCALIZATION_PREFERS_STRING_CATALOGS = YES;
				MTL_ENABLE_DEBUG_INFO = INCLUDE_SOURCE;
				MTL_FAST_MATH = YES;
				ONLY_ACTIVE_ARCH = YES;
				OTHER_SWIFT_FLAGS = "";
				SDKROOT = iphoneos;
				SWIFT_ACTIVE_COMPILATION_CONDITIONS = "DEBUG $(inherited) MOCKING";
				SWIFT_OPTIMIZATION_LEVEL = "-Onone";
				SWIFT_VERSION = 5.0;
				SYMROOT = build;
			};
			name = Debug;
		};
		0C9CD43F2D31062D003F4455 /* Release */ = {
			isa = XCBuildConfiguration;
			baseConfigurationReferenceAnchor = 0C9CD41E2D31062B003F4455 /* Umpa */;
			baseConfigurationReferenceRelativePath = Config/Release.xcconfig;
			buildSettings = {
				ALWAYS_SEARCH_USER_PATHS = NO;
				ASSETCATALOG_COMPILER_GENERATE_SWIFT_ASSET_SYMBOL_EXTENSIONS = YES;
				CLANG_ANALYZER_NONNULL = YES;
				CLANG_ANALYZER_NUMBER_OBJECT_CONVERSION = YES_AGGRESSIVE;
				CLANG_CXX_LANGUAGE_STANDARD = "gnu++20";
				CLANG_ENABLE_MODULES = YES;
				CLANG_ENABLE_OBJC_ARC = YES;
				CLANG_ENABLE_OBJC_WEAK = YES;
				CLANG_WARN_BLOCK_CAPTURE_AUTORELEASING = YES;
				CLANG_WARN_BOOL_CONVERSION = YES;
				CLANG_WARN_COMMA = YES;
				CLANG_WARN_CONSTANT_CONVERSION = YES;
				CLANG_WARN_DEPRECATED_OBJC_IMPLEMENTATIONS = YES;
				CLANG_WARN_DIRECT_OBJC_ISA_USAGE = YES_ERROR;
				CLANG_WARN_DOCUMENTATION_COMMENTS = YES;
				CLANG_WARN_EMPTY_BODY = YES;
				CLANG_WARN_ENUM_CONVERSION = YES;
				CLANG_WARN_INFINITE_RECURSION = YES;
				CLANG_WARN_INT_CONVERSION = YES;
				CLANG_WARN_NON_LITERAL_NULL_CONVERSION = YES;
				CLANG_WARN_OBJC_IMPLICIT_RETAIN_SELF = YES;
				CLANG_WARN_OBJC_LITERAL_CONVERSION = YES;
				CLANG_WARN_OBJC_ROOT_CLASS = YES_ERROR;
				CLANG_WARN_QUOTED_INCLUDE_IN_FRAMEWORK_HEADER = YES;
				CLANG_WARN_RANGE_LOOP_ANALYSIS = YES;
				CLANG_WARN_STRICT_PROTOTYPES = YES;
				CLANG_WARN_SUSPICIOUS_MOVE = YES;
				CLANG_WARN_UNGUARDED_AVAILABILITY = YES_AGGRESSIVE;
				CLANG_WARN_UNREACHABLE_CODE = YES;
				CLANG_WARN__DUPLICATE_METHOD_MATCH = YES;
				COPY_PHASE_STRIP = NO;
				DEBUG_INFORMATION_FORMAT = "dwarf-with-dsym";
				ENABLE_MODULE_VERIFIER = NO;
				ENABLE_NS_ASSERTIONS = NO;
				ENABLE_STRICT_OBJC_MSGSEND = YES;
				ENABLE_USER_SCRIPT_SANDBOXING = NO;
				GCC_C_LANGUAGE_STANDARD = gnu17;
				GCC_NO_COMMON_BLOCKS = YES;
				GCC_WARN_64_TO_32_BIT_CONVERSION = YES;
				GCC_WARN_ABOUT_RETURN_TYPE = YES_ERROR;
				GCC_WARN_UNDECLARED_SELECTOR = YES;
				GCC_WARN_UNINITIALIZED_AUTOS = YES_AGGRESSIVE;
				GCC_WARN_UNUSED_FUNCTION = YES;
				GCC_WARN_UNUSED_VARIABLE = YES;
				IPHONEOS_DEPLOYMENT_TARGET = 18.2;
				LOCALIZATION_PREFERS_STRING_CATALOGS = YES;
				MTL_ENABLE_DEBUG_INFO = NO;
				MTL_FAST_MATH = YES;
				OTHER_SWIFT_FLAGS = "";
				SDKROOT = iphoneos;
				SWIFT_ACTIVE_COMPILATION_CONDITIONS = "";
				SWIFT_COMPILATION_MODE = wholemodule;
				SWIFT_VERSION = 5.0;
				SYMROOT = build;
				VALIDATE_PRODUCT = YES;
			};
			name = Release;
		};
		0C9CD4412D31062D003F4455 /* Debug */ = {
			isa = XCBuildConfiguration;
			buildSettings = {
				ASSETCATALOG_COMPILER_APPICON_NAME = AppIcon;
				ASSETCATALOG_COMPILER_GLOBAL_ACCENT_COLOR_NAME = AccentColor;
				CODE_SIGN_IDENTITY = "Apple Development";
				CODE_SIGN_STYLE = Automatic;
				CURRENT_PROJECT_VERSION = 1;
				DEVELOPMENT_ASSET_PATHS = "Umpa/Preview\\ Content/Preview\\ Assets.xcassets";
				DEVELOPMENT_TEAM = 2AVC8X7323;
				ENABLE_PREVIEWS = YES;
				GENERATE_INFOPLIST_FILE = YES;
				INFOPLIST_FILE = Umpa/Info.plist;
				INFOPLIST_KEY_CFBundleDisplayName = "$(APP_DISPLAY_NAME)";
				INFOPLIST_KEY_UIApplicationSceneManifest_Generation = YES;
				INFOPLIST_KEY_UIApplicationSupportsIndirectInputEvents = YES;
				INFOPLIST_KEY_UILaunchScreen_Generation = YES;
				INFOPLIST_KEY_UISupportedInterfaceOrientations_iPad = "UIInterfaceOrientationPortrait UIInterfaceOrientationPortraitUpsideDown UIInterfaceOrientationLandscapeLeft UIInterfaceOrientationLandscapeRight";
				INFOPLIST_KEY_UISupportedInterfaceOrientations_iPhone = "UIInterfaceOrientationPortrait UIInterfaceOrientationLandscapeLeft UIInterfaceOrientationLandscapeRight";
				INFOPLIST_KEY_UIUserInterfaceStyle = Light;
				IPHONEOS_DEPLOYMENT_TARGET = 17.0;
				LD_RUNPATH_SEARCH_PATHS = (
					"$(inherited)",
					"@executable_path/Frameworks",
				);
				MARKETING_VERSION = 1.0;
				OTHER_SWIFT_FLAGS = "$(inherited)";
				PRODUCT_BUNDLE_IDENTIFIER = com.pob.Umpa;
				PRODUCT_NAME = "$(TARGET_NAME)";
				PROVISIONING_PROFILE_SPECIFIER = "";
				SUPPORTED_PLATFORMS = "iphoneos iphonesimulator";
				SUPPORTS_MACCATALYST = NO;
				SUPPORTS_MAC_DESIGNED_FOR_IPHONE_IPAD = NO;
				SUPPORTS_XR_DESIGNED_FOR_IPHONE_IPAD = NO;
				SWIFT_ACTIVE_COMPILATION_CONDITIONS = "$(inherited)";
				SWIFT_EMIT_LOC_STRINGS = YES;
				SWIFT_VERSION = 5.0;
				TARGETED_DEVICE_FAMILY = "1,2";
			};
			name = Debug;
		};
		0C9CD4422D31062D003F4455 /* Release */ = {
			isa = XCBuildConfiguration;
			buildSettings = {
				ASSETCATALOG_COMPILER_APPICON_NAME = AppIcon;
				ASSETCATALOG_COMPILER_GLOBAL_ACCENT_COLOR_NAME = AccentColor;
				CODE_SIGN_IDENTITY = "Apple Development";
				CODE_SIGN_STYLE = Automatic;
				CURRENT_PROJECT_VERSION = 1;
				DEVELOPMENT_ASSET_PATHS = "Umpa/Preview\\ Content/Preview\\ Assets.xcassets";
				DEVELOPMENT_TEAM = 2AVC8X7323;
				ENABLE_PREVIEWS = YES;
				GENERATE_INFOPLIST_FILE = YES;
				INFOPLIST_FILE = Umpa/Info.plist;
				INFOPLIST_KEY_CFBundleDisplayName = "$(APP_DISPLAY_NAME)";
				INFOPLIST_KEY_UIApplicationSceneManifest_Generation = YES;
				INFOPLIST_KEY_UIApplicationSupportsIndirectInputEvents = YES;
				INFOPLIST_KEY_UILaunchScreen_Generation = YES;
				INFOPLIST_KEY_UISupportedInterfaceOrientations_iPad = "UIInterfaceOrientationPortrait UIInterfaceOrientationPortraitUpsideDown UIInterfaceOrientationLandscapeLeft UIInterfaceOrientationLandscapeRight";
				INFOPLIST_KEY_UISupportedInterfaceOrientations_iPhone = "UIInterfaceOrientationPortrait UIInterfaceOrientationLandscapeLeft UIInterfaceOrientationLandscapeRight";
				INFOPLIST_KEY_UIUserInterfaceStyle = Light;
				IPHONEOS_DEPLOYMENT_TARGET = 17.0;
				LD_RUNPATH_SEARCH_PATHS = (
					"$(inherited)",
					"@executable_path/Frameworks",
				);
				MARKETING_VERSION = 1.0;
				OTHER_SWIFT_FLAGS = "$(inherited)";
				PRODUCT_BUNDLE_IDENTIFIER = com.pob.Umpa;
				PRODUCT_NAME = "$(TARGET_NAME)";
				PROVISIONING_PROFILE_SPECIFIER = "";
				SUPPORTED_PLATFORMS = "iphoneos iphonesimulator";
				SUPPORTS_MACCATALYST = NO;
				SUPPORTS_MAC_DESIGNED_FOR_IPHONE_IPAD = NO;
				SUPPORTS_XR_DESIGNED_FOR_IPHONE_IPAD = NO;
				SWIFT_EMIT_LOC_STRINGS = YES;
				SWIFT_VERSION = 5.0;
				TARGETED_DEVICE_FAMILY = "1,2";
			};
			name = Release;
		};
		0C9CD4442D31062D003F4455 /* Debug */ = {
			isa = XCBuildConfiguration;
			buildSettings = {
				BUNDLE_LOADER = "$(TEST_HOST)";
				CODE_SIGN_STYLE = Automatic;
				CURRENT_PROJECT_VERSION = 1;
				DEVELOPMENT_TEAM = 2AVC8X7323;
				GENERATE_INFOPLIST_FILE = YES;
				IPHONEOS_DEPLOYMENT_TARGET = 17.0;
				MARKETING_VERSION = 1.0;
				PRODUCT_BUNDLE_IDENTIFIER = com.pob.UmpaUnitTests;
				PRODUCT_NAME = "$(TARGET_NAME)";
				SUPPORTED_PLATFORMS = "iphoneos iphonesimulator";
				SUPPORTS_MACCATALYST = NO;
				SUPPORTS_MAC_DESIGNED_FOR_IPHONE_IPAD = NO;
				SUPPORTS_XR_DESIGNED_FOR_IPHONE_IPAD = NO;
				SWIFT_EMIT_LOC_STRINGS = NO;
				SWIFT_VERSION = 5.0;
				TARGETED_DEVICE_FAMILY = "1,2";
				TEST_HOST = "$(BUILT_PRODUCTS_DIR)/Umpa.app/$(BUNDLE_EXECUTABLE_FOLDER_PATH)/Umpa";
			};
			name = Debug;
		};
		0C9CD4452D31062D003F4455 /* Release */ = {
			isa = XCBuildConfiguration;
			buildSettings = {
				BUNDLE_LOADER = "$(TEST_HOST)";
				CODE_SIGN_STYLE = Automatic;
				CURRENT_PROJECT_VERSION = 1;
				DEVELOPMENT_TEAM = 2AVC8X7323;
				GENERATE_INFOPLIST_FILE = YES;
				IPHONEOS_DEPLOYMENT_TARGET = 17.0;
				MARKETING_VERSION = 1.0;
				PRODUCT_BUNDLE_IDENTIFIER = com.pob.UmpaUnitTests;
				PRODUCT_NAME = "$(TARGET_NAME)";
				SUPPORTED_PLATFORMS = "iphoneos iphonesimulator";
				SUPPORTS_MACCATALYST = NO;
				SUPPORTS_MAC_DESIGNED_FOR_IPHONE_IPAD = NO;
				SUPPORTS_XR_DESIGNED_FOR_IPHONE_IPAD = NO;
				SWIFT_EMIT_LOC_STRINGS = NO;
				SWIFT_VERSION = 5.0;
				TARGETED_DEVICE_FAMILY = "1,2";
				TEST_HOST = "$(BUILT_PRODUCTS_DIR)/Umpa.app/$(BUNDLE_EXECUTABLE_FOLDER_PATH)/Umpa";
			};
			name = Release;
		};
		0C9CD4472D31062D003F4455 /* Debug */ = {
			isa = XCBuildConfiguration;
			buildSettings = {
				CODE_SIGN_STYLE = Automatic;
				CURRENT_PROJECT_VERSION = 1;
				DEVELOPMENT_TEAM = 2AVC8X7323;
				GENERATE_INFOPLIST_FILE = YES;
				IPHONEOS_DEPLOYMENT_TARGET = 17.0;
				MARKETING_VERSION = 1.0;
				PRODUCT_BUNDLE_IDENTIFIER = com.pob.UmpaUITests;
				PRODUCT_NAME = "$(TARGET_NAME)";
				SUPPORTED_PLATFORMS = "iphoneos iphonesimulator";
				SUPPORTS_MACCATALYST = NO;
				SUPPORTS_MAC_DESIGNED_FOR_IPHONE_IPAD = NO;
				SUPPORTS_XR_DESIGNED_FOR_IPHONE_IPAD = NO;
				SWIFT_EMIT_LOC_STRINGS = NO;
				SWIFT_VERSION = 5.0;
				TARGETED_DEVICE_FAMILY = "1,2";
				TEST_TARGET_NAME = Umpa;
			};
			name = Debug;
		};
		0C9CD4482D31062D003F4455 /* Release */ = {
			isa = XCBuildConfiguration;
			buildSettings = {
				CODE_SIGN_STYLE = Automatic;
				CURRENT_PROJECT_VERSION = 1;
				DEVELOPMENT_TEAM = 2AVC8X7323;
				GENERATE_INFOPLIST_FILE = YES;
				IPHONEOS_DEPLOYMENT_TARGET = 17.0;
				MARKETING_VERSION = 1.0;
				PRODUCT_BUNDLE_IDENTIFIER = com.pob.UmpaUITests;
				PRODUCT_NAME = "$(TARGET_NAME)";
				SUPPORTED_PLATFORMS = "iphoneos iphonesimulator";
				SUPPORTS_MACCATALYST = NO;
				SUPPORTS_MAC_DESIGNED_FOR_IPHONE_IPAD = NO;
				SUPPORTS_XR_DESIGNED_FOR_IPHONE_IPAD = NO;
				SWIFT_EMIT_LOC_STRINGS = NO;
				SWIFT_VERSION = 5.0;
				TARGETED_DEVICE_FAMILY = "1,2";
				TEST_TARGET_NAME = Umpa;
			};
			name = Release;
		};
		DA7E35292D8D5B01001DD6AA /* Debug */ = {
			isa = XCBuildConfiguration;
			buildSettings = {
				BUILD_LIBRARY_FOR_DISTRIBUTION = NO;
				CODE_SIGN_IDENTITY = "";
				CODE_SIGN_STYLE = Automatic;
				CURRENT_PROJECT_VERSION = 1;
				DEFINES_MODULE = YES;
				DEVELOPMENT_TEAM = 2AVC8X7323;
				DYLIB_COMPATIBILITY_VERSION = 1;
				DYLIB_CURRENT_VERSION = 1;
				DYLIB_INSTALL_NAME_BASE = "@rpath";
				ENABLE_MODULE_VERIFIER = NO;
				GENERATE_INFOPLIST_FILE = YES;
				INFOPLIST_KEY_NSHumanReadableCopyright = "";
				INSTALL_PATH = "$(LOCAL_LIBRARY_DIR)/Frameworks";
				IPHONEOS_DEPLOYMENT_TARGET = 17.0;
				LD_RUNPATH_SEARCH_PATHS = (
					"$(inherited)",
					"@executable_path/Frameworks",
					"@loader_path/Frameworks",
				);
				MARKETING_VERSION = 1.0;
				MODULE_VERIFIER_SUPPORTED_LANGUAGES = "objective-c objective-c++";
				MODULE_VERIFIER_SUPPORTED_LANGUAGE_STANDARDS = "gnu17 gnu++20";
				OTHER_SWIFT_FLAGS = "$(inherited)";
				PRODUCT_BUNDLE_IDENTIFIER = com.pob.Umpa.DataAccess;
				PRODUCT_NAME = "$(TARGET_NAME:c99extidentifier)";
				SKIP_INSTALL = YES;
				SUPPORTED_PLATFORMS = "iphoneos iphonesimulator";
				SUPPORTS_MACCATALYST = NO;
				SUPPORTS_MAC_DESIGNED_FOR_IPHONE_IPAD = NO;
				SUPPORTS_XR_DESIGNED_FOR_IPHONE_IPAD = NO;
				SWIFT_ACTIVE_COMPILATION_CONDITIONS = "$(inherited)";
				SWIFT_EMIT_LOC_STRINGS = YES;
				SWIFT_INSTALL_OBJC_HEADER = NO;
				SWIFT_VERSION = 5.0;
				TARGETED_DEVICE_FAMILY = "1,2";
				VERSIONING_SYSTEM = "apple-generic";
				VERSION_INFO_PREFIX = "";
			};
			name = Debug;
		};
		DA7E352A2D8D5B01001DD6AA /* Release */ = {
			isa = XCBuildConfiguration;
			buildSettings = {
				BUILD_LIBRARY_FOR_DISTRIBUTION = NO;
				CODE_SIGN_IDENTITY = "";
				CODE_SIGN_STYLE = Automatic;
				CURRENT_PROJECT_VERSION = 1;
				DEFINES_MODULE = YES;
				DEVELOPMENT_TEAM = 2AVC8X7323;
				DYLIB_COMPATIBILITY_VERSION = 1;
				DYLIB_CURRENT_VERSION = 1;
				DYLIB_INSTALL_NAME_BASE = "@rpath";
				ENABLE_MODULE_VERIFIER = NO;
				GENERATE_INFOPLIST_FILE = YES;
				INFOPLIST_KEY_NSHumanReadableCopyright = "";
				INSTALL_PATH = "$(LOCAL_LIBRARY_DIR)/Frameworks";
				IPHONEOS_DEPLOYMENT_TARGET = 17.0;
				LD_RUNPATH_SEARCH_PATHS = (
					"$(inherited)",
					"@executable_path/Frameworks",
					"@loader_path/Frameworks",
				);
				MARKETING_VERSION = 1.0;
				MODULE_VERIFIER_SUPPORTED_LANGUAGES = "objective-c objective-c++";
				MODULE_VERIFIER_SUPPORTED_LANGUAGE_STANDARDS = "gnu17 gnu++20";
				OTHER_SWIFT_FLAGS = "$(inherited)";
				PRODUCT_BUNDLE_IDENTIFIER = com.pob.Umpa.DataAccess;
				PRODUCT_NAME = "$(TARGET_NAME:c99extidentifier)";
				SKIP_INSTALL = YES;
				SUPPORTED_PLATFORMS = "iphoneos iphonesimulator";
				SUPPORTS_MACCATALYST = NO;
				SUPPORTS_MAC_DESIGNED_FOR_IPHONE_IPAD = NO;
				SUPPORTS_XR_DESIGNED_FOR_IPHONE_IPAD = NO;
				SWIFT_EMIT_LOC_STRINGS = YES;
				SWIFT_INSTALL_OBJC_HEADER = NO;
				SWIFT_VERSION = 5.0;
				TARGETED_DEVICE_FAMILY = "1,2";
				VERSIONING_SYSTEM = "apple-generic";
				VERSION_INFO_PREFIX = "";
			};
			name = Release;
		};
		DAB64B662D89CA5A00319429 /* Debug */ = {
			isa = XCBuildConfiguration;
			buildSettings = {
				ALLOW_TARGET_PLATFORM_SPECIALIZATION = YES;
				BUILD_LIBRARY_FOR_DISTRIBUTION = NO;
				CODE_SIGN_IDENTITY = "";
				CODE_SIGN_STYLE = Automatic;
				CURRENT_PROJECT_VERSION = 1;
				DEAD_CODE_STRIPPING = YES;
				DEFINES_MODULE = YES;
				DEVELOPMENT_ASSET_PATHS = "Umpa/Preview\\ Content/Preview\\ Assets.xcassets";
				DEVELOPMENT_TEAM = 2AVC8X7323;
				DYLIB_COMPATIBILITY_VERSION = 1;
				DYLIB_CURRENT_VERSION = 1;
				DYLIB_INSTALL_NAME_BASE = "@rpath";
				ENABLE_MODULE_VERIFIER = NO;
				GENERATE_INFOPLIST_FILE = YES;
				INFOPLIST_KEY_NSHumanReadableCopyright = "";
				INSTALL_PATH = "$(LOCAL_LIBRARY_DIR)/Frameworks";
				IPHONEOS_DEPLOYMENT_TARGET = 17.0;
				LD_RUNPATH_SEARCH_PATHS = (
					"@executable_path/Frameworks",
					"@loader_path/Frameworks",
				);
				"LD_RUNPATH_SEARCH_PATHS[sdk=macosx*]" = (
					"@executable_path/../Frameworks",
					"@loader_path/Frameworks",
				);
				MACOSX_DEPLOYMENT_TARGET = 15.0;
				MARKETING_VERSION = 1.0;
				MODULE_VERIFIER_SUPPORTED_LANGUAGES = "objective-c objective-c++";
				MODULE_VERIFIER_SUPPORTED_LANGUAGE_STANDARDS = "gnu17 gnu++20";
				OTHER_SWIFT_FLAGS = "$(inherited)";
				PRODUCT_BUNDLE_IDENTIFIER = com.pob.Umpa.Components;
				PRODUCT_NAME = "$(TARGET_NAME:c99extidentifier)";
				REGISTER_APP_GROUPS = NO;
				SDKROOT = auto;
				SKIP_INSTALL = YES;
				SUPPORTED_PLATFORMS = "iphoneos iphonesimulator";
				SUPPORTS_MACCATALYST = NO;
				SUPPORTS_MAC_DESIGNED_FOR_IPHONE_IPAD = NO;
				SWIFT_ACTIVE_COMPILATION_CONDITIONS = "$(inherited)";
				SWIFT_EMIT_LOC_STRINGS = YES;
				SWIFT_INSTALL_OBJC_HEADER = NO;
				SWIFT_VERSION = 5.0;
				TARGETED_DEVICE_FAMILY = "1,2";
				VERSIONING_SYSTEM = "apple-generic";
				VERSION_INFO_PREFIX = "";
				XROS_DEPLOYMENT_TARGET = 2.2;
			};
			name = Debug;
		};
		DAB64B672D89CA5A00319429 /* Release */ = {
			isa = XCBuildConfiguration;
			buildSettings = {
				ALLOW_TARGET_PLATFORM_SPECIALIZATION = YES;
				BUILD_LIBRARY_FOR_DISTRIBUTION = NO;
				CODE_SIGN_IDENTITY = "";
				CODE_SIGN_STYLE = Automatic;
				CURRENT_PROJECT_VERSION = 1;
				DEAD_CODE_STRIPPING = YES;
				DEFINES_MODULE = YES;
				DEVELOPMENT_ASSET_PATHS = "Umpa/Preview\\ Content/Preview\\ Assets.xcassets";
				DEVELOPMENT_TEAM = 2AVC8X7323;
				DYLIB_COMPATIBILITY_VERSION = 1;
				DYLIB_CURRENT_VERSION = 1;
				DYLIB_INSTALL_NAME_BASE = "@rpath";
				ENABLE_MODULE_VERIFIER = NO;
				GENERATE_INFOPLIST_FILE = YES;
				INFOPLIST_KEY_NSHumanReadableCopyright = "";
				INSTALL_PATH = "$(LOCAL_LIBRARY_DIR)/Frameworks";
				IPHONEOS_DEPLOYMENT_TARGET = 17.0;
				LD_RUNPATH_SEARCH_PATHS = (
					"@executable_path/Frameworks",
					"@loader_path/Frameworks",
				);
				"LD_RUNPATH_SEARCH_PATHS[sdk=macosx*]" = (
					"@executable_path/../Frameworks",
					"@loader_path/Frameworks",
				);
				MACOSX_DEPLOYMENT_TARGET = 15.0;
				MARKETING_VERSION = 1.0;
				MODULE_VERIFIER_SUPPORTED_LANGUAGES = "objective-c objective-c++";
				MODULE_VERIFIER_SUPPORTED_LANGUAGE_STANDARDS = "gnu17 gnu++20";
				OTHER_SWIFT_FLAGS = "$(inherited)";
				PRODUCT_BUNDLE_IDENTIFIER = com.pob.Umpa.Components;
				PRODUCT_NAME = "$(TARGET_NAME:c99extidentifier)";
				REGISTER_APP_GROUPS = NO;
				SDKROOT = auto;
				SKIP_INSTALL = YES;
				SUPPORTED_PLATFORMS = "iphoneos iphonesimulator";
				SUPPORTS_MACCATALYST = NO;
				SUPPORTS_MAC_DESIGNED_FOR_IPHONE_IPAD = NO;
				SWIFT_EMIT_LOC_STRINGS = YES;
				SWIFT_INSTALL_OBJC_HEADER = NO;
				SWIFT_VERSION = 5.0;
				TARGETED_DEVICE_FAMILY = "1,2";
				VERSIONING_SYSTEM = "apple-generic";
				VERSION_INFO_PREFIX = "";
				XROS_DEPLOYMENT_TARGET = 2.2;
			};
			name = Release;
		};
		DAB64B7D2D89CBB400319429 /* Debug */ = {
			isa = XCBuildConfiguration;
			buildSettings = {
				ALLOW_TARGET_PLATFORM_SPECIALIZATION = YES;
				BUILD_LIBRARY_FOR_DISTRIBUTION = NO;
				CODE_SIGN_IDENTITY = "";
				CODE_SIGN_STYLE = Automatic;
				CURRENT_PROJECT_VERSION = 1;
				DEAD_CODE_STRIPPING = YES;
				DEFINES_MODULE = YES;
				DEVELOPMENT_TEAM = 2AVC8X7323;
				DYLIB_COMPATIBILITY_VERSION = 1;
				DYLIB_CURRENT_VERSION = 1;
				DYLIB_INSTALL_NAME_BASE = "@rpath";
				ENABLE_MODULE_VERIFIER = NO;
				GENERATE_INFOPLIST_FILE = YES;
				INFOPLIST_KEY_NSHumanReadableCopyright = "";
				INSTALL_PATH = "$(LOCAL_LIBRARY_DIR)/Frameworks";
				IPHONEOS_DEPLOYMENT_TARGET = 17.0;
				LD_RUNPATH_SEARCH_PATHS = (
					"@executable_path/Frameworks",
					"@loader_path/Frameworks",
				);
				"LD_RUNPATH_SEARCH_PATHS[sdk=macosx*]" = (
					"@executable_path/../Frameworks",
					"@loader_path/Frameworks",
				);
				MACH_O_TYPE = mh_dylib;
				MACOSX_DEPLOYMENT_TARGET = 15.0;
				MARKETING_VERSION = 1.0;
				MODULE_VERIFIER_SUPPORTED_LANGUAGES = "objective-c objective-c++";
				MODULE_VERIFIER_SUPPORTED_LANGUAGE_STANDARDS = "gnu17 gnu++20";
				OTHER_SWIFT_FLAGS = "$(inherited)";
				PRODUCT_BUNDLE_IDENTIFIER = com.pob.Umpa.Utility;
				PRODUCT_NAME = "$(TARGET_NAME:c99extidentifier)";
				SDKROOT = auto;
				SKIP_INSTALL = YES;
				SUPPORTED_PLATFORMS = "iphoneos iphonesimulator";
				SUPPORTS_MACCATALYST = NO;
				SWIFT_ACTIVE_COMPILATION_CONDITIONS = "$(inherited)";
				SWIFT_EMIT_LOC_STRINGS = YES;
				SWIFT_INSTALL_OBJC_HEADER = NO;
				SWIFT_VERSION = 5.0;
				TARGETED_DEVICE_FAMILY = "1,2";
				VERSIONING_SYSTEM = "apple-generic";
				VERSION_INFO_PREFIX = "";
				XROS_DEPLOYMENT_TARGET = 2.2;
			};
			name = Debug;
		};
		DAB64B7E2D89CBB400319429 /* Release */ = {
			isa = XCBuildConfiguration;
			buildSettings = {
				ALLOW_TARGET_PLATFORM_SPECIALIZATION = YES;
				BUILD_LIBRARY_FOR_DISTRIBUTION = NO;
				CODE_SIGN_IDENTITY = "";
				CODE_SIGN_STYLE = Automatic;
				CURRENT_PROJECT_VERSION = 1;
				DEAD_CODE_STRIPPING = YES;
				DEFINES_MODULE = YES;
				DEVELOPMENT_TEAM = 2AVC8X7323;
				DYLIB_COMPATIBILITY_VERSION = 1;
				DYLIB_CURRENT_VERSION = 1;
				DYLIB_INSTALL_NAME_BASE = "@rpath";
				ENABLE_MODULE_VERIFIER = NO;
				GENERATE_INFOPLIST_FILE = YES;
				INFOPLIST_KEY_NSHumanReadableCopyright = "";
				INSTALL_PATH = "$(LOCAL_LIBRARY_DIR)/Frameworks";
				IPHONEOS_DEPLOYMENT_TARGET = 17.0;
				LD_RUNPATH_SEARCH_PATHS = (
					"@executable_path/Frameworks",
					"@loader_path/Frameworks",
				);
				"LD_RUNPATH_SEARCH_PATHS[sdk=macosx*]" = (
					"@executable_path/../Frameworks",
					"@loader_path/Frameworks",
				);
				MACH_O_TYPE = mh_dylib;
				MACOSX_DEPLOYMENT_TARGET = 15.0;
				MARKETING_VERSION = 1.0;
				MODULE_VERIFIER_SUPPORTED_LANGUAGES = "objective-c objective-c++";
				MODULE_VERIFIER_SUPPORTED_LANGUAGE_STANDARDS = "gnu17 gnu++20";
				OTHER_SWIFT_FLAGS = "$(inherited)";
				PRODUCT_BUNDLE_IDENTIFIER = com.pob.Umpa.Utility;
				PRODUCT_NAME = "$(TARGET_NAME:c99extidentifier)";
				SDKROOT = auto;
				SKIP_INSTALL = YES;
				SUPPORTED_PLATFORMS = "iphoneos iphonesimulator";
				SUPPORTS_MACCATALYST = NO;
				SWIFT_EMIT_LOC_STRINGS = YES;
				SWIFT_INSTALL_OBJC_HEADER = NO;
				SWIFT_VERSION = 5.0;
				TARGETED_DEVICE_FAMILY = "1,2";
				VERSIONING_SYSTEM = "apple-generic";
				VERSION_INFO_PREFIX = "";
				XROS_DEPLOYMENT_TARGET = 2.2;
			};
			name = Release;
		};
		DAB7199F2DA6363800F32BE2 /* Debug */ = {
			isa = XCBuildConfiguration;
			buildSettings = {
				BUILD_LIBRARY_FOR_DISTRIBUTION = NO;
				CODE_SIGN_IDENTITY = "";
				CODE_SIGN_STYLE = Automatic;
				CURRENT_PROJECT_VERSION = 1;
				DEFINES_MODULE = YES;
				DEVELOPMENT_ASSET_PATHS = "";
				DEVELOPMENT_TEAM = 2AVC8X7323;
				DYLIB_COMPATIBILITY_VERSION = 1;
				DYLIB_CURRENT_VERSION = 1;
				DYLIB_INSTALL_NAME_BASE = "@rpath";
				ENABLE_MODULE_VERIFIER = NO;
				GENERATE_INFOPLIST_FILE = YES;
				INFOPLIST_KEY_NSHumanReadableCopyright = "";
				INSTALL_PATH = "$(LOCAL_LIBRARY_DIR)/Frameworks";
				IPHONEOS_DEPLOYMENT_TARGET = 17.0;
				LD_RUNPATH_SEARCH_PATHS = (
					"$(inherited)",
					"@executable_path/Frameworks",
					"@loader_path/Frameworks",
				);
				MACH_O_TYPE = mh_dylib;
				MARKETING_VERSION = 1.0;
				MODULE_VERIFIER_SUPPORTED_LANGUAGES = "objective-c objective-c++";
				MODULE_VERIFIER_SUPPORTED_LANGUAGE_STANDARDS = "gnu17 gnu++20";
				OTHER_SWIFT_FLAGS = "$(inherited)";
				PRODUCT_BUNDLE_IDENTIFIER = com.pob.Umpa.Domain;
				PRODUCT_NAME = "$(TARGET_NAME:c99extidentifier)";
				SKIP_INSTALL = YES;
				SUPPORTED_PLATFORMS = "iphoneos iphonesimulator";
				SUPPORTS_MACCATALYST = NO;
				SUPPORTS_MAC_DESIGNED_FOR_IPHONE_IPAD = NO;
				SUPPORTS_XR_DESIGNED_FOR_IPHONE_IPAD = NO;
				SWIFT_ACTIVE_COMPILATION_CONDITIONS = "$(inherited)";
				SWIFT_EMIT_LOC_STRINGS = YES;
				SWIFT_INSTALL_OBJC_HEADER = NO;
				SWIFT_VERSION = 5.0;
				TARGETED_DEVICE_FAMILY = "1,2";
				VERSIONING_SYSTEM = "apple-generic";
				VERSION_INFO_PREFIX = "";
			};
			name = Debug;
		};
		DAB719A12DA6363800F32BE2 /* Release */ = {
			isa = XCBuildConfiguration;
			buildSettings = {
				BUILD_LIBRARY_FOR_DISTRIBUTION = NO;
				CODE_SIGN_IDENTITY = "";
				CODE_SIGN_STYLE = Automatic;
				CURRENT_PROJECT_VERSION = 1;
				DEFINES_MODULE = YES;
				DEVELOPMENT_ASSET_PATHS = "";
				DEVELOPMENT_TEAM = 2AVC8X7323;
				DYLIB_COMPATIBILITY_VERSION = 1;
				DYLIB_CURRENT_VERSION = 1;
				DYLIB_INSTALL_NAME_BASE = "@rpath";
				ENABLE_MODULE_VERIFIER = NO;
				GENERATE_INFOPLIST_FILE = YES;
				INFOPLIST_KEY_NSHumanReadableCopyright = "";
				INSTALL_PATH = "$(LOCAL_LIBRARY_DIR)/Frameworks";
				IPHONEOS_DEPLOYMENT_TARGET = 17.0;
				LD_RUNPATH_SEARCH_PATHS = (
					"$(inherited)",
					"@executable_path/Frameworks",
					"@loader_path/Frameworks",
				);
				MACH_O_TYPE = mh_dylib;
				MARKETING_VERSION = 1.0;
				MODULE_VERIFIER_SUPPORTED_LANGUAGES = "objective-c objective-c++";
				MODULE_VERIFIER_SUPPORTED_LANGUAGE_STANDARDS = "gnu17 gnu++20";
				OTHER_SWIFT_FLAGS = "$(inherited)";
				PRODUCT_BUNDLE_IDENTIFIER = com.pob.Umpa.Domain;
				PRODUCT_NAME = "$(TARGET_NAME:c99extidentifier)";
				SKIP_INSTALL = YES;
				SUPPORTED_PLATFORMS = "iphoneos iphonesimulator";
				SUPPORTS_MACCATALYST = NO;
				SUPPORTS_MAC_DESIGNED_FOR_IPHONE_IPAD = NO;
				SUPPORTS_XR_DESIGNED_FOR_IPHONE_IPAD = NO;
				SWIFT_EMIT_LOC_STRINGS = YES;
				SWIFT_INSTALL_OBJC_HEADER = NO;
				SWIFT_VERSION = 5.0;
				TARGETED_DEVICE_FAMILY = "1,2";
				VERSIONING_SYSTEM = "apple-generic";
				VERSION_INFO_PREFIX = "";
			};
			name = Release;
		};
/* End XCBuildConfiguration section */

/* Begin XCConfigurationList section */
		0C9CD4172D31062B003F4455 /* Build configuration list for PBXProject "Umpa" */ = {
			isa = XCConfigurationList;
			buildConfigurations = (
				0C9CD43E2D31062D003F4455 /* Debug */,
				0C9CD43F2D31062D003F4455 /* Release */,
			);
			defaultConfigurationIsVisible = 0;
			defaultConfigurationName = Release;
		};
		0C9CD4402D31062D003F4455 /* Build configuration list for PBXNativeTarget "Umpa" */ = {
			isa = XCConfigurationList;
			buildConfigurations = (
				0C9CD4412D31062D003F4455 /* Debug */,
				0C9CD4422D31062D003F4455 /* Release */,
			);
			defaultConfigurationIsVisible = 0;
			defaultConfigurationName = Release;
		};
		0C9CD4432D31062D003F4455 /* Build configuration list for PBXNativeTarget "UmpaUnitTests" */ = {
			isa = XCConfigurationList;
			buildConfigurations = (
				0C9CD4442D31062D003F4455 /* Debug */,
				0C9CD4452D31062D003F4455 /* Release */,
			);
			defaultConfigurationIsVisible = 0;
			defaultConfigurationName = Release;
		};
		0C9CD4462D31062D003F4455 /* Build configuration list for PBXNativeTarget "UmpaUITests" */ = {
			isa = XCConfigurationList;
			buildConfigurations = (
				0C9CD4472D31062D003F4455 /* Debug */,
				0C9CD4482D31062D003F4455 /* Release */,
			);
			defaultConfigurationIsVisible = 0;
			defaultConfigurationName = Release;
		};
		DA7E35282D8D5B01001DD6AA /* Build configuration list for PBXNativeTarget "DataAccess" */ = {
			isa = XCConfigurationList;
			buildConfigurations = (
				DA7E35292D8D5B01001DD6AA /* Debug */,
				DA7E352A2D8D5B01001DD6AA /* Release */,
			);
			defaultConfigurationIsVisible = 0;
			defaultConfigurationName = Release;
		};
		DAB64B652D89CA5A00319429 /* Build configuration list for PBXNativeTarget "Components" */ = {
			isa = XCConfigurationList;
			buildConfigurations = (
				DAB64B662D89CA5A00319429 /* Debug */,
				DAB64B672D89CA5A00319429 /* Release */,
			);
			defaultConfigurationIsVisible = 0;
			defaultConfigurationName = Release;
		};
		DAB64B7C2D89CBB400319429 /* Build configuration list for PBXNativeTarget "Core" */ = {
			isa = XCConfigurationList;
			buildConfigurations = (
				DAB64B7D2D89CBB400319429 /* Debug */,
				DAB64B7E2D89CBB400319429 /* Release */,
			);
			defaultConfigurationIsVisible = 0;
			defaultConfigurationName = Release;
		};
		DAB7199E2DA6363800F32BE2 /* Build configuration list for PBXNativeTarget "Domain" */ = {
			isa = XCConfigurationList;
			buildConfigurations = (
				DAB7199F2DA6363800F32BE2 /* Debug */,
				DAB719A12DA6363800F32BE2 /* Release */,
			);
			defaultConfigurationIsVisible = 0;
			defaultConfigurationName = Release;
		};
/* End XCConfigurationList section */

/* Begin XCRemoteSwiftPackageReference section */
		DA017DA92DB149D90015DD8F /* XCRemoteSwiftPackageReference "naveridlogin-sdk-ios-swift" */ = {
			isa = XCRemoteSwiftPackageReference;
			repositoryURL = "https://github.com/naver/naveridlogin-sdk-ios-swift";
			requirement = {
				kind = upToNextMinorVersion;
				minimumVersion = 5.0.1;
			};
		};
		DA1E76922DAF78FE001FDAB3 /* XCRemoteSwiftPackageReference "Mockable" */ = {
			isa = XCRemoteSwiftPackageReference;
			repositoryURL = "https://github.com/Kolos65/Mockable.git";
			requirement = {
				kind = upToNextMinorVersion;
				minimumVersion = 0.3.1;
			};
		};
		DA9E60C12D902959009319A0 /* XCRemoteSwiftPackageReference "Factory" */ = {
			isa = XCRemoteSwiftPackageReference;
			repositoryURL = "https://github.com/hmlongco/Factory.git";
			requirement = {
				kind = upToNextMinorVersion;
				minimumVersion = 2.4.3;
			};
		};
		DAA0639D2DB3AABF006F8B68 /* XCRemoteSwiftPackageReference "kakao-ios-sdk" */ = {
			isa = XCRemoteSwiftPackageReference;
			repositoryURL = "https://github.com/kakao/kakao-ios-sdk";
			requirement = {
				kind = upToNextMinorVersion;
				minimumVersion = 2.24.0;
			};
		};
		DAA6527C2DB3F16000B218E6 /* XCRemoteSwiftPackageReference "GoogleSignIn-iOS" */ = {
			isa = XCRemoteSwiftPackageReference;
			repositoryURL = "https://github.com/google/GoogleSignIn-iOS";
			requirement = {
				kind = upToNextMinorVersion;
				minimumVersion = 8.0.0;
			};
		};
		DAB5DFE62DBA46E70075D9BC /* XCRemoteSwiftPackageReference "SFSafeSymbols" */ = {
			isa = XCRemoteSwiftPackageReference;
			repositoryURL = "https://github.com/SFSafeSymbols/SFSafeSymbols";
			requirement = {
				kind = upToNextMinorVersion;
				minimumVersion = 6.2.0;
			};
		};
/* End XCRemoteSwiftPackageReference section */

/* Begin XCSwiftPackageProductDependency section */
		DA017DAA2DB149D90015DD8F /* NidThirdPartyLogin */ = {
			isa = XCSwiftPackageProductDependency;
			package = DA017DA92DB149D90015DD8F /* XCRemoteSwiftPackageReference "naveridlogin-sdk-ios-swift" */;
			productName = NidThirdPartyLogin;
		};
		DA1E76932DAF78FE001FDAB3 /* Mockable */ = {
			isa = XCSwiftPackageProductDependency;
			package = DA1E76922DAF78FE001FDAB3 /* XCRemoteSwiftPackageReference "Mockable" */;
			productName = Mockable;
		};
		DA1E76952DAF792A001FDAB3 /* Mockable */ = {
			isa = XCSwiftPackageProductDependency;
			package = DA1E76922DAF78FE001FDAB3 /* XCRemoteSwiftPackageReference "Mockable" */;
			productName = Mockable;
		};
		DA1E76972DAF794E001FDAB3 /* Mockable */ = {
			isa = XCSwiftPackageProductDependency;
			package = DA1E76922DAF78FE001FDAB3 /* XCRemoteSwiftPackageReference "Mockable" */;
			productName = Mockable;
		};
		DA9E60C22D902959009319A0 /* Factory */ = {
			isa = XCSwiftPackageProductDependency;
			package = DA9E60C12D902959009319A0 /* XCRemoteSwiftPackageReference "Factory" */;
			productName = Factory;
		};
		DAA0639E2DB3AABF006F8B68 /* KakaoSDK */ = {
			isa = XCSwiftPackageProductDependency;
			package = DAA0639D2DB3AABF006F8B68 /* XCRemoteSwiftPackageReference "kakao-ios-sdk" */;
			productName = KakaoSDK;
		};
		DAA063A02DB3AABF006F8B68 /* KakaoSDKAuth */ = {
			isa = XCSwiftPackageProductDependency;
			package = DAA0639D2DB3AABF006F8B68 /* XCRemoteSwiftPackageReference "kakao-ios-sdk" */;
			productName = KakaoSDKAuth;
		};
		DAA063A22DB3AABF006F8B68 /* KakaoSDKUser */ = {
			isa = XCSwiftPackageProductDependency;
			package = DAA0639D2DB3AABF006F8B68 /* XCRemoteSwiftPackageReference "kakao-ios-sdk" */;
			productName = KakaoSDKUser;
		};
		DAA6525A2DB3D18200B218E6 /* Factory */ = {
			isa = XCSwiftPackageProductDependency;
			package = DA9E60C12D902959009319A0 /* XCRemoteSwiftPackageReference "Factory" */;
			productName = Factory;
		};
		DAA6525F2DB3D36300B218E6 /* Factory */ = {
			isa = XCSwiftPackageProductDependency;
			package = DA9E60C12D902959009319A0 /* XCRemoteSwiftPackageReference "Factory" */;
			productName = Factory;
		};
		DAA6527D2DB3F16000B218E6 /* GoogleSignIn */ = {
			isa = XCSwiftPackageProductDependency;
			package = DAA6527C2DB3F16000B218E6 /* XCRemoteSwiftPackageReference "GoogleSignIn-iOS" */;
			productName = GoogleSignIn;
		};
		DAA6527F2DB3F16000B218E6 /* GoogleSignInSwift */ = {
			isa = XCSwiftPackageProductDependency;
			package = DAA6527C2DB3F16000B218E6 /* XCRemoteSwiftPackageReference "GoogleSignIn-iOS" */;
			productName = GoogleSignInSwift;
		};
		DAB5DFE72DBA46E70075D9BC /* SFSafeSymbols */ = {
			isa = XCSwiftPackageProductDependency;
			package = DAB5DFE62DBA46E70075D9BC /* XCRemoteSwiftPackageReference "SFSafeSymbols" */;
			productName = SFSafeSymbols;
		};
/* End XCSwiftPackageProductDependency section */
	};
	rootObject = 0C9CD4142D31062B003F4455 /* Project object */;
}
