// !$*UTF8*$!
{
	archiveVersion = 1;
	classes = {
	};
	objectVersion = 55;
	objects = {

/* Begin PBXBuildFile section */
		01FA22A3C9588F691E65FF37 /* GetCollegesResponse.swift in Sources */ = {isa = PBXBuildFile; fileRef = 34733744D082FC46027B9FFC /* GetCollegesResponse.swift */; };
		04D6FFA7348D0588A251544D /* Network.swift in Sources */ = {isa = PBXBuildFile; fileRef = 0C59312A18CE1475E48E8459 /* Network.swift */; };
		099AA086BDB1B61069B08AAD /* AccompanimentInstrumentRepository.swift in Sources */ = {isa = PBXBuildFile; fileRef = 8660AD9E9B0C629C74B011FD /* AccompanimentInstrumentRepository.swift */; };
		0ACB8FACBB6B637D28D1D8FE /* JwtRepository.swift in Sources */ = {isa = PBXBuildFile; fileRef = E6A4A96DE6A8C1DA41E90FBC /* JwtRepository.swift */; };
		0FCEDA5E33EBCEB6E92B350C /* StorableItem.swift in Sources */ = {isa = PBXBuildFile; fileRef = 80515A78E5C8A81D47316AAF /* StorableItem.swift */; };
		1BCF5C2E0CE4A71AD016222F /* UmpaNotificationRepository.swift in Sources */ = {isa = PBXBuildFile; fileRef = E6FB7D34AF6E9A798BEE8702 /* UmpaNotificationRepository.swift */; };
		28684A154C1BC9DE1E124F43 /* ReviewRepository.swift in Sources */ = {isa = PBXBuildFile; fileRef = 365760D39BC0F8F4EF809191 /* ReviewRepository.swift */; };
		2E2D86128312C64FB5AE9130 /* MajorRepository.swift in Sources */ = {isa = PBXBuildFile; fileRef = FDC5686C182D72F28F953F86 /* MajorRepository.swift */; };
		346F9D73F3918D52CD683407 /* Core.framework in Dependencies */ = {isa = PBXBuildFile; fileRef = D07172F88A1E260A70FFE89D /* Core.framework */; };
		3CA837772EB72223F421CDE0 /* KeychainStorage.swift in Sources */ = {isa = PBXBuildFile; fileRef = 4C352BA16E75AF4FE0B69E40 /* KeychainStorage.swift */; };
		3E5FFB80A63D192C0728D89F /* UserDefaultsStorageTests.swift in Sources */ = {isa = PBXBuildFile; fileRef = 385CF27F29E7358E777D3E04 /* UserDefaultsStorageTests.swift */; };
		43AD703D5DF36E5D99045026 /* ChatRepository.swift in Sources */ = {isa = PBXBuildFile; fileRef = 9FB1FF7602B9FEFFE929BF8D /* ChatRepository.swift */; };
		44E8F9EAA49E301C626B8A20 /* GetRegionsResponse.swift in Sources */ = {isa = PBXBuildFile; fileRef = FB0D505335858D7E0391ADBB /* GetRegionsResponse.swift */; };
		468E13310C22E56CFDE55FB5 /* HttpMethod.swift in Sources */ = {isa = PBXBuildFile; fileRef = 6DA840AD40D39B332669672B /* HttpMethod.swift */; };
		48014E9B474FD897E5237128 /* Constant.swift in Sources */ = {isa = PBXBuildFile; fileRef = 514292EB453B67913DC91D78 /* Constant.swift */; };
		657D17C1E74795C8884ADBCA /* Core.framework in Frameworks */ = {isa = PBXBuildFile; fileRef = D07172F88A1E260A70FFE89D /* Core.framework */; };
		67660E1848EB73DDEA39B3C0 /* TestHelpers.swift in Sources */ = {isa = PBXBuildFile; fileRef = 8BA6193E174ACE0C10C19B40 /* TestHelpers.swift */; };
		6D717DD245D9EF8DCCFBDD1D /* AppRepository.swift in Sources */ = {isa = PBXBuildFile; fileRef = B20AA7EFA478C39F26E6107F /* AppRepository.swift */; };
		7CB337F89C418B3F09F251D3 /* GetCollegesRequest.swift in Sources */ = {isa = PBXBuildFile; fileRef = 16D03AB98B67D6DB8B0EDB53 /* GetCollegesRequest.swift */; };
		7E798F072D82B8873E0B53F0 /* IssueReporting.framework in Frameworks */ = {isa = PBXBuildFile; fileRef = 5324EA2C4BD2D60D48E77CA6 /* IssueReporting.framework */; };
		7ED4582EE523838AB4AEFFAF /* NetworkKitTests.swift in Sources */ = {isa = PBXBuildFile; fileRef = 7C06018A04BC88ADD5FE8BF6 /* NetworkKitTests.swift */; };
		8346AB61D704B44E3E59A3AA /* GetChatRoomResponse.swift in Sources */ = {isa = PBXBuildFile; fileRef = 4EA829A3E826E368F0A1F638 /* GetChatRoomResponse.swift */; };
		8BBD0B51C8FFF4C53EE9A4D2 /* Domain.framework in Frameworks */ = {isa = PBXBuildFile; fileRef = EA24F904F9121772A52F83A1 /* Domain.framework */; };
		969BD264CE8B60B1308D1FD5 /* CollegeRepository.swift in Sources */ = {isa = PBXBuildFile; fileRef = F727891722697594C166FEC4 /* CollegeRepository.swift */; };
		993BEB015FAF041B3F999738 /* GetMajorsResponse.swift in Sources */ = {isa = PBXBuildFile; fileRef = DA02EE9740F91208E5096A60 /* GetMajorsResponse.swift */; };
		9ADB05B2E2C3207B814AD969 /* ServiceRepository.swift in Sources */ = {isa = PBXBuildFile; fileRef = F7F3FFC168BAE2FE54D1A053 /* ServiceRepository.swift */; };
		A9A0157679C468FC0576C44E /* DataAccess.framework in Frameworks */ = {isa = PBXBuildFile; fileRef = 5E67EF8873F8C9AC61EC52A0 /* DataAccess.framework */; };
		B3C08B0DA6AA544C5A486DEE /* Domain.framework in Dependencies */ = {isa = PBXBuildFile; fileRef = EA24F904F9121772A52F83A1 /* Domain.framework */; };
		B44A1D3010848744D0692F0B /* NetworkRequest.swift in Sources */ = {isa = PBXBuildFile; fileRef = A0AF83327AF5FEC114F52835 /* NetworkRequest.swift */; };
		B57BC5DDA2ADA9888085AD53 /* UserDefaultsStorage.swift in Sources */ = {isa = PBXBuildFile; fileRef = 5CF47EAE251B028D8FBBC9BB /* UserDefaultsStorage.swift */; };
		BB02322B02D8021BAECC19A2 /* GetChatRoomRequest.swift in Sources */ = {isa = PBXBuildFile; fileRef = E63ECA07ED7B01B1BCC5A077 /* GetChatRoomRequest.swift */; };
		C16DD26A9F0AE63BA7FF9EFC /* RegionRepository.swift in Sources */ = {isa = PBXBuildFile; fileRef = C9AED502EEDC5B5F57999B6F /* RegionRepository.swift */; };
		C7583A0C42F6451D3CB592E2 /* NetworkError.swift in Sources */ = {isa = PBXBuildFile; fileRef = 1428D73FDC14B27F3AB0F035 /* NetworkError.swift */; };
		D92883614203722A56FC6496 /* MemoryStorage.swift in Sources */ = {isa = PBXBuildFile; fileRef = A4558A75DBE1D06AD8F06BAE /* MemoryStorage.swift */; };
		DA93081FF648EDBD93DCF6BF /* GetMajorsRequest.swift in Sources */ = {isa = PBXBuildFile; fileRef = AF488B30D4F7455787B92881 /* GetMajorsRequest.swift */; };
		DFDE8DCF7B162A57B36960B7 /* HttpHeader.swift in Sources */ = {isa = PBXBuildFile; fileRef = D5138099C2193CB2962ACD0F /* HttpHeader.swift */; };
		E1EEB8F9E84B0D132067C5CF /* GetRegionsRequest.swift in Sources */ = {isa = PBXBuildFile; fileRef = 1E78DCF6634CF3938078642D /* GetRegionsRequest.swift */; };
		F1300EA5E036AE0ADCD10B13 /* Mockable.framework in Frameworks */ = {isa = PBXBuildFile; fileRef = 0A91E6CACB90D93EBEB8869B /* Mockable.framework */; };
		F1E1A3FDEE9E3EB294FA3306 /* PersistentStorage.swift in Sources */ = {isa = PBXBuildFile; fileRef = D443F7404943B346B25C56B6 /* PersistentStorage.swift */; };
		F6085316E58FD9D7BA9AFE19 /* NetworkResponse.swift in Sources */ = {isa = PBXBuildFile; fileRef = 9AC381656C0E1EC454961E79 /* NetworkResponse.swift */; };
		FBF2E3D352708AD79748EB10 /* LessonSubjectRepository.swift in Sources */ = {isa = PBXBuildFile; fileRef = AFD38C8088D8B55E2E212FE6 /* LessonSubjectRepository.swift */; };
		FCA54B5827F5462DCB96963F /* UserRepository.swift in Sources */ = {isa = PBXBuildFile; fileRef = 48DF06D7198AA1D091FFE4C4 /* UserRepository.swift */; };
/* End PBXBuildFile section */

/* Begin PBXContainerItemProxy section */
		27402BBDD967FFA986929355 /* PBXContainerItemProxy */ = {
			isa = PBXContainerItemProxy;
			containerPortal = 65052B300D64842B3F8EC86C /* Project object */;
			proxyType = 1;
			remoteGlobalIDString = 81BC0F9D84C21A4634B24580;
			remoteInfo = DataAccess;
		};
/* End PBXContainerItemProxy section */

/* Begin PBXCopyFilesBuildPhase section */
		164775CE8C9BA93CE651FECD /* Embed Frameworks */ = {
			isa = PBXCopyFilesBuildPhase;
			buildActionMask = 2147483647;
			dstPath = "";
			dstSubfolderSpec = 10;
			files = (
			);
			name = "Embed Frameworks";
			runOnlyForDeploymentPostprocessing = 0;
		};
		8562EBB526A46B865E1F2304 /* Embed Frameworks */ = {
			isa = PBXCopyFilesBuildPhase;
			buildActionMask = 2147483647;
			dstPath = "";
			dstSubfolderSpec = 10;
			files = (
			);
			name = "Embed Frameworks";
			runOnlyForDeploymentPostprocessing = 0;
		};
		BFADB618DECC212A71B79340 /* Dependencies */ = {
			isa = PBXCopyFilesBuildPhase;
			buildActionMask = 8;
			dstSubfolderSpec = 16;
			files = (
				346F9D73F3918D52CD683407 /* Core.framework in Dependencies */,
				B3C08B0DA6AA544C5A486DEE /* Domain.framework in Dependencies */,
			);
			name = Dependencies;
			runOnlyForDeploymentPostprocessing = 1;
		};
/* End PBXCopyFilesBuildPhase section */

/* Begin PBXFileReference section */
		0A91E6CACB90D93EBEB8869B /* Mockable.framework */ = {isa = PBXFileReference; explicitFileType = wrapper.framework; includeInIndex = 0; path = Mockable.framework; sourceTree = BUILT_PRODUCTS_DIR; };
		0C59312A18CE1475E48E8459 /* Network.swift */ = {isa = PBXFileReference; lastKnownFileType = sourcecode.swift; path = Network.swift; sourceTree = "<group>"; };
		1428D73FDC14B27F3AB0F035 /* NetworkError.swift */ = {isa = PBXFileReference; lastKnownFileType = sourcecode.swift; path = NetworkError.swift; sourceTree = "<group>"; };
		16D03AB98B67D6DB8B0EDB53 /* GetCollegesRequest.swift */ = {isa = PBXFileReference; lastKnownFileType = sourcecode.swift; path = GetCollegesRequest.swift; sourceTree = "<group>"; };
		1E78DCF6634CF3938078642D /* GetRegionsRequest.swift */ = {isa = PBXFileReference; lastKnownFileType = sourcecode.swift; path = GetRegionsRequest.swift; sourceTree = "<group>"; };
		3327E16E43C9DB5FAB28E01F /* DataAccess-Info.plist */ = {isa = PBXFileReference; lastKnownFileType = text.plist; path = "DataAccess-Info.plist"; sourceTree = "<group>"; };
		34733744D082FC46027B9FFC /* GetCollegesResponse.swift */ = {isa = PBXFileReference; lastKnownFileType = sourcecode.swift; path = GetCollegesResponse.swift; sourceTree = "<group>"; };
		34E1770A8CD5927429288A96 /* DataAccessUnitTests.xctest */ = {isa = PBXFileReference; explicitFileType = wrapper.cfbundle; includeInIndex = 0; path = DataAccessUnitTests.xctest; sourceTree = BUILT_PRODUCTS_DIR; };
		365760D39BC0F8F4EF809191 /* ReviewRepository.swift */ = {isa = PBXFileReference; lastKnownFileType = sourcecode.swift; path = ReviewRepository.swift; sourceTree = "<group>"; };
		385CF27F29E7358E777D3E04 /* UserDefaultsStorageTests.swift */ = {isa = PBXFileReference; lastKnownFileType = sourcecode.swift; path = UserDefaultsStorageTests.swift; sourceTree = "<group>"; };
		48DF06D7198AA1D091FFE4C4 /* UserRepository.swift */ = {isa = PBXFileReference; lastKnownFileType = sourcecode.swift; path = UserRepository.swift; sourceTree = "<group>"; };
		4C352BA16E75AF4FE0B69E40 /* KeychainStorage.swift */ = {isa = PBXFileReference; lastKnownFileType = sourcecode.swift; path = KeychainStorage.swift; sourceTree = "<group>"; };
		4EA829A3E826E368F0A1F638 /* GetChatRoomResponse.swift */ = {isa = PBXFileReference; lastKnownFileType = sourcecode.swift; path = GetChatRoomResponse.swift; sourceTree = "<group>"; };
		514292EB453B67913DC91D78 /* Constant.swift */ = {isa = PBXFileReference; lastKnownFileType = sourcecode.swift; path = Constant.swift; sourceTree = "<group>"; };
		5324EA2C4BD2D60D48E77CA6 /* IssueReporting.framework */ = {isa = PBXFileReference; explicitFileType = wrapper.framework; includeInIndex = 0; path = IssueReporting.framework; sourceTree = BUILT_PRODUCTS_DIR; };
		5CF47EAE251B028D8FBBC9BB /* UserDefaultsStorage.swift */ = {isa = PBXFileReference; lastKnownFileType = sourcecode.swift; path = UserDefaultsStorage.swift; sourceTree = "<group>"; };
		5E67EF8873F8C9AC61EC52A0 /* DataAccess.framework */ = {isa = PBXFileReference; explicitFileType = wrapper.framework; includeInIndex = 0; path = DataAccess.framework; sourceTree = BUILT_PRODUCTS_DIR; };
		6DA840AD40D39B332669672B /* HttpMethod.swift */ = {isa = PBXFileReference; lastKnownFileType = sourcecode.swift; path = HttpMethod.swift; sourceTree = "<group>"; };
		7C06018A04BC88ADD5FE8BF6 /* NetworkKitTests.swift */ = {isa = PBXFileReference; lastKnownFileType = sourcecode.swift; path = NetworkKitTests.swift; sourceTree = "<group>"; };
		80515A78E5C8A81D47316AAF /* StorableItem.swift */ = {isa = PBXFileReference; lastKnownFileType = sourcecode.swift; path = StorableItem.swift; sourceTree = "<group>"; };
		8660AD9E9B0C629C74B011FD /* AccompanimentInstrumentRepository.swift */ = {isa = PBXFileReference; lastKnownFileType = sourcecode.swift; path = AccompanimentInstrumentRepository.swift; sourceTree = "<group>"; };
		8B5017604881B4D492C34638 /* DataAccessUnitTests-Info.plist */ = {isa = PBXFileReference; lastKnownFileType = text.plist; path = "DataAccessUnitTests-Info.plist"; sourceTree = "<group>"; };
		8BA6193E174ACE0C10C19B40 /* TestHelpers.swift */ = {isa = PBXFileReference; lastKnownFileType = sourcecode.swift; path = TestHelpers.swift; sourceTree = "<group>"; };
		9AC381656C0E1EC454961E79 /* NetworkResponse.swift */ = {isa = PBXFileReference; lastKnownFileType = sourcecode.swift; path = NetworkResponse.swift; sourceTree = "<group>"; };
		9FB1FF7602B9FEFFE929BF8D /* ChatRepository.swift */ = {isa = PBXFileReference; lastKnownFileType = sourcecode.swift; path = ChatRepository.swift; sourceTree = "<group>"; };
		A0AF83327AF5FEC114F52835 /* NetworkRequest.swift */ = {isa = PBXFileReference; lastKnownFileType = sourcecode.swift; path = NetworkRequest.swift; sourceTree = "<group>"; };
		A4558A75DBE1D06AD8F06BAE /* MemoryStorage.swift */ = {isa = PBXFileReference; lastKnownFileType = sourcecode.swift; path = MemoryStorage.swift; sourceTree = "<group>"; };
		AF488B30D4F7455787B92881 /* GetMajorsRequest.swift */ = {isa = PBXFileReference; lastKnownFileType = sourcecode.swift; path = GetMajorsRequest.swift; sourceTree = "<group>"; };
		AFD38C8088D8B55E2E212FE6 /* LessonSubjectRepository.swift */ = {isa = PBXFileReference; lastKnownFileType = sourcecode.swift; path = LessonSubjectRepository.swift; sourceTree = "<group>"; };
		B20AA7EFA478C39F26E6107F /* AppRepository.swift */ = {isa = PBXFileReference; lastKnownFileType = sourcecode.swift; path = AppRepository.swift; sourceTree = "<group>"; };
		C9AED502EEDC5B5F57999B6F /* RegionRepository.swift */ = {isa = PBXFileReference; lastKnownFileType = sourcecode.swift; path = RegionRepository.swift; sourceTree = "<group>"; };
		D07172F88A1E260A70FFE89D /* Core.framework */ = {isa = PBXFileReference; explicitFileType = wrapper.framework; includeInIndex = 0; path = Core.framework; sourceTree = BUILT_PRODUCTS_DIR; };
		D443F7404943B346B25C56B6 /* PersistentStorage.swift */ = {isa = PBXFileReference; lastKnownFileType = sourcecode.swift; path = PersistentStorage.swift; sourceTree = "<group>"; };
		D5138099C2193CB2962ACD0F /* HttpHeader.swift */ = {isa = PBXFileReference; lastKnownFileType = sourcecode.swift; path = HttpHeader.swift; sourceTree = "<group>"; };
		DA02EE9740F91208E5096A60 /* GetMajorsResponse.swift */ = {isa = PBXFileReference; lastKnownFileType = sourcecode.swift; path = GetMajorsResponse.swift; sourceTree = "<group>"; };
		E63ECA07ED7B01B1BCC5A077 /* GetChatRoomRequest.swift */ = {isa = PBXFileReference; lastKnownFileType = sourcecode.swift; path = GetChatRoomRequest.swift; sourceTree = "<group>"; };
		E6A4A96DE6A8C1DA41E90FBC /* JwtRepository.swift */ = {isa = PBXFileReference; lastKnownFileType = sourcecode.swift; path = JwtRepository.swift; sourceTree = "<group>"; };
		E6FB7D34AF6E9A798BEE8702 /* UmpaNotificationRepository.swift */ = {isa = PBXFileReference; lastKnownFileType = sourcecode.swift; path = UmpaNotificationRepository.swift; sourceTree = "<group>"; };
		EA24F904F9121772A52F83A1 /* Domain.framework */ = {isa = PBXFileReference; explicitFileType = wrapper.framework; includeInIndex = 0; path = Domain.framework; sourceTree = BUILT_PRODUCTS_DIR; };
		F727891722697594C166FEC4 /* CollegeRepository.swift */ = {isa = PBXFileReference; lastKnownFileType = sourcecode.swift; path = CollegeRepository.swift; sourceTree = "<group>"; };
		F7F3FFC168BAE2FE54D1A053 /* ServiceRepository.swift */ = {isa = PBXFileReference; lastKnownFileType = sourcecode.swift; path = ServiceRepository.swift; sourceTree = "<group>"; };
		FB0D505335858D7E0391ADBB /* GetRegionsResponse.swift */ = {isa = PBXFileReference; lastKnownFileType = sourcecode.swift; path = GetRegionsResponse.swift; sourceTree = "<group>"; };
		FDC5686C182D72F28F953F86 /* MajorRepository.swift */ = {isa = PBXFileReference; lastKnownFileType = sourcecode.swift; path = MajorRepository.swift; sourceTree = "<group>"; };
/* End PBXFileReference section */

/* Begin PBXFrameworksBuildPhase section */
		AB2A016CDC71C17E544EB52D /* Frameworks */ = {
			isa = PBXFrameworksBuildPhase;
			buildActionMask = 2147483647;
			files = (
				657D17C1E74795C8884ADBCA /* Core.framework in Frameworks */,
				A9A0157679C468FC0576C44E /* DataAccess.framework in Frameworks */,
				8BBD0B51C8FFF4C53EE9A4D2 /* Domain.framework in Frameworks */,
				7E798F072D82B8873E0B53F0 /* IssueReporting.framework in Frameworks */,
				F1300EA5E036AE0ADCD10B13 /* Mockable.framework in Frameworks */,
			);
			runOnlyForDeploymentPostprocessing = 0;
		};
		F56AED89D18C67F4788402DD /* Frameworks */ = {
			isa = PBXFrameworksBuildPhase;
			buildActionMask = 2147483647;
			files = (
			);
			runOnlyForDeploymentPostprocessing = 0;
		};
/* End PBXFrameworksBuildPhase section */

/* Begin PBXGroup section */
		1B40EA8F6D6EE4621443B54F /* Tests */ = {
			isa = PBXGroup;
			children = (
				A76C36A68747D935AD8381AF /* UnitTests */,
			);
			path = Tests;
			sourceTree = "<group>";
		};
		26C6F036B7EAA9E07B1DBCDC /* UmpaApi */ = {
			isa = PBXGroup;
			children = (
				CC702D96BE870E2271726E95 /* RequestModels */,
				AFAE142D76CCF254A1D8B8D5 /* ResponseModels */,
				514292EB453B67913DC91D78 /* Constant.swift */,
			);
			path = UmpaApi;
			sourceTree = "<group>";
		};
		2A35CADB6D370258FA81B3D9 /* Repositories */ = {
			isa = PBXGroup;
			children = (
				8660AD9E9B0C629C74B011FD /* AccompanimentInstrumentRepository.swift */,
				B20AA7EFA478C39F26E6107F /* AppRepository.swift */,
				9FB1FF7602B9FEFFE929BF8D /* ChatRepository.swift */,
				F727891722697594C166FEC4 /* CollegeRepository.swift */,
				E6A4A96DE6A8C1DA41E90FBC /* JwtRepository.swift */,
				AFD38C8088D8B55E2E212FE6 /* LessonSubjectRepository.swift */,
				FDC5686C182D72F28F953F86 /* MajorRepository.swift */,
				C9AED502EEDC5B5F57999B6F /* RegionRepository.swift */,
				365760D39BC0F8F4EF809191 /* ReviewRepository.swift */,
				F7F3FFC168BAE2FE54D1A053 /* ServiceRepository.swift */,
				E6FB7D34AF6E9A798BEE8702 /* UmpaNotificationRepository.swift */,
				48DF06D7198AA1D091FFE4C4 /* UserRepository.swift */,
			);
			path = Repositories;
			sourceTree = "<group>";
		};
		4866F0848A7CD0E9F3958CDE /* NetworkKit */ = {
			isa = PBXGroup;
			children = (
				D5138099C2193CB2962ACD0F /* HttpHeader.swift */,
				6DA840AD40D39B332669672B /* HttpMethod.swift */,
				0C59312A18CE1475E48E8459 /* Network.swift */,
				1428D73FDC14B27F3AB0F035 /* NetworkError.swift */,
				A0AF83327AF5FEC114F52835 /* NetworkRequest.swift */,
				9AC381656C0E1EC454961E79 /* NetworkResponse.swift */,
			);
			path = NetworkKit;
			sourceTree = "<group>";
		};
		49329CE50D62B48A99040AA3 /* Products */ = {
			isa = PBXGroup;
			children = (
				D07172F88A1E260A70FFE89D /* Core.framework */,
				5E67EF8873F8C9AC61EC52A0 /* DataAccess.framework */,
				34E1770A8CD5927429288A96 /* DataAccessUnitTests.xctest */,
				EA24F904F9121772A52F83A1 /* Domain.framework */,
				5324EA2C4BD2D60D48E77CA6 /* IssueReporting.framework */,
				0A91E6CACB90D93EBEB8869B /* Mockable.framework */,
			);
			name = Products;
			sourceTree = "<group>";
		};
		66D0CD5A4EF6461D3AB354A8 /* PersistentStorage */ = {
			isa = PBXGroup;
			children = (
				4C352BA16E75AF4FE0B69E40 /* KeychainStorage.swift */,
				A4558A75DBE1D06AD8F06BAE /* MemoryStorage.swift */,
				D443F7404943B346B25C56B6 /* PersistentStorage.swift */,
				80515A78E5C8A81D47316AAF /* StorableItem.swift */,
				5CF47EAE251B028D8FBBC9BB /* UserDefaultsStorage.swift */,
			);
			path = PersistentStorage;
			sourceTree = "<group>";
		};
		723FBC80FCE06C252B59FDAA /* InfraTests */ = {
			isa = PBXGroup;
			children = (
				7C06018A04BC88ADD5FE8BF6 /* NetworkKitTests.swift */,
				385CF27F29E7358E777D3E04 /* UserDefaultsStorageTests.swift */,
			);
			path = InfraTests;
			sourceTree = "<group>";
		};
		7A58E17CD073D643C8226E64 /* Derived */ = {
			isa = PBXGroup;
			children = (
				E9836511B8E19C486E7D8634 /* InfoPlists */,
			);
			path = Derived;
			sourceTree = "<group>";
		};
		A080A730BED0988D4C293042 /* Sources */ = {
			isa = PBXGroup;
			children = (
				D6DBCFED29746FB711DC7AA2 /* Infra */,
				2A35CADB6D370258FA81B3D9 /* Repositories */,
				26C6F036B7EAA9E07B1DBCDC /* UmpaApi */,
			);
			path = Sources;
			sourceTree = "<group>";
		};
		A76C36A68747D935AD8381AF /* UnitTests */ = {
			isa = PBXGroup;
			children = (
				723FBC80FCE06C252B59FDAA /* InfraTests */,
				8BA6193E174ACE0C10C19B40 /* TestHelpers.swift */,
			);
			path = UnitTests;
			sourceTree = "<group>";
		};
		AFAE142D76CCF254A1D8B8D5 /* ResponseModels */ = {
			isa = PBXGroup;
			children = (
				4EA829A3E826E368F0A1F638 /* GetChatRoomResponse.swift */,
				34733744D082FC46027B9FFC /* GetCollegesResponse.swift */,
				DA02EE9740F91208E5096A60 /* GetMajorsResponse.swift */,
				FB0D505335858D7E0391ADBB /* GetRegionsResponse.swift */,
			);
			path = ResponseModels;
			sourceTree = "<group>";
		};
		BCED6F7834CDB1AB35D6CC45 /* Project */ = {
			isa = PBXGroup;
			children = (
				7A58E17CD073D643C8226E64 /* Derived */,
				A080A730BED0988D4C293042 /* Sources */,
				1B40EA8F6D6EE4621443B54F /* Tests */,
			);
			name = Project;
			sourceTree = "<group>";
		};
		CC702D96BE870E2271726E95 /* RequestModels */ = {
			isa = PBXGroup;
			children = (
				E63ECA07ED7B01B1BCC5A077 /* GetChatRoomRequest.swift */,
				16D03AB98B67D6DB8B0EDB53 /* GetCollegesRequest.swift */,
				AF488B30D4F7455787B92881 /* GetMajorsRequest.swift */,
				1E78DCF6634CF3938078642D /* GetRegionsRequest.swift */,
			);
			path = RequestModels;
			sourceTree = "<group>";
		};
		D6DBCFED29746FB711DC7AA2 /* Infra */ = {
			isa = PBXGroup;
			children = (
				4866F0848A7CD0E9F3958CDE /* NetworkKit */,
				66D0CD5A4EF6461D3AB354A8 /* PersistentStorage */,
			);
			path = Infra;
			sourceTree = "<group>";
		};
		DE16157333987A9B8F0DE801 = {
			isa = PBXGroup;
			children = (
				BCED6F7834CDB1AB35D6CC45 /* Project */,
				49329CE50D62B48A99040AA3 /* Products */,
			);
			sourceTree = "<group>";
		};
		E9836511B8E19C486E7D8634 /* InfoPlists */ = {
			isa = PBXGroup;
			children = (
				3327E16E43C9DB5FAB28E01F /* DataAccess-Info.plist */,
				8B5017604881B4D492C34638 /* DataAccessUnitTests-Info.plist */,
			);
			path = InfoPlists;
			sourceTree = "<group>";
		};
/* End PBXGroup section */

/* Begin PBXNativeTarget section */
		7DC7D7A5C26ACB33F2C1FFAD /* DataAccessUnitTests */ = {
			isa = PBXNativeTarget;
			buildConfigurationList = BDFB8FBE9F750833B1A81D60 /* Build configuration list for PBXNativeTarget "DataAccessUnitTests" */;
			buildPhases = (
				523A13E6B01D599B8074E4A0 /* Sources */,
				236CB935E54523CBBB1A80FA /* Resources */,
				164775CE8C9BA93CE651FECD /* Embed Frameworks */,
				AB2A016CDC71C17E544EB52D /* Frameworks */,
			);
			buildRules = (
			);
			dependencies = (
				2FE89C605985ECA29197D7CA /* PBXTargetDependency */,
			);
			name = DataAccessUnitTests;
			productName = DataAccessUnitTests;
			productReference = 34E1770A8CD5927429288A96 /* DataAccessUnitTests.xctest */;
			productType = "com.apple.product-type.bundle.unit-test";
		};
		81BC0F9D84C21A4634B24580 /* DataAccess */ = {
			isa = PBXNativeTarget;
			buildConfigurationList = 18B3E950DC0A8F5233F77FF6 /* Build configuration list for PBXNativeTarget "DataAccess" */;
			buildPhases = (
				C2CA013D42139E6F84FBC2F0 /* Sources */,
				0A4B422F1766D52DDB26185A /* Resources */,
				8562EBB526A46B865E1F2304 /* Embed Frameworks */,
				F56AED89D18C67F4788402DD /* Frameworks */,
				BFADB618DECC212A71B79340 /* Dependencies */,
			);
			buildRules = (
			);
			dependencies = (
			);
			name = DataAccess;
			productName = DataAccess;
			productReference = 5E67EF8873F8C9AC61EC52A0 /* DataAccess.framework */;
			productType = "com.apple.product-type.framework";
		};
/* End PBXNativeTarget section */

/* Begin PBXProject section */
		65052B300D64842B3F8EC86C /* Project object */ = {
			isa = PBXProject;
			attributes = {
				BuildIndependentTargetsInParallel = YES;
				TargetAttributes = {
				};
			};
			buildConfigurationList = B0E2D2646553C1594D032CA4 /* Build configuration list for PBXProject "DataAccess" */;
			compatibilityVersion = "Xcode 14.0";
			developmentRegion = en;
			hasScannedForEncodings = 0;
			knownRegions = (
				Base,
				en,
			);
			mainGroup = DE16157333987A9B8F0DE801;
			productRefGroup = 49329CE50D62B48A99040AA3 /* Products */;
			projectDirPath = "";
			projectRoot = "";
			targets = (
				81BC0F9D84C21A4634B24580 /* DataAccess */,
				7DC7D7A5C26ACB33F2C1FFAD /* DataAccessUnitTests */,
			);
		};
/* End PBXProject section */

/* Begin PBXResourcesBuildPhase section */
		0A4B422F1766D52DDB26185A /* Resources */ = {
			isa = PBXResourcesBuildPhase;
			buildActionMask = 2147483647;
			files = (
			);
			runOnlyForDeploymentPostprocessing = 0;
		};
		236CB935E54523CBBB1A80FA /* Resources */ = {
			isa = PBXResourcesBuildPhase;
			buildActionMask = 2147483647;
			files = (
			);
			runOnlyForDeploymentPostprocessing = 0;
		};
/* End PBXResourcesBuildPhase section */

/* Begin PBXSourcesBuildPhase section */
		523A13E6B01D599B8074E4A0 /* Sources */ = {
			isa = PBXSourcesBuildPhase;
			buildActionMask = 2147483647;
			files = (
				7ED4582EE523838AB4AEFFAF /* NetworkKitTests.swift in Sources */,
				3E5FFB80A63D192C0728D89F /* UserDefaultsStorageTests.swift in Sources */,
				67660E1848EB73DDEA39B3C0 /* TestHelpers.swift in Sources */,
			);
			runOnlyForDeploymentPostprocessing = 0;
		};
		C2CA013D42139E6F84FBC2F0 /* Sources */ = {
			isa = PBXSourcesBuildPhase;
			buildActionMask = 2147483647;
			files = (
				DFDE8DCF7B162A57B36960B7 /* HttpHeader.swift in Sources */,
				468E13310C22E56CFDE55FB5 /* HttpMethod.swift in Sources */,
				04D6FFA7348D0588A251544D /* Network.swift in Sources */,
				C7583A0C42F6451D3CB592E2 /* NetworkError.swift in Sources */,
				B44A1D3010848744D0692F0B /* NetworkRequest.swift in Sources */,
				F6085316E58FD9D7BA9AFE19 /* NetworkResponse.swift in Sources */,
				3CA837772EB72223F421CDE0 /* KeychainStorage.swift in Sources */,
				D92883614203722A56FC6496 /* MemoryStorage.swift in Sources */,
				F1E1A3FDEE9E3EB294FA3306 /* PersistentStorage.swift in Sources */,
				0FCEDA5E33EBCEB6E92B350C /* StorableItem.swift in Sources */,
				B57BC5DDA2ADA9888085AD53 /* UserDefaultsStorage.swift in Sources */,
				099AA086BDB1B61069B08AAD /* AccompanimentInstrumentRepository.swift in Sources */,
				6D717DD245D9EF8DCCFBDD1D /* AppRepository.swift in Sources */,
				43AD703D5DF36E5D99045026 /* ChatRepository.swift in Sources */,
				969BD264CE8B60B1308D1FD5 /* CollegeRepository.swift in Sources */,
				0ACB8FACBB6B637D28D1D8FE /* JwtRepository.swift in Sources */,
				FBF2E3D352708AD79748EB10 /* LessonSubjectRepository.swift in Sources */,
				2E2D86128312C64FB5AE9130 /* MajorRepository.swift in Sources */,
				C16DD26A9F0AE63BA7FF9EFC /* RegionRepository.swift in Sources */,
				28684A154C1BC9DE1E124F43 /* ReviewRepository.swift in Sources */,
				9ADB05B2E2C3207B814AD969 /* ServiceRepository.swift in Sources */,
				1BCF5C2E0CE4A71AD016222F /* UmpaNotificationRepository.swift in Sources */,
				FCA54B5827F5462DCB96963F /* UserRepository.swift in Sources */,
				48014E9B474FD897E5237128 /* Constant.swift in Sources */,
				BB02322B02D8021BAECC19A2 /* GetChatRoomRequest.swift in Sources */,
				7CB337F89C418B3F09F251D3 /* GetCollegesRequest.swift in Sources */,
				DA93081FF648EDBD93DCF6BF /* GetMajorsRequest.swift in Sources */,
				E1EEB8F9E84B0D132067C5CF /* GetRegionsRequest.swift in Sources */,
				8346AB61D704B44E3E59A3AA /* GetChatRoomResponse.swift in Sources */,
				01FA22A3C9588F691E65FF37 /* GetCollegesResponse.swift in Sources */,
				993BEB015FAF041B3F999738 /* GetMajorsResponse.swift in Sources */,
				44E8F9EAA49E301C626B8A20 /* GetRegionsResponse.swift in Sources */,
			);
			runOnlyForDeploymentPostprocessing = 0;
		};
/* End PBXSourcesBuildPhase section */

/* Begin PBXTargetDependency section */
		2FE89C605985ECA29197D7CA /* PBXTargetDependency */ = {
			isa = PBXTargetDependency;
			name = DataAccess;
			target = 81BC0F9D84C21A4634B24580 /* DataAccess */;
			targetProxy = 27402BBDD967FFA986929355 /* PBXContainerItemProxy */;
		};
/* End PBXTargetDependency section */

/* Begin XCBuildConfiguration section */
		06DF2F491AB6C74DC5873E09 /* Release */ = {
			isa = XCBuildConfiguration;
			buildSettings = {
				ALWAYS_SEARCH_USER_PATHS = NO;
				CLANG_ANALYZER_LOCALIZABILITY_NONLOCALIZED = YES;
				CLANG_ANALYZER_NONNULL = YES;
				CLANG_ANALYZER_NUMBER_OBJECT_CONVERSION = YES_AGGRESSIVE;
				CLANG_CXX_LANGUAGE_STANDARD = "gnu++14";
				CLANG_CXX_LIBRARY = "libc++";
				CLANG_ENABLE_MODULES = YES;
				CLANG_ENABLE_OBJC_ARC = YES;
				CLANG_ENABLE_OBJC_WEAK = YES;
				CLANG_WARN_BLOCK_CAPTURE_AUTORELEASING = YES;
				CLANG_WARN_BOOL_CONVERSION = YES;
				CLANG_WARN_COMMA = YES;
				CLANG_WARN_CONSTANT_CONVERSION = YES;
				CLANG_WARN_DEPRECATED_OBJC_IMPLEMENTATIONS = YES;
				CLANG_WARN_DIRECT_OBJC_ISA_USAGE = YES_ERROR;
				CLANG_WARN_DOCUMENTATION_COMMENTS = YES;
				CLANG_WARN_EMPTY_BODY = YES;
				CLANG_WARN_ENUM_CONVERSION = YES;
				CLANG_WARN_INFINITE_RECURSION = YES;
				CLANG_WARN_INT_CONVERSION = YES;
				CLANG_WARN_NON_LITERAL_NULL_CONVERSION = YES;
				CLANG_WARN_OBJC_IMPLICIT_RETAIN_SELF = YES;
				CLANG_WARN_OBJC_LITERAL_CONVERSION = YES;
				CLANG_WARN_OBJC_ROOT_CLASS = YES_ERROR;
				CLANG_WARN_QUOTED_INCLUDE_IN_FRAMEWORK_HEADER = YES;
				CLANG_WARN_RANGE_LOOP_ANALYSIS = YES;
				CLANG_WARN_STRICT_PROTOTYPES = YES;
				CLANG_WARN_SUSPICIOUS_MOVE = YES;
				CLANG_WARN_UNGUARDED_AVAILABILITY = YES_AGGRESSIVE;
				CLANG_WARN_UNREACHABLE_CODE = YES;
				CLANG_WARN__DUPLICATE_METHOD_MATCH = YES;
				COPY_PHASE_STRIP = NO;
				DEAD_CODE_STRIPPING = YES;
				DEBUG_INFORMATION_FORMAT = "dwarf-with-dsym";
				ENABLE_NS_ASSERTIONS = NO;
				ENABLE_STRICT_OBJC_MSGSEND = YES;
				GCC_C_LANGUAGE_STANDARD = gnu11;
				GCC_NO_COMMON_BLOCKS = YES;
				GCC_WARN_64_TO_32_BIT_CONVERSION = YES;
				GCC_WARN_ABOUT_RETURN_TYPE = YES_ERROR;
				GCC_WARN_UNDECLARED_SELECTOR = YES;
				GCC_WARN_UNINITIALIZED_AUTOS = YES_AGGRESSIVE;
				GCC_WARN_UNUSED_FUNCTION = YES;
				GCC_WARN_UNUSED_VARIABLE = YES;
				MTL_ENABLE_DEBUG_INFO = NO;
				PRODUCT_NAME = "$(TARGET_NAME)";
				VALIDATE_PRODUCT = YES;
			};
			name = Release;
		};
		1548D94441CC240CCF4B3242 /* Debug */ = {
			isa = XCBuildConfiguration;
			buildSettings = {
				CODE_SIGN_IDENTITY = "iPhone Developer";
				HEADER_SEARCH_PATHS = (
					"$(inherited)",
					"$(inherited)",
					"$(SRCROOT)/../../Tuist/.build/checkouts/swift-syntax/Sources/_SwiftSyntaxCShims/include",
				);
				INFOPLIST_FILE = "Derived/InfoPlists/DataAccessUnitTests-Info.plist";
				IPHONEOS_DEPLOYMENT_TARGET = 17.0;
				LD_RUNPATH_SEARCH_PATHS = (
					"$(inherited)",
					"@executable_path/Frameworks",
					"@loader_path/Frameworks",
				);
				OTHER_CFLAGS = (
					"$(inherited)",
					"-fmodule-map-file=$(SRCROOT)/../../Tuist/.build/checkouts/swift-syntax/Sources/_SwiftSyntaxCShims/include/module.modulemap",
				);
				OTHER_SWIFT_FLAGS = (
					"$(inherited)",
					"-Xcc",
					"-fmodule-map-file=$(SRCROOT)/../../Tuist/.build/checkouts/swift-syntax/Sources/_SwiftSyntaxCShims/include/module.modulemap",
					"-load-plugin-executable",
					"$BUILD_DIR/Debug$EFFECTIVE_PLATFORM_NAME/MockableMacro#MockableMacro",
				);
				PRODUCT_BUNDLE_IDENTIFIER = com.pob.DataAccess.UnitTests;
				PRODUCT_NAME = DataAccessUnitTests;
				SDKROOT = iphoneos;
				SUPPORTS_MACCATALYST = NO;
				SUPPORTS_MAC_DESIGNED_FOR_IPHONE_IPAD = YES;
				SUPPORTS_XR_DESIGNED_FOR_IPHONE_IPAD = NO;
				SWIFT_ACTIVE_COMPILATION_CONDITIONS = (
					"$(inherited)",
					DEBUG,
				);
				SWIFT_COMPILATION_MODE = singlefile;
				SWIFT_OPTIMIZATION_LEVEL = "-Onone";
				SWIFT_VERSION = 5.0;
				TARGETED_DEVICE_FAMILY = "1,2";
			};
			name = Debug;
		};
		262FEFF8C3F38C5CF2FDE3DB /* Debug */ = {
			isa = XCBuildConfiguration;
			buildSettings = {
				ALWAYS_SEARCH_USER_PATHS = NO;
				CLANG_ANALYZER_LOCALIZABILITY_NONLOCALIZED = YES;
				CLANG_ANALYZER_NONNULL = YES;
				CLANG_ANALYZER_NUMBER_OBJECT_CONVERSION = YES_AGGRESSIVE;
				CLANG_CXX_LANGUAGE_STANDARD = "gnu++14";
				CLANG_CXX_LIBRARY = "libc++";
				CLANG_ENABLE_MODULES = YES;
				CLANG_ENABLE_OBJC_ARC = YES;
				CLANG_ENABLE_OBJC_WEAK = YES;
				CLANG_WARN_BLOCK_CAPTURE_AUTORELEASING = YES;
				CLANG_WARN_BOOL_CONVERSION = YES;
				CLANG_WARN_COMMA = YES;
				CLANG_WARN_CONSTANT_CONVERSION = YES;
				CLANG_WARN_DEPRECATED_OBJC_IMPLEMENTATIONS = YES;
				CLANG_WARN_DIRECT_OBJC_ISA_USAGE = YES_ERROR;
				CLANG_WARN_DOCUMENTATION_COMMENTS = YES;
				CLANG_WARN_EMPTY_BODY = YES;
				CLANG_WARN_ENUM_CONVERSION = YES;
				CLANG_WARN_INFINITE_RECURSION = YES;
				CLANG_WARN_INT_CONVERSION = YES;
				CLANG_WARN_NON_LITERAL_NULL_CONVERSION = YES;
				CLANG_WARN_OBJC_IMPLICIT_RETAIN_SELF = YES;
				CLANG_WARN_OBJC_LITERAL_CONVERSION = YES;
				CLANG_WARN_OBJC_ROOT_CLASS = YES_ERROR;
				CLANG_WARN_QUOTED_INCLUDE_IN_FRAMEWORK_HEADER = YES;
				CLANG_WARN_RANGE_LOOP_ANALYSIS = YES;
				CLANG_WARN_STRICT_PROTOTYPES = YES;
				CLANG_WARN_SUSPICIOUS_MOVE = YES;
				CLANG_WARN_UNGUARDED_AVAILABILITY = YES_AGGRESSIVE;
				CLANG_WARN_UNREACHABLE_CODE = YES;
				CLANG_WARN__DUPLICATE_METHOD_MATCH = YES;
				COPY_PHASE_STRIP = NO;
				DEAD_CODE_STRIPPING = YES;
				DEBUG_INFORMATION_FORMAT = dwarf;
				ENABLE_STRICT_OBJC_MSGSEND = YES;
				ENABLE_TESTABILITY = YES;
				GCC_C_LANGUAGE_STANDARD = gnu11;
				GCC_DYNAMIC_NO_PIC = NO;
				GCC_NO_COMMON_BLOCKS = YES;
				GCC_OPTIMIZATION_LEVEL = 0;
				GCC_PREPROCESSOR_DEFINITIONS = (
					"DEBUG=1",
					"$(inherited)",
				);
				GCC_WARN_64_TO_32_BIT_CONVERSION = YES;
				GCC_WARN_ABOUT_RETURN_TYPE = YES_ERROR;
				GCC_WARN_UNDECLARED_SELECTOR = YES;
				GCC_WARN_UNINITIALIZED_AUTOS = YES_AGGRESSIVE;
				GCC_WARN_UNUSED_FUNCTION = YES;
				GCC_WARN_UNUSED_VARIABLE = YES;
				MTL_ENABLE_DEBUG_INFO = YES;
				ONLY_ACTIVE_ARCH = YES;
				PRODUCT_NAME = "$(TARGET_NAME)";
			};
			name = Debug;
		};
		520FFA92B6679E4928715355 /* Debug */ = {
			isa = XCBuildConfiguration;
			buildSettings = {
				CODE_SIGN_IDENTITY = "";
				CURRENT_PROJECT_VERSION = 1;
				DEFINES_MODULE = YES;
				DYLIB_COMPATIBILITY_VERSION = 1;
				DYLIB_CURRENT_VERSION = 1;
				DYLIB_INSTALL_NAME_BASE = "@rpath";
				HEADER_SEARCH_PATHS = (
					"$(inherited)",
					"$(inherited)",
					"$(SRCROOT)/../../Tuist/.build/checkouts/swift-syntax/Sources/_SwiftSyntaxCShims/include",
				);
				INFOPLIST_FILE = "Derived/InfoPlists/DataAccess-Info.plist";
				INSTALL_PATH = "$(LOCAL_LIBRARY_DIR)/Frameworks";
				IPHONEOS_DEPLOYMENT_TARGET = 17.0;
				LD_RUNPATH_SEARCH_PATHS = (
					"$(inherited)",
					"@executable_path/Frameworks",
					"@loader_path/Frameworks",
				);
				MACH_O_TYPE = staticlib;
				OTHER_CFLAGS = (
					"$(inherited)",
					"-fmodule-map-file=$(SRCROOT)/../../Tuist/.build/checkouts/swift-syntax/Sources/_SwiftSyntaxCShims/include/module.modulemap",
				);
				OTHER_SWIFT_FLAGS = (
					"$(inherited)",
					"-Xcc",
					"-fmodule-map-file=$(SRCROOT)/../../Tuist/.build/checkouts/swift-syntax/Sources/_SwiftSyntaxCShims/include/module.modulemap",
					"-load-plugin-executable",
					"$BUILD_DIR/Debug$EFFECTIVE_PLATFORM_NAME/MockableMacro#MockableMacro",
				);
				PRODUCT_BUNDLE_IDENTIFIER = com.pob.DataAccess;
				PRODUCT_NAME = DataAccess;
				SDKROOT = iphoneos;
				SKIP_INSTALL = YES;
				SUPPORTS_MACCATALYST = NO;
				SUPPORTS_MAC_DESIGNED_FOR_IPHONE_IPAD = NO;
				SUPPORTS_XR_DESIGNED_FOR_IPHONE_IPAD = NO;
				SWIFT_ACTIVE_COMPILATION_CONDITIONS = (
					"$(inherited)",
					DEBUG,
				);
				SWIFT_COMPILATION_MODE = singlefile;
				SWIFT_OPTIMIZATION_LEVEL = "-Onone";
				SWIFT_VERSION = 5.0;
				TARGETED_DEVICE_FAMILY = 1;
				VERSIONING_SYSTEM = "apple-generic";
				VERSION_INFO_PREFIX = "";
			};
			name = Debug;
		};
		BE330231642F65E2B974FA89 /* Release */ = {
			isa = XCBuildConfiguration;
			buildSettings = {
				CODE_SIGN_IDENTITY = "";
				CURRENT_PROJECT_VERSION = 1;
				DEFINES_MODULE = YES;
				DYLIB_COMPATIBILITY_VERSION = 1;
				DYLIB_CURRENT_VERSION = 1;
				DYLIB_INSTALL_NAME_BASE = "@rpath";
				HEADER_SEARCH_PATHS = (
					"$(inherited)",
					"$(inherited)",
					"$(SRCROOT)/../../Tuist/.build/checkouts/swift-syntax/Sources/_SwiftSyntaxCShims/include",
				);
				INFOPLIST_FILE = "Derived/InfoPlists/DataAccess-Info.plist";
				INSTALL_PATH = "$(LOCAL_LIBRARY_DIR)/Frameworks";
				IPHONEOS_DEPLOYMENT_TARGET = 17.0;
				LD_RUNPATH_SEARCH_PATHS = (
					"$(inherited)",
					"@executable_path/Frameworks",
					"@loader_path/Frameworks",
				);
				MACH_O_TYPE = staticlib;
				OTHER_CFLAGS = (
					"$(inherited)",
					"-fmodule-map-file=$(SRCROOT)/../../Tuist/.build/checkouts/swift-syntax/Sources/_SwiftSyntaxCShims/include/module.modulemap",
				);
				OTHER_SWIFT_FLAGS = (
					"$(inherited)",
					"-Xcc",
					"-fmodule-map-file=$(SRCROOT)/../../Tuist/.build/checkouts/swift-syntax/Sources/_SwiftSyntaxCShims/include/module.modulemap",
					"-load-plugin-executable",
					"$BUILD_DIR/Debug$EFFECTIVE_PLATFORM_NAME/MockableMacro#MockableMacro",
				);
				PRODUCT_BUNDLE_IDENTIFIER = com.pob.DataAccess;
				PRODUCT_NAME = DataAccess;
				SDKROOT = iphoneos;
				SKIP_INSTALL = YES;
				SUPPORTS_MACCATALYST = NO;
				SUPPORTS_MAC_DESIGNED_FOR_IPHONE_IPAD = NO;
				SUPPORTS_XR_DESIGNED_FOR_IPHONE_IPAD = NO;
				SWIFT_COMPILATION_MODE = wholemodule;
				SWIFT_OPTIMIZATION_LEVEL = "-Owholemodule";
				SWIFT_VERSION = 5.0;
				TARGETED_DEVICE_FAMILY = 1;
				VERSIONING_SYSTEM = "apple-generic";
				VERSION_INFO_PREFIX = "";
			};
			name = Release;
		};
		BEA5909B66757AAE76B25A61 /* Release */ = {
			isa = XCBuildConfiguration;
			buildSettings = {
				CODE_SIGN_IDENTITY = "iPhone Developer";
				HEADER_SEARCH_PATHS = (
					"$(inherited)",
					"$(inherited)",
					"$(SRCROOT)/../../Tuist/.build/checkouts/swift-syntax/Sources/_SwiftSyntaxCShims/include",
				);
				INFOPLIST_FILE = "Derived/InfoPlists/DataAccessUnitTests-Info.plist";
				IPHONEOS_DEPLOYMENT_TARGET = 17.0;
				LD_RUNPATH_SEARCH_PATHS = (
					"$(inherited)",
					"@executable_path/Frameworks",
					"@loader_path/Frameworks",
				);
				OTHER_CFLAGS = (
					"$(inherited)",
					"-fmodule-map-file=$(SRCROOT)/../../Tuist/.build/checkouts/swift-syntax/Sources/_SwiftSyntaxCShims/include/module.modulemap",
				);
				OTHER_SWIFT_FLAGS = (
					"$(inherited)",
					"-Xcc",
					"-fmodule-map-file=$(SRCROOT)/../../Tuist/.build/checkouts/swift-syntax/Sources/_SwiftSyntaxCShims/include/module.modulemap",
					"-load-plugin-executable",
					"$BUILD_DIR/Debug$EFFECTIVE_PLATFORM_NAME/MockableMacro#MockableMacro",
				);
				PRODUCT_BUNDLE_IDENTIFIER = com.pob.DataAccess.UnitTests;
				PRODUCT_NAME = DataAccessUnitTests;
				SDKROOT = iphoneos;
				SUPPORTS_MACCATALYST = NO;
				SUPPORTS_MAC_DESIGNED_FOR_IPHONE_IPAD = YES;
				SUPPORTS_XR_DESIGNED_FOR_IPHONE_IPAD = NO;
				SWIFT_COMPILATION_MODE = wholemodule;
				SWIFT_OPTIMIZATION_LEVEL = "-Owholemodule";
				SWIFT_VERSION = 5.0;
				TARGETED_DEVICE_FAMILY = "1,2";
			};
			name = Release;
		};
/* End XCBuildConfiguration section */

/* Begin XCConfigurationList section */
		18B3E950DC0A8F5233F77FF6 /* Build configuration list for PBXNativeTarget "DataAccess" */ = {
			isa = XCConfigurationList;
			buildConfigurations = (
				520FFA92B6679E4928715355 /* Debug */,
				BE330231642F65E2B974FA89 /* Release */,
			);
			defaultConfigurationIsVisible = 0;
			defaultConfigurationName = Release;
		};
		B0E2D2646553C1594D032CA4 /* Build configuration list for PBXProject "DataAccess" */ = {
			isa = XCConfigurationList;
			buildConfigurations = (
				262FEFF8C3F38C5CF2FDE3DB /* Debug */,
				06DF2F491AB6C74DC5873E09 /* Release */,
			);
			defaultConfigurationIsVisible = 0;
			defaultConfigurationName = Release;
		};
		BDFB8FBE9F750833B1A81D60 /* Build configuration list for PBXNativeTarget "DataAccessUnitTests" */ = {
			isa = XCConfigurationList;
			buildConfigurations = (
				1548D94441CC240CCF4B3242 /* Debug */,
				BEA5909B66757AAE76B25A61 /* Release */,
			);
			defaultConfigurationIsVisible = 0;
			defaultConfigurationName = Release;
		};
/* End XCConfigurationList section */
	};
	rootObject = 65052B300D64842B3F8EC86C /* Project object */;
}
